Microsoft Visual Studio Solution File, Format Version 12.00
# Visual Studio Version 17
VisualStudioVersion = 17.5.2.0
MinimumVisualStudioVersion = 10.0.40219.1
Project("{2150E333-8FDC-42A3-9474-1A3956D46DE8}") = "src", "src", "{827E0CD3-B72D-47B6-A68D-7590B98EB39B}"
EndProject
Project("{FAE04EC0-301F-11D3-BF4B-00C04F79EFBC}") = "Mamey.Inkg.Blazor.Domain", "src\Mamey.Inkg.Blazor.Domain\Mamey.Inkg.Blazor.Domain.csproj", "{9B1A74DA-1750-4C6B-5371-786472E85FB0}"
EndProject
Project("{FAE04EC0-301F-11D3-BF4B-00C04F79EFBC}") = "Mamey.Inkg.Blazor.Core", "src\Mamey.Inkg.Blazor.Core\Mamey.Inkg.Blazor.Core.csproj", "{F56FE351-DCD9-4E75-20E7-6995B0947EB2}"
EndProject
Project("{FAE04EC0-301F-11D3-BF4B-00C04F79EFBC}") = "Mamey.Inkg.Blazor.Infrastructure", "src\Mamey.Inkg.Blazor.Infrastructure\Mamey.Inkg.Blazor.Infrastructure.csproj", "{222315C3-BC37-7C6E-C798-940C68110B4B}"
EndProject
Project("{FAE04EC0-301F-11D3-BF4B-00C04F79EFBC}") = "Mamey.Inkg.Blazor.Abstractions", "src\Mamey.Inkg.Blazor.Abstractions\Mamey.Inkg.Blazor.Abstractions.csproj", "{FAEAE51C-111B-BE6E-02C6-9FD85C4A578B}"
EndProject
Project("{FAE04EC0-301F-11D3-BF4B-00C04F79EFBC}") = "Mamey.Inkg.Blazor.Shared", "src\Mamey.Inkg.Blazor.Shared\Mamey.Inkg.Blazor.Shared.csproj", "{3C58AED2-2CB3-CBBF-0996-09AC07289E0D}"
EndProject
Project("{FAE04EC0-301F-11D3-BF4B-00C04F79EFBC}") = "Mamey.Inkg.Blazor.Application", "src\Mamey.Inkg.Blazor.Application\Mamey.Inkg.Blazor.Application.csproj", "{09711F54-643B-CBA9-9F27-AC063A515983}"
EndProject
Project("{FAE04EC0-301F-11D3-BF4B-00C04F79EFBC}") = "Mamey.Inkg.Blazor.BlazorServer", "src\Mamey.Inkg.Blazor.BlazorServer\Mamey.Inkg.Blazor.BlazorServer.csproj", "{C2E2FFB9-E1FF-BAD5-122A-FDEAC351C6E1}"
EndProject
Global
	GlobalSection(SolutionConfigurationPlatforms) = preSolution
		Debug|Any CPU = Debug|Any CPU
		Release|Any CPU = Release|Any CPU
	EndGlobalSection
	GlobalSection(ProjectConfigurationPlatforms) = postSolution
		{9B1A74DA-1750-4C6B-5371-786472E85FB0}.Debug|Any CPU.ActiveCfg = Debug|Any CPU
		{9B1A74DA-1750-4C6B-5371-786472E85FB0}.Debug|Any CPU.Build.0 = Debug|Any CPU
		{9B1A74DA-1750-4C6B-5371-786472E85FB0}.Release|Any CPU.ActiveCfg = Release|Any CPU
		{9B1A74DA-1750-4C6B-5371-786472E85FB0}.Release|Any CPU.Build.0 = Release|Any CPU
		{F56FE351-DCD9-4E75-20E7-6995B0947EB2}.Debug|Any CPU.ActiveCfg = Debug|Any CPU
		{F56FE351-DCD9-4E75-20E7-6995B0947EB2}.Debug|Any CPU.Build.0 = Debug|Any CPU
		{F56FE351-DCD9-4E75-20E7-6995B0947EB2}.Release|Any CPU.ActiveCfg = Release|Any CPU
		{F56FE351-DCD9-4E75-20E7-6995B0947EB2}.Release|Any CPU.Build.0 = Release|Any CPU
		{222315C3-BC37-7C6E-C798-940C68110B4B}.Debug|Any CPU.ActiveCfg = Debug|Any CPU
		{222315C3-BC37-7C6E-C798-940C68110B4B}.Debug|Any CPU.Build.0 = Debug|Any CPU
		{222315C3-BC37-7C6E-C798-940C68110B4B}.Release|Any CPU.ActiveCfg = Release|Any CPU
		{222315C3-BC37-7C6E-C798-940C68110B4B}.Release|Any CPU.Build.0 = Release|Any CPU
		{FAEAE51C-111B-BE6E-02C6-9FD85C4A578B}.Debug|Any CPU.ActiveCfg = Debug|Any CPU
		{FAEAE51C-111B-BE6E-02C6-9FD85C4A578B}.Debug|Any CPU.Build.0 = Debug|Any CPU
		{FAEAE51C-111B-BE6E-02C6-9FD85C4A578B}.Release|Any CPU.ActiveCfg = Release|Any CPU
		{FAEAE51C-111B-BE6E-02C6-9FD85C4A578B}.Release|Any CPU.Build.0 = Release|Any CPU
		{3C58AED2-2CB3-CBBF-0996-09AC07289E0D}.Debug|Any CPU.ActiveCfg = Debug|Any CPU
		{3C58AED2-2CB3-CBBF-0996-09AC07289E0D}.Debug|Any CPU.Build.0 = Debug|Any CPU
		{3C58AED2-2CB3-CBBF-0996-09AC07289E0D}.Release|Any CPU.ActiveCfg = Release|Any CPU
		{3C58AED2-2CB3-CBBF-0996-09AC07289E0D}.Release|Any CPU.Build.0 = Release|Any CPU
		{09711F54-643B-CBA9-9F27-AC063A515983}.Debug|Any CPU.ActiveCfg = Debug|Any CPU
		{09711F54-643B-CBA9-9F27-AC063A515983}.Debug|Any CPU.Build.0 = Debug|Any CPU
		{09711F54-643B-CBA9-9F27-AC063A515983}.Release|Any CPU.ActiveCfg = Release|Any CPU
		{09711F54-643B-CBA9-9F27-AC063A515983}.Release|Any CPU.Build.0 = Release|Any CPU
		{C2E2FFB9-E1FF-BAD5-122A-FDEAC351C6E1}.Debug|Any CPU.ActiveCfg = Debug|Any CPU
		{C2E2FFB9-E1FF-BAD5-122A-FDEAC351C6E1}.Debug|Any CPU.Build.0 = Debug|Any CPU
		{C2E2FFB9-E1FF-BAD5-122A-FDEAC351C6E1}.Release|Any CPU.ActiveCfg = Release|Any CPU
		{C2E2FFB9-E1FF-BAD5-122A-FDEAC351C6E1}.Release|Any CPU.Build.0 = Release|Any CPU
	EndGlobalSection
	GlobalSection(SolutionProperties) = preSolution
		HideSolutionNode = FALSE
	EndGlobalSection
	GlobalSection(NestedProjects) = preSolution
		{9B1A74DA-1750-4C6B-5371-786472E85FB0} = {827E0CD3-B72D-47B6-A68D-7590B98EB39B}
		{F56FE351-DCD9-4E75-20E7-6995B0947EB2} = {827E0CD3-B72D-47B6-A68D-7590B98EB39B}
		{222315C3-BC37-7C6E-C798-940C68110B4B} = {827E0CD3-B72D-47B6-A68D-7590B98EB39B}
		{FAEAE51C-111B-BE6E-02C6-9FD85C4A578B} = {827E0CD3-B72D-47B6-A68D-7590B98EB39B}
		{3C58AED2-2CB3-CBBF-0996-09AC07289E0D} = {827E0CD3-B72D-47B6-A68D-7590B98EB39B}
		{09711F54-643B-CBA9-9F27-AC063A515983} = {827E0CD3-B72D-47B6-A68D-7590B98EB39B}
		{C2E2FFB9-E1FF-BAD5-122A-FDEAC351C6E1} = {827E0CD3-B72D-47B6-A68D-7590B98EB39B}
	EndGlobalSection
	GlobalSection(ExtensibilityGlobals) = postSolution
		SolutionGuid = {14B88F82-226F-4F2A-90E1-D781B04CEBB9}
	EndGlobalSection
EndGlobal
