
Microsoft Visual Studio Solution File, Format Version 12.00
# Visual Studio Version 17
VisualStudioVersion = 17.0.31903.59
MinimumVisualStudioVersion = 10.0.40219.1
Project("{2150E333-8FDC-42A3-9474-1A3956D46DE8}") = "src", "src", "{9CB078F9-E39F-4517-90FD-CD88E85166D3}"
EndProject
Project("{FAE04EC0-301F-11D3-BF4B-00C04F79EFBC}") = "Mamey.Metrics.Prometheus", "src\Mamey.Metrics.Prometheus\Mamey.Metrics.Prometheus.csproj", "{41C603F3-99D0-40A3-A15E-D713BEE4EB95}"
EndProject
Global
	GlobalSection(SolutionConfigurationPlatforms) = preSolution
		Debug|Any CPU = Debug|Any CPU
		Release|Any CPU = Release|Any CPU
	EndGlobalSection
	GlobalSection(SolutionProperties) = preSolution
		HideSolutionNode = FALSE
	EndGlobalSection
	GlobalSection(ProjectConfigurationPlatforms) = postSolution
		{41C603F3-99D0-40A3-A15E-D713BEE4EB95}.Debug|Any CPU.ActiveCfg = Debug|Any CPU
		{41C603F3-99D0-40A3-A15E-D713BEE4EB95}.Debug|Any CPU.Build.0 = Debug|Any CPU
		{41C603F3-99D0-40A3-A15E-D713BEE4EB95}.Release|Any CPU.ActiveCfg = Release|Any CPU
		{41C603F3-99D0-40A3-A15E-D713BEE4EB95}.Release|Any CPU.Build.0 = Release|Any CPU
	EndGlobalSection
	GlobalSection(NestedProjects) = preSolution
		{41C603F3-99D0-40A3-A15E-D713BEE4EB95} = {9CB078F9-E39F-4517-90FD-CD88E85166D3}
	EndGlobalSection
EndGlobal
