
Microsoft Visual Studio Solution File, Format Version 12.00
# Visual Studio Version 17
VisualStudioVersion = 17.5.002.0
MinimumVisualStudioVersion = 10.0.40219.1
Project("{2150E333-8FDC-42A3-9474-1A3956D46DE8}") = "src", "src", "{8C389E84-EE73-48D4-8626-5FACC9C7F159}"
EndProject
Project("{9A19103F-16F7-4668-BE54-9A1E7A4F7556}") = "INKG.CitizenPortal.ApiGataway", "src\INKG.CitizenPortal.ApiGataway\INKG.CitizenPortal.ApiGataway.csproj", "{B533EB0D-0FBC-49CD-A8DC-6592B219E7DD}"
EndProject
Global
	GlobalSection(SolutionConfigurationPlatforms) = preSolution
		Debug|Any CPU = Debug|Any CPU
		Release|Any CPU = Release|Any CPU
	EndGlobalSection
	GlobalSection(ProjectConfigurationPlatforms) = postSolution
		{B533EB0D-0FBC-49CD-A8DC-6592B219E7DD}.Debug|Any CPU.ActiveCfg = Debug|Any CPU
		{B533EB0D-0FBC-49CD-A8DC-6592B219E7DD}.Debug|Any CPU.Build.0 = Debug|Any CPU
		{B533EB0D-0FBC-49CD-A8DC-6592B219E7DD}.Release|Any CPU.ActiveCfg = Release|Any CPU
		{B533EB0D-0FBC-49CD-A8DC-6592B219E7DD}.Release|Any CPU.Build.0 = Release|Any CPU
	EndGlobalSection
	GlobalSection(SolutionProperties) = preSolution
		HideSolutionNode = FALSE
	EndGlobalSection
	GlobalSection(NestedProjects) = preSolution
		{B533EB0D-0FBC-49CD-A8DC-6592B219E7DD} = {8C389E84-EE73-48D4-8626-5FACC9C7F159}
	EndGlobalSection
	GlobalSection(ExtensibilityGlobals) = postSolution
		SolutionGuid = {B62B5803-912A-4B2A-9F36-B4DA7E0B041E}
	EndGlobalSection
EndGlobal
