
Microsoft Visual Studio Solution File, Format Version 12.00
# Visual Studio Version 17
VisualStudioVersion = 17.0.31903.59
MinimumVisualStudioVersion = 10.0.40219.1
Project("{2150E333-8FDC-42A3-9474-1A3956D46DE8}") = "src", "src", "{A1AED1E1-D2DB-46BF-9F6C-55B4F550A1D4}"
EndProject
Project("{FAE04EC0-301F-11D3-BF4B-00C04F79EFBC}") = "Mamey.Net", "src\Mamey.Net\Mamey.Net.csproj", "{0CA29EBF-FDD2-488C-AB44-18C1C80173A6}"
EndProject
Global
	GlobalSection(SolutionConfigurationPlatforms) = preSolution
		Debug|Any CPU = Debug|Any CPU
		Release|Any CPU = Release|Any CPU
	EndGlobalSection
	GlobalSection(SolutionProperties) = preSolution
		HideSolutionNode = FALSE
	EndGlobalSection
	GlobalSection(ProjectConfigurationPlatforms) = postSolution
		{0CA29EBF-FDD2-488C-AB44-18C1C80173A6}.Debug|Any CPU.ActiveCfg = Debug|Any CPU
		{0CA29EBF-FDD2-488C-AB44-18C1C80173A6}.Debug|Any CPU.Build.0 = Debug|Any CPU
		{0CA29EBF-FDD2-488C-AB44-18C1C80173A6}.Release|Any CPU.ActiveCfg = Release|Any CPU
		{0CA29EBF-FDD2-488C-AB44-18C1C80173A6}.Release|Any CPU.Build.0 = Release|Any CPU
	EndGlobalSection
	GlobalSection(NestedProjects) = preSolution
		{0CA29EBF-FDD2-488C-AB44-18C1C80173A6} = {A1AED1E1-D2DB-46BF-9F6C-55B4F550A1D4}
	EndGlobalSection
EndGlobal
