
Microsoft Visual Studio Solution File, Format Version 12.00
# Visual Studio Version 17
VisualStudioVersion = 17.0.31903.59
MinimumVisualStudioVersion = 10.0.40219.1
Project("{2150E333-8FDC-42A3-9474-1A3956D46DE8}") = "src", "src", "{EB672C0F-BD52-4E98-9FEE-12680D0E3432}"
EndProject
Project("{FAE04EC0-301F-11D3-BF4B-00C04F79EFBC}") = "Mamey.Persistence.SQL", "src\Mamey.Persistence.SQL\Mamey.Persistence.SQL.csproj", "{DA3A0A0F-DA82-4A33-BA77-E598DF737A5B}"
EndProject
Global
	GlobalSection(SolutionConfigurationPlatforms) = preSolution
		Debug|Any CPU = Debug|Any CPU
		Release|Any CPU = Release|Any CPU
	EndGlobalSection
	GlobalSection(SolutionProperties) = preSolution
		HideSolutionNode = FALSE
	EndGlobalSection
	GlobalSection(ProjectConfigurationPlatforms) = postSolution
		{DA3A0A0F-DA82-4A33-BA77-E598DF737A5B}.Debug|Any CPU.ActiveCfg = Debug|Any CPU
		{DA3A0A0F-DA82-4A33-BA77-E598DF737A5B}.Debug|Any CPU.Build.0 = Debug|Any CPU
		{DA3A0A0F-DA82-4A33-BA77-E598DF737A5B}.Release|Any CPU.ActiveCfg = Release|Any CPU
		{DA3A0A0F-DA82-4A33-BA77-E598DF737A5B}.Release|Any CPU.Build.0 = Release|Any CPU
	EndGlobalSection
	GlobalSection(NestedProjects) = preSolution
		{DA3A0A0F-DA82-4A33-BA77-E598DF737A5B} = {EB672C0F-BD52-4E98-9FEE-12680D0E3432}
	EndGlobalSection
EndGlobal
