
Microsoft Visual Studio Solution File, Format Version 12.00
# Visual Studio Version 17
VisualStudioVersion = 17.0.31903.59
MinimumVisualStudioVersion = 10.0.40219.1
Project("{2150E333-8FDC-42A3-9474-1A3956D46DE8}") = "src", "src", "{3345812A-FB5C-473E-9A6E-30D5857A5829}"
EndProject
Project("{FAE04EC0-301F-11D3-BF4B-00C04F79EFBC}") = "Mamey.Mifos", "src\Mamey.Mifos\Mamey.Mifos.csproj", "{781BCBDF-CD1A-4CDD-A56E-C3DD66A3EE23}"
EndProject
Global
	GlobalSection(SolutionConfigurationPlatforms) = preSolution
		Debug|Any CPU = Debug|Any CPU
		Release|Any CPU = Release|Any CPU
	EndGlobalSection
	GlobalSection(SolutionProperties) = preSolution
		HideSolutionNode = FALSE
	EndGlobalSection
	GlobalSection(ProjectConfigurationPlatforms) = postSolution
		{781BCBDF-CD1A-4CDD-A56E-C3DD66A3EE23}.Debug|Any CPU.ActiveCfg = Debug|Any CPU
		{781BCBDF-CD1A-4CDD-A56E-C3DD66A3EE23}.Debug|Any CPU.Build.0 = Debug|Any CPU
		{781BCBDF-CD1A-4CDD-A56E-C3DD66A3EE23}.Release|Any CPU.ActiveCfg = Release|Any CPU
		{781BCBDF-CD1A-4CDD-A56E-C3DD66A3EE23}.Release|Any CPU.Build.0 = Release|Any CPU
	EndGlobalSection
	GlobalSection(NestedProjects) = preSolution
		{781BCBDF-CD1A-4CDD-A56E-C3DD66A3EE23} = {3345812A-FB5C-473E-9A6E-30D5857A5829}
	EndGlobalSection
EndGlobal
