Microsoft Visual Studio Solution File, Format Version 12.00
# Visual Studio Version 17
Project("{FAE04EC0-301F-11D3-BF4B-00C04F79EFBC}") = "BioMetrics.API", "BioMetrics.API\BioMetrics.API.csproj", "{AABBCCDD-1122-3344-5566-778899AABBCC}"
EndProject
Project("{FAE04EC0-301F-11D3-BF4B-00C04F79EFBC}") = "BioMetrics.Core", "BioMetrics.Core\BioMetrics.Core.csproj", "{BBCCDDEE-2233-4455-6677-8899AABBCCDD}"
EndProject
Project("{FAE04EC0-301F-11D3-BF4B-00C04F79EFBC}") = "BioMetrics.Infrastructure", "BioMetrics.Infrastructure\BioMetrics.Infrastructure.csproj", "{CCDDEEFF-3344-5566-7788-99AABBCCDDEE}"
EndProject
Global
	GlobalSection(SolutionConfigurationPlatforms) = preSolution
		Debug|Any CPU = Debug|Any CPU
		Release|Any CPU = Release|Any CPU
	EndGlobalSection
EndGlobal
