Microsoft Visual Studio Solution File, Format Version 12.00
# Visual Studio Version 17
VisualStudioVersion = 17.0.31903.59
MinimumVisualStudioVersion = 10.0.40219.1
Project("{2150E333-8FDC-42A3-9474-1A3956D46DE8}") = "src", "src", "{0263D7D5-5654-4143-BCB3-6901815D9F48}"
EndProject
Project("{FAE04EC0-301F-11D3-BF4B-00C04F79EFBC}") = "Mamey.Identity.Jwt", "src\Mamey.Identity.Jwt\Mamey.Identity.Jwt.csproj", "{82ED0A47-F9D5-41FB-B999-0267377398E3}"
EndProject
Project("{2150E333-8FDC-42A3-9474-1A3956D46DE8}") = "Libraries", "Libraries", "{22971706-C713-472C-B790-3FCC6FF7A559}"
EndProject
Project("{FAE04EC0-301F-11D3-BF4B-00C04F79EFBC}") = "Mamey", "..\Mamey\src\Mamey\Mamey.csproj", "{9F277B92-C547-4C5E-9A1F-912F3A7BD3CA}"
EndProject
Project("{FAE04EC0-301F-11D3-BF4B-00C04F79EFBC}") = "Mamey.Identity.Core", "..\Mamey.Identity.Core\src\Mamey.Identity.Core\Mamey.Identity.Core.csproj", "{690CABAC-7052-41FF-A739-1CA9FC87EBAF}"
EndProject
Global
	GlobalSection(SolutionConfigurationPlatforms) = preSolution
		Debug|Any CPU = Debug|Any CPU
		Release|Any CPU = Release|Any CPU
	EndGlobalSection
	GlobalSection(SolutionProperties) = preSolution
		HideSolutionNode = FALSE
	EndGlobalSection
	GlobalSection(ProjectConfigurationPlatforms) = postSolution
		{82ED0A47-F9D5-41FB-B999-0267377398E3}.Debug|Any CPU.ActiveCfg = Debug|Any CPU
		{82ED0A47-F9D5-41FB-B999-0267377398E3}.Debug|Any CPU.Build.0 = Debug|Any CPU
		{82ED0A47-F9D5-41FB-B999-0267377398E3}.Release|Any CPU.ActiveCfg = Release|Any CPU
		{82ED0A47-F9D5-41FB-B999-0267377398E3}.Release|Any CPU.Build.0 = Release|Any CPU
		{9F277B92-C547-4C5E-9A1F-912F3A7BD3CA}.Debug|Any CPU.ActiveCfg = Debug|Any CPU
		{9F277B92-C547-4C5E-9A1F-912F3A7BD3CA}.Debug|Any CPU.Build.0 = Debug|Any CPU
		{9F277B92-C547-4C5E-9A1F-912F3A7BD3CA}.Release|Any CPU.ActiveCfg = Release|Any CPU
		{9F277B92-C547-4C5E-9A1F-912F3A7BD3CA}.Release|Any CPU.Build.0 = Release|Any CPU
		{690CABAC-7052-41FF-A739-1CA9FC87EBAF}.Debug|Any CPU.ActiveCfg = Debug|Any CPU
		{690CABAC-7052-41FF-A739-1CA9FC87EBAF}.Debug|Any CPU.Build.0 = Debug|Any CPU
		{690CABAC-7052-41FF-A739-1CA9FC87EBAF}.Release|Any CPU.ActiveCfg = Release|Any CPU
		{690CABAC-7052-41FF-A739-1CA9FC87EBAF}.Release|Any CPU.Build.0 = Release|Any CPU
	EndGlobalSection
	GlobalSection(NestedProjects) = postSolution
		{82ED0A47-F9D5-41FB-B999-0267377398E3} = {0263D7D5-5654-4143-BCB3-6901815D9F48}
		{9F277B92-C547-4C5E-9A1F-912F3A7BD3CA} = {22971706-C713-472C-B790-3FCC6FF7A559}
		{690CABAC-7052-41FF-A739-1CA9FC87EBAF} = {22971706-C713-472C-B790-3FCC6FF7A559}
	EndGlobalSection
EndGlobal
