
Microsoft Visual Studio Solution File, Format Version 12.00
# Visual Studio Version 17
VisualStudioVersion = 17.0.31903.59
MinimumVisualStudioVersion = 10.0.40219.1
Project("{2150E333-8FDC-42A3-9474-1A3956D46DE8}") = "src", "src", "{BFE8B66F-F0A4-4DFD-9C50-6043746B4999}"
EndProject
Project("{FAE04EC0-301F-11D3-BF4B-00C04F79EFBC}") = "MameyNode.Portals.Infrastructure", "src\MameyNode.Portals.Infrastructure\MameyNode.Portals.Infrastructure.csproj", "{7FC2263C-8D4B-4CDE-865F-DFAF6C04BE27}"
EndProject
Project("{FAE04EC0-301F-11D3-BF4B-00C04F79EFBC}") = "MameyNode.Portals.Banking", "src\MameyNode.Portals.Banking\MameyNode.Portals.Banking.csproj", "{97EF9DE4-0E63-426F-AC8C-123A76DAE154}"
EndProject
Project("{FAE04EC0-301F-11D3-BF4B-00C04F79EFBC}") = "MameyNode.Portals.General", "src\MameyNode.Portals.General\MameyNode.Portals.General.csproj", "{2D57C1F5-EBDF-49FC-BD5B-C185BED6C691}"
EndProject
Project("{FAE04EC0-301F-11D3-BF4B-00C04F79EFBC}") = "MameyNode.Portals.Mocks", "src\MameyNode.Portals.Mocks\MameyNode.Portals.Mocks.csproj", "{7D8BC3F5-4F27-4713-AB9D-8EA787335700}"
EndProject
Project("{FAE04EC0-301F-11D3-BF4B-00C04F79EFBC}") = "MameyNode.Portals.AccountAbstraction", "src\MameyNode.Portals.AccountAbstraction\MameyNode.Portals.AccountAbstraction.csproj", "{ECDF404D-872F-46FF-8791-643053E56739}"
EndProject
Project("{FAE04EC0-301F-11D3-BF4B-00C04F79EFBC}") = "MameyNode.Portals.Shared", "src\MameyNode.Portals.Shared\MameyNode.Portals.Shared.csproj", "{7E94620E-814C-4E73-BD45-07BD37B072F5}"
EndProject
Project("{FAE04EC0-301F-11D3-BF4B-00C04F79EFBC}") = "Mamey.BlazorWasm", "..\Mamey\src\Mamey.BlazorWasm\src\Mamey.BlazorWasm\Mamey.BlazorWasm.csproj", "{DDE10D10-6F11-4D4B-9A73-4D35D28CBA17}"
EndProject
Project("{FAE04EC0-301F-11D3-BF4B-00C04F79EFBC}") = "Mamey.Http", "..\Mamey\src\Mamey.Http\src\Mamey.Http\Mamey.Http.csproj", "{273F75AA-3113-4F94-8EB7-AD44A9B6EA5D}"
EndProject
Project("{FAE04EC0-301F-11D3-BF4B-00C04F79EFBC}") = "Mamey", "..\Mamey\src\Mamey\src\Mamey\Mamey.csproj", "{ECEBFC37-0FD7-4963-ADB1-33BD16958E17}"
EndProject
Project("{FAE04EC0-301F-11D3-BF4B-00C04F79EFBC}") = "Mamey.Auth.Identity", "..\Mamey\src\Mamey.Auth.Identity\src\Mamey.Auth.Identity\Mamey.Auth.Identity.csproj", "{EDA94528-A1E8-4E4F-8051-8175213B82F6}"
EndProject
Project("{FAE04EC0-301F-11D3-BF4B-00C04F79EFBC}") = "Mamey.Persistence.PostgreSQL", "..\Mamey\src\Mamey.Persistence.PostgreSQL\src\Mamey.Persistence.PostgreSQL\Mamey.Persistence.PostgreSQL.csproj", "{E6E55E59-8B36-491A-B049-D0587921A7D1}"
EndProject
Project("{FAE04EC0-301F-11D3-BF4B-00C04F79EFBC}") = "Mamey.Net", "..\Mamey\src\Mamey.Net\src\Mamey.Net\Mamey.Net.csproj", "{53891C3C-B8B3-43FF-92E8-E7B430390AFA}"
EndProject
Project("{FAE04EC0-301F-11D3-BF4B-00C04F79EFBC}") = "Mamey.CQRS.Events", "..\Mamey\src\Mamey.CQRS.Events\src\Mamey.CQRS.Events\Mamey.CQRS.Events.csproj", "{C9C9D9F5-7FFD-4B42-A631-EEBEE67CB9EF}"
EndProject
Project("{FAE04EC0-301F-11D3-BF4B-00C04F79EFBC}") = "Mamey.Persistence.SQL", "..\Mamey\src\Mamey.Persistence.SQL\src\Mamey.Persistence.SQL\Mamey.Persistence.SQL.csproj", "{63CEA702-A024-49D5-B1F7-7C0FAF4E17A3}"
EndProject
Project("{FAE04EC0-301F-11D3-BF4B-00C04F79EFBC}") = "Mamey.CQRS.Commands", "..\Mamey\src\Mamey.CQRS.Commands\src\Mamey.CQRS.Commands\Mamey.CQRS.Commands.csproj", "{1A275F4B-6ACC-493E-BDD1-6EEE2CA7C091}"
EndProject
Project("{FAE04EC0-301F-11D3-BF4B-00C04F79EFBC}") = "Mamey.CQRS.Queries", "..\Mamey\src\Mamey.CQRS.Queries\src\Mamey.CQRS.Queries\Mamey.CQRS.Queries.csproj", "{9F8FE8C2-70BE-4308-9671-70DD3B6AD0DA}"
EndProject
Project("{FAE04EC0-301F-11D3-BF4B-00C04F79EFBC}") = "Mamey.Persistence.Redis", "..\Mamey\src\Mamey.Persistence.Redis\src\Mamey.Persistence.Redis\Mamey.Persistence.Redis.csproj", "{144731AB-2589-4489-AC40-E0BF5643810C}"
EndProject
Project("{FAE04EC0-301F-11D3-BF4B-00C04F79EFBC}") = "Mamey.Blazor.Abstractions", "..\Mamey\src\Mamey.Blazor.Abstractions\src\Mamey.Blazor.Abstractions\Mamey.Blazor.Abstractions.csproj", "{15D817C1-6292-421E-9A74-F7A7470F8F8A}"
EndProject
Project("{FAE04EC0-301F-11D3-BF4B-00C04F79EFBC}") = "Mamey.ISO3166", "..\Mamey\src\Mamey.ISO.ISO3166\src\Mamey.ISO3166\Mamey.ISO3166.csproj", "{341B8B21-6FDC-4295-89B5-AAEA06C7C73E}"
EndProject
Project("{FAE04EC0-301F-11D3-BF4B-00C04F79EFBC}") = "Mamey.ISO.Abstractions", "..\Mamey\src\Mamey.ISO.Abstractions\src\Mamey.ISO.Abstractions\Mamey.ISO.Abstractions.csproj", "{B6C3AF64-F174-4279-8005-6C93981D5B93}"
EndProject
Project("{FAE04EC0-301F-11D3-BF4B-00C04F79EFBC}") = "MameyNode.Portals.Advanced", "src\MameyNode.Portals.Advanced\MameyNode.Portals.Advanced.csproj", "{5272FBE2-53B0-4A2E-A15A-56829B19657A}"
EndProject
Project("{FAE04EC0-301F-11D3-BF4B-00C04F79EFBC}") = "MameyNode.Portals.Bridge", "src\MameyNode.Portals.Bridge\MameyNode.Portals.Bridge.csproj", "{4E0869F8-1429-4D0B-B976-8FEFD12F30C6}"
EndProject
Project("{FAE04EC0-301F-11D3-BF4B-00C04F79EFBC}") = "MameyNode.Portals.Callbacks", "src\MameyNode.Portals.Callbacks\MameyNode.Portals.Callbacks.csproj", "{F763F568-28C2-4BFB-88AA-8F8F67B85911}"
EndProject
Project("{FAE04EC0-301F-11D3-BF4B-00C04F79EFBC}") = "MameyNode.Portals.Channels", "src\MameyNode.Portals.Channels\MameyNode.Portals.Channels.csproj", "{CCFECA35-80A3-43E2-BE31-46119362DD6E}"
EndProject
Project("{FAE04EC0-301F-11D3-BF4B-00C04F79EFBC}") = "MameyNode.Portals.Compliance", "src\MameyNode.Portals.Compliance\MameyNode.Portals.Compliance.csproj", "{0409EB37-E421-4B17-8603-C83A64E6FDD0}"
EndProject
Project("{FAE04EC0-301F-11D3-BF4B-00C04F79EFBC}") = "MameyNode.Portals.CryptoExchange", "src\MameyNode.Portals.CryptoExchange\MameyNode.Portals.CryptoExchange.csproj", "{437CB0AF-C790-4CFF-9F0A-105CDBC9F7AD}"
EndProject
Project("{FAE04EC0-301F-11D3-BF4B-00C04F79EFBC}") = "MameyNode.Portals.Dex", "src\MameyNode.Portals.Dex\MameyNode.Portals.Dex.csproj", "{A3FD5F1B-26D0-4DC5-923A-70D760C59428}"
EndProject
Project("{FAE04EC0-301F-11D3-BF4B-00C04F79EFBC}") = "MameyNode.Portals.ILP", "src\MameyNode.Portals.ILP\MameyNode.Portals.ILP.csproj", "{F8A7CB0A-3A2C-48DF-8803-06349B24D66B}"
EndProject
Project("{FAE04EC0-301F-11D3-BF4B-00C04F79EFBC}") = "MameyNode.Portals.LedgerIntegration", "src\MameyNode.Portals.LedgerIntegration\MameyNode.Portals.LedgerIntegration.csproj", "{3B775264-0201-416D-A50B-23F15E08F3E8}"
EndProject
Project("{FAE04EC0-301F-11D3-BF4B-00C04F79EFBC}") = "MameyNode.Portals.Lending", "src\MameyNode.Portals.Lending\MameyNode.Portals.Lending.csproj", "{EC3FEC7F-2716-4967-99B0-0306C80FF781}"
EndProject
Project("{FAE04EC0-301F-11D3-BF4B-00C04F79EFBC}") = "MameyNode.Portals.Metrics", "src\MameyNode.Portals.Metrics\MameyNode.Portals.Metrics.csproj", "{A5AEADF6-0155-4F50-B7F8-04ADC8414A4B}"
EndProject
Project("{FAE04EC0-301F-11D3-BF4B-00C04F79EFBC}") = "MameyNode.Portals.Node", "src\MameyNode.Portals.Node\MameyNode.Portals.Node.csproj", "{5A7131E9-CD7E-4B5B-995E-235E33AA15CE}"
EndProject
Project("{FAE04EC0-301F-11D3-BF4B-00C04F79EFBC}") = "MameyNode.Portals.ODL", "src\MameyNode.Portals.ODL\MameyNode.Portals.ODL.csproj", "{4F72DBB3-94D8-4E3A-9C64-2BD78BDF9343}"
EndProject
Project("{FAE04EC0-301F-11D3-BF4B-00C04F79EFBC}") = "MameyNode.Portals.Pathfinding", "src\MameyNode.Portals.Pathfinding\MameyNode.Portals.Pathfinding.csproj", "{3B825E50-C5D1-4C4B-A4DA-2BF10B56FBB8}"
EndProject
Project("{FAE04EC0-301F-11D3-BF4B-00C04F79EFBC}") = "MameyNode.Portals.Payments", "src\MameyNode.Portals.Payments\MameyNode.Portals.Payments.csproj", "{E0DA6FF0-C3D7-450A-959D-B8412B1174FD}"
EndProject
Project("{FAE04EC0-301F-11D3-BF4B-00C04F79EFBC}") = "MameyNode.Portals.Programmable", "src\MameyNode.Portals.Programmable\MameyNode.Portals.Programmable.csproj", "{888DF52C-1004-4DB3-944C-57F893FB7238}"
EndProject
Project("{FAE04EC0-301F-11D3-BF4B-00C04F79EFBC}") = "MameyNode.Portals.RBAC", "src\MameyNode.Portals.RBAC\MameyNode.Portals.RBAC.csproj", "{B0B819C3-9DD6-4819-90CF-4563D74F297E}"
EndProject
Project("{FAE04EC0-301F-11D3-BF4B-00C04F79EFBC}") = "MameyNode.Portals.Sharding", "src\MameyNode.Portals.Sharding\MameyNode.Portals.Sharding.csproj", "{FF623B56-D17E-4B3F-B078-6CCA97DF6CA4}"
EndProject
Project("{FAE04EC0-301F-11D3-BF4B-00C04F79EFBC}") = "MameyNode.Portals.TravelRule", "src\MameyNode.Portals.TravelRule\MameyNode.Portals.TravelRule.csproj", "{8EE328D5-A654-4CC9-8FAB-30E83C74596F}"
EndProject
Project("{FAE04EC0-301F-11D3-BF4B-00C04F79EFBC}") = "MameyNode.Portals.TrustLines", "src\MameyNode.Portals.TrustLines\MameyNode.Portals.TrustLines.csproj", "{D1D15E06-ED8F-4791-A5AD-5B5780910AFA}"
EndProject
Project("{FAE04EC0-301F-11D3-BF4B-00C04F79EFBC}") = "MameyNode.Portals.UPG", "src\MameyNode.Portals.UPG\MameyNode.Portals.UPG.csproj", "{DAC2C3F3-9C86-4263-A24A-2DAA4C05FB17}"
EndProject
Project("{FAE04EC0-301F-11D3-BF4B-00C04F79EFBC}") = "MameyNode.Portals.SmartContracts", "src\MameyNode.Portals.SmartContracts\MameyNode.Portals.SmartContracts.csproj", "{325FE267-3E90-4DCE-B729-A2CCD1BBBBF6}"
EndProject
Project("{2150E333-8FDC-42A3-9474-1A3956D46DE8}") = "tests", "tests", "{0AB3BF05-4346-4AA6-1389-037BE0695223}"
EndProject
Project("{FAE04EC0-301F-11D3-BF4B-00C04F79EFBC}") = "MameyNode.Portals.AccountAbstraction.Tests", "tests\MameyNode.Portals.AccountAbstraction.Tests\MameyNode.Portals.AccountAbstraction.Tests.csproj", "{0FBAAC7A-2DE2-4ECB-8F6A-DE09B6A5162D}"
EndProject
Project("{FAE04EC0-301F-11D3-BF4B-00C04F79EFBC}") = "MameyNode.Portals.Bridge.Tests", "tests\MameyNode.Portals.Bridge.Tests\MameyNode.Portals.Bridge.Tests.csproj", "{9852D972-BBC7-42E1-A9FE-C07A3A9B17C1}"
EndProject
Project("{FAE04EC0-301F-11D3-BF4B-00C04F79EFBC}") = "MameyNode.Portals.CryptoExchange.Tests", "tests\MameyNode.Portals.CryptoExchange.Tests\MameyNode.Portals.CryptoExchange.Tests.csproj", "{A4474036-0DBA-45BE-80D5-F17901E89DAA}"
EndProject
Project("{FAE04EC0-301F-11D3-BF4B-00C04F79EFBC}") = "MameyNode.Portals.Dex.Tests", "tests\MameyNode.Portals.Dex.Tests\MameyNode.Portals.Dex.Tests.csproj", "{951F2E5F-D1DE-43A4-981E-8329A6764BC4}"
EndProject
Project("{FAE04EC0-301F-11D3-BF4B-00C04F79EFBC}") = "MameyNode.Portals.ILP.Tests", "tests\MameyNode.Portals.ILP.Tests\MameyNode.Portals.ILP.Tests.csproj", "{DC601A8D-A4CB-4A03-8618-8AAACE935489}"
EndProject
Project("{FAE04EC0-301F-11D3-BF4B-00C04F79EFBC}") = "MameyNode.Portals.Lending.Tests", "tests\MameyNode.Portals.Lending.Tests\MameyNode.Portals.Lending.Tests.csproj", "{B4C53B13-94E8-4114-B0C7-27472A6EDE50}"
EndProject
Project("{FAE04EC0-301F-11D3-BF4B-00C04F79EFBC}") = "MameyNode.Portals.ODL.Tests", "tests\MameyNode.Portals.ODL.Tests\MameyNode.Portals.ODL.Tests.csproj", "{A02C364E-0322-4405-B230-080F1DC7F13C}"
EndProject
Project("{FAE04EC0-301F-11D3-BF4B-00C04F79EFBC}") = "MameyNode.Portals.Pathfinding.Tests", "tests\MameyNode.Portals.Pathfinding.Tests\MameyNode.Portals.Pathfinding.Tests.csproj", "{7CB2A80F-0F3B-4F3D-ADC0-9534DEB6EA0D}"
EndProject
Project("{FAE04EC0-301F-11D3-BF4B-00C04F79EFBC}") = "MameyNode.Portals.Payments.Tests", "tests\MameyNode.Portals.Payments.Tests\MameyNode.Portals.Payments.Tests.csproj", "{13D38C58-C655-4E99-BA10-A6D1D3E9073C}"
EndProject
Project("{FAE04EC0-301F-11D3-BF4B-00C04F79EFBC}") = "MameyNode.Portals.Shared.Tests", "tests\MameyNode.Portals.Shared.Tests\MameyNode.Portals.Shared.Tests.csproj", "{4C5CEF1A-8F86-4C63-8A45-063F5E646FC1}"
EndProject
Project("{FAE04EC0-301F-11D3-BF4B-00C04F79EFBC}") = "MameyNode.Portals.SmartContracts.Tests", "tests\MameyNode.Portals.SmartContracts.Tests\MameyNode.Portals.SmartContracts.Tests.csproj", "{88BF66F5-34DC-4538-B995-C95C7A33AE8D}"
EndProject
Project("{FAE04EC0-301F-11D3-BF4B-00C04F79EFBC}") = "MameyNode.Portals.TravelRule.Tests", "tests\MameyNode.Portals.TravelRule.Tests\MameyNode.Portals.TravelRule.Tests.csproj", "{5450F1FE-1C0D-4D53-80DB-07BFE1225719}"
EndProject
Project("{FAE04EC0-301F-11D3-BF4B-00C04F79EFBC}") = "MameyNode.Portals.Advanced.Tests", "tests\MameyNode.Portals.Advanced.Tests\MameyNode.Portals.Advanced.Tests.csproj", "{C285CF4A-36DA-4F13-8A04-1A7B3528EE42}"
EndProject
Project("{FAE04EC0-301F-11D3-BF4B-00C04F79EFBC}") = "MameyNode.Portals.Callbacks.Tests", "tests\MameyNode.Portals.Callbacks.Tests\MameyNode.Portals.Callbacks.Tests.csproj", "{DE7F571B-7A01-49E9-B85B-71E68A55A6C5}"
EndProject
Project("{FAE04EC0-301F-11D3-BF4B-00C04F79EFBC}") = "MameyNode.Portals.Channels.Tests", "tests\MameyNode.Portals.Channels.Tests\MameyNode.Portals.Channels.Tests.csproj", "{EF436421-16AC-4C20-A884-EDFAED65AD3B}"
EndProject
Project("{FAE04EC0-301F-11D3-BF4B-00C04F79EFBC}") = "MameyNode.Portals.Compliance.Tests", "tests\MameyNode.Portals.Compliance.Tests\MameyNode.Portals.Compliance.Tests.csproj", "{91691600-E7E3-4829-9A79-3CFE7866D0E8}"
EndProject
Project("{FAE04EC0-301F-11D3-BF4B-00C04F79EFBC}") = "MameyNode.Portals.LedgerIntegration.Tests", "tests\MameyNode.Portals.LedgerIntegration.Tests\MameyNode.Portals.LedgerIntegration.Tests.csproj", "{4D0E9A2E-A8A6-4A8E-9E4D-33DA9A5EC466}"
EndProject
Project("{FAE04EC0-301F-11D3-BF4B-00C04F79EFBC}") = "MameyNode.Portals.Metrics.Tests", "tests\MameyNode.Portals.Metrics.Tests\MameyNode.Portals.Metrics.Tests.csproj", "{BF19A5BA-513D-4D1E-A7B0-672C211064FE}"
EndProject
Project("{FAE04EC0-301F-11D3-BF4B-00C04F79EFBC}") = "MameyNode.Portals.Node.Tests", "tests\MameyNode.Portals.Node.Tests\MameyNode.Portals.Node.Tests.csproj", "{29B7C0E2-7D47-43CD-9217-879CB3B8C6B6}"
EndProject
Project("{FAE04EC0-301F-11D3-BF4B-00C04F79EFBC}") = "MameyNode.Portals.Programmable.Tests", "tests\MameyNode.Portals.Programmable.Tests\MameyNode.Portals.Programmable.Tests.csproj", "{7763DCF8-1969-4129-B89A-B7DFF6B0FB5E}"
EndProject
Project("{FAE04EC0-301F-11D3-BF4B-00C04F79EFBC}") = "MameyNode.Portals.RBAC.Tests", "tests\MameyNode.Portals.RBAC.Tests\MameyNode.Portals.RBAC.Tests.csproj", "{F76DDF62-E817-4A0F-B939-9217A7D059B3}"
EndProject
Project("{FAE04EC0-301F-11D3-BF4B-00C04F79EFBC}") = "MameyNode.Portals.Sharding.Tests", "tests\MameyNode.Portals.Sharding.Tests\MameyNode.Portals.Sharding.Tests.csproj", "{749F5C68-D073-40C0-B80A-A1CC3C407294}"
EndProject
Project("{FAE04EC0-301F-11D3-BF4B-00C04F79EFBC}") = "MameyNode.Portals.TrustLines.Tests", "tests\MameyNode.Portals.TrustLines.Tests\MameyNode.Portals.TrustLines.Tests.csproj", "{4150683D-987C-4150-A214-4F550FF7EBA4}"
EndProject
Project("{FAE04EC0-301F-11D3-BF4B-00C04F79EFBC}") = "MameyNode.Portals.UPG.Tests", "tests\MameyNode.Portals.UPG.Tests\MameyNode.Portals.UPG.Tests.csproj", "{E3986207-C23B-4459-B915-02C0FA13877D}"
EndProject
Project("{FAE04EC0-301F-11D3-BF4B-00C04F79EFBC}") = "MameyNode.Portals.Webhooks.Tests", "tests\MameyNode.Portals.Webhooks.Tests\MameyNode.Portals.Webhooks.Tests.csproj", "{666C5B65-9F88-4E92-9986-3B058181D1DB}"
EndProject
Project("{FAE04EC0-301F-11D3-BF4B-00C04F79EFBC}") = "MameyNode.Portals.Web", "src\MameyNode.Portals.Web\MameyNode.Portals.Web.csproj", "{A3F28E3F-61A6-4260-B1C4-D1029ED2DA7B}"
EndProject
Global
	GlobalSection(SolutionConfigurationPlatforms) = preSolution
		Debug|Any CPU = Debug|Any CPU
		Debug|x64 = Debug|x64
		Debug|x86 = Debug|x86
		Release|Any CPU = Release|Any CPU
		Release|x64 = Release|x64
		Release|x86 = Release|x86
	EndGlobalSection
	GlobalSection(ProjectConfigurationPlatforms) = postSolution
		{7FC2263C-8D4B-4CDE-865F-DFAF6C04BE27}.Debug|Any CPU.ActiveCfg = Debug|Any CPU
		{7FC2263C-8D4B-4CDE-865F-DFAF6C04BE27}.Debug|Any CPU.Build.0 = Debug|Any CPU
		{7FC2263C-8D4B-4CDE-865F-DFAF6C04BE27}.Debug|x64.ActiveCfg = Debug|Any CPU
		{7FC2263C-8D4B-4CDE-865F-DFAF6C04BE27}.Debug|x64.Build.0 = Debug|Any CPU
		{7FC2263C-8D4B-4CDE-865F-DFAF6C04BE27}.Debug|x86.ActiveCfg = Debug|Any CPU
		{7FC2263C-8D4B-4CDE-865F-DFAF6C04BE27}.Debug|x86.Build.0 = Debug|Any CPU
		{7FC2263C-8D4B-4CDE-865F-DFAF6C04BE27}.Release|Any CPU.ActiveCfg = Release|Any CPU
		{7FC2263C-8D4B-4CDE-865F-DFAF6C04BE27}.Release|Any CPU.Build.0 = Release|Any CPU
		{7FC2263C-8D4B-4CDE-865F-DFAF6C04BE27}.Release|x64.ActiveCfg = Release|Any CPU
		{7FC2263C-8D4B-4CDE-865F-DFAF6C04BE27}.Release|x64.Build.0 = Release|Any CPU
		{7FC2263C-8D4B-4CDE-865F-DFAF6C04BE27}.Release|x86.ActiveCfg = Release|Any CPU
		{7FC2263C-8D4B-4CDE-865F-DFAF6C04BE27}.Release|x86.Build.0 = Release|Any CPU
		{97EF9DE4-0E63-426F-AC8C-123A76DAE154}.Debug|Any CPU.ActiveCfg = Debug|Any CPU
		{97EF9DE4-0E63-426F-AC8C-123A76DAE154}.Debug|Any CPU.Build.0 = Debug|Any CPU
		{97EF9DE4-0E63-426F-AC8C-123A76DAE154}.Debug|x64.ActiveCfg = Debug|Any CPU
		{97EF9DE4-0E63-426F-AC8C-123A76DAE154}.Debug|x64.Build.0 = Debug|Any CPU
		{97EF9DE4-0E63-426F-AC8C-123A76DAE154}.Debug|x86.ActiveCfg = Debug|Any CPU
		{97EF9DE4-0E63-426F-AC8C-123A76DAE154}.Debug|x86.Build.0 = Debug|Any CPU
		{97EF9DE4-0E63-426F-AC8C-123A76DAE154}.Release|Any CPU.ActiveCfg = Release|Any CPU
		{97EF9DE4-0E63-426F-AC8C-123A76DAE154}.Release|Any CPU.Build.0 = Release|Any CPU
		{97EF9DE4-0E63-426F-AC8C-123A76DAE154}.Release|x64.ActiveCfg = Release|Any CPU
		{97EF9DE4-0E63-426F-AC8C-123A76DAE154}.Release|x64.Build.0 = Release|Any CPU
		{97EF9DE4-0E63-426F-AC8C-123A76DAE154}.Release|x86.ActiveCfg = Release|Any CPU
		{97EF9DE4-0E63-426F-AC8C-123A76DAE154}.Release|x86.Build.0 = Release|Any CPU
		{2D57C1F5-EBDF-49FC-BD5B-C185BED6C691}.Debug|Any CPU.ActiveCfg = Debug|Any CPU
		{2D57C1F5-EBDF-49FC-BD5B-C185BED6C691}.Debug|Any CPU.Build.0 = Debug|Any CPU
		{2D57C1F5-EBDF-49FC-BD5B-C185BED6C691}.Debug|x64.ActiveCfg = Debug|Any CPU
		{2D57C1F5-EBDF-49FC-BD5B-C185BED6C691}.Debug|x64.Build.0 = Debug|Any CPU
		{2D57C1F5-EBDF-49FC-BD5B-C185BED6C691}.Debug|x86.ActiveCfg = Debug|Any CPU
		{2D57C1F5-EBDF-49FC-BD5B-C185BED6C691}.Debug|x86.Build.0 = Debug|Any CPU
		{2D57C1F5-EBDF-49FC-BD5B-C185BED6C691}.Release|Any CPU.ActiveCfg = Release|Any CPU
		{2D57C1F5-EBDF-49FC-BD5B-C185BED6C691}.Release|Any CPU.Build.0 = Release|Any CPU
		{2D57C1F5-EBDF-49FC-BD5B-C185BED6C691}.Release|x64.ActiveCfg = Release|Any CPU
		{2D57C1F5-EBDF-49FC-BD5B-C185BED6C691}.Release|x64.Build.0 = Release|Any CPU
		{2D57C1F5-EBDF-49FC-BD5B-C185BED6C691}.Release|x86.ActiveCfg = Release|Any CPU
		{2D57C1F5-EBDF-49FC-BD5B-C185BED6C691}.Release|x86.Build.0 = Release|Any CPU
		{7D8BC3F5-4F27-4713-AB9D-8EA787335700}.Debug|Any CPU.ActiveCfg = Debug|Any CPU
		{7D8BC3F5-4F27-4713-AB9D-8EA787335700}.Debug|Any CPU.Build.0 = Debug|Any CPU
		{7D8BC3F5-4F27-4713-AB9D-8EA787335700}.Debug|x64.ActiveCfg = Debug|Any CPU
		{7D8BC3F5-4F27-4713-AB9D-8EA787335700}.Debug|x64.Build.0 = Debug|Any CPU
		{7D8BC3F5-4F27-4713-AB9D-8EA787335700}.Debug|x86.ActiveCfg = Debug|Any CPU
		{7D8BC3F5-4F27-4713-AB9D-8EA787335700}.Debug|x86.Build.0 = Debug|Any CPU
		{7D8BC3F5-4F27-4713-AB9D-8EA787335700}.Release|Any CPU.ActiveCfg = Release|Any CPU
		{7D8BC3F5-4F27-4713-AB9D-8EA787335700}.Release|Any CPU.Build.0 = Release|Any CPU
		{7D8BC3F5-4F27-4713-AB9D-8EA787335700}.Release|x64.ActiveCfg = Release|Any CPU
		{7D8BC3F5-4F27-4713-AB9D-8EA787335700}.Release|x64.Build.0 = Release|Any CPU
		{7D8BC3F5-4F27-4713-AB9D-8EA787335700}.Release|x86.ActiveCfg = Release|Any CPU
		{7D8BC3F5-4F27-4713-AB9D-8EA787335700}.Release|x86.Build.0 = Release|Any CPU
		{ECDF404D-872F-46FF-8791-643053E56739}.Debug|Any CPU.ActiveCfg = Debug|Any CPU
		{ECDF404D-872F-46FF-8791-643053E56739}.Debug|Any CPU.Build.0 = Debug|Any CPU
		{ECDF404D-872F-46FF-8791-643053E56739}.Debug|x64.ActiveCfg = Debug|Any CPU
		{ECDF404D-872F-46FF-8791-643053E56739}.Debug|x64.Build.0 = Debug|Any CPU
		{ECDF404D-872F-46FF-8791-643053E56739}.Debug|x86.ActiveCfg = Debug|Any CPU
		{ECDF404D-872F-46FF-8791-643053E56739}.Debug|x86.Build.0 = Debug|Any CPU
		{ECDF404D-872F-46FF-8791-643053E56739}.Release|Any CPU.ActiveCfg = Release|Any CPU
		{ECDF404D-872F-46FF-8791-643053E56739}.Release|Any CPU.Build.0 = Release|Any CPU
		{ECDF404D-872F-46FF-8791-643053E56739}.Release|x64.ActiveCfg = Release|Any CPU
		{ECDF404D-872F-46FF-8791-643053E56739}.Release|x64.Build.0 = Release|Any CPU
		{ECDF404D-872F-46FF-8791-643053E56739}.Release|x86.ActiveCfg = Release|Any CPU
		{ECDF404D-872F-46FF-8791-643053E56739}.Release|x86.Build.0 = Release|Any CPU
		{7E94620E-814C-4E73-BD45-07BD37B072F5}.Debug|Any CPU.ActiveCfg = Debug|Any CPU
		{7E94620E-814C-4E73-BD45-07BD37B072F5}.Debug|Any CPU.Build.0 = Debug|Any CPU
		{7E94620E-814C-4E73-BD45-07BD37B072F5}.Debug|x64.ActiveCfg = Debug|Any CPU
		{7E94620E-814C-4E73-BD45-07BD37B072F5}.Debug|x64.Build.0 = Debug|Any CPU
		{7E94620E-814C-4E73-BD45-07BD37B072F5}.Debug|x86.ActiveCfg = Debug|Any CPU
		{7E94620E-814C-4E73-BD45-07BD37B072F5}.Debug|x86.Build.0 = Debug|Any CPU
		{7E94620E-814C-4E73-BD45-07BD37B072F5}.Release|Any CPU.ActiveCfg = Release|Any CPU
		{7E94620E-814C-4E73-BD45-07BD37B072F5}.Release|Any CPU.Build.0 = Release|Any CPU
		{7E94620E-814C-4E73-BD45-07BD37B072F5}.Release|x64.ActiveCfg = Release|Any CPU
		{7E94620E-814C-4E73-BD45-07BD37B072F5}.Release|x64.Build.0 = Release|Any CPU
		{7E94620E-814C-4E73-BD45-07BD37B072F5}.Release|x86.ActiveCfg = Release|Any CPU
		{7E94620E-814C-4E73-BD45-07BD37B072F5}.Release|x86.Build.0 = Release|Any CPU
		{DDE10D10-6F11-4D4B-9A73-4D35D28CBA17}.Debug|Any CPU.ActiveCfg = Debug|Any CPU
		{DDE10D10-6F11-4D4B-9A73-4D35D28CBA17}.Debug|Any CPU.Build.0 = Debug|Any CPU
		{DDE10D10-6F11-4D4B-9A73-4D35D28CBA17}.Debug|x64.ActiveCfg = Debug|Any CPU
		{DDE10D10-6F11-4D4B-9A73-4D35D28CBA17}.Debug|x64.Build.0 = Debug|Any CPU
		{DDE10D10-6F11-4D4B-9A73-4D35D28CBA17}.Debug|x86.ActiveCfg = Debug|Any CPU
		{DDE10D10-6F11-4D4B-9A73-4D35D28CBA17}.Debug|x86.Build.0 = Debug|Any CPU
		{DDE10D10-6F11-4D4B-9A73-4D35D28CBA17}.Release|Any CPU.ActiveCfg = Release|Any CPU
		{DDE10D10-6F11-4D4B-9A73-4D35D28CBA17}.Release|Any CPU.Build.0 = Release|Any CPU
		{DDE10D10-6F11-4D4B-9A73-4D35D28CBA17}.Release|x64.ActiveCfg = Release|Any CPU
		{DDE10D10-6F11-4D4B-9A73-4D35D28CBA17}.Release|x64.Build.0 = Release|Any CPU
		{DDE10D10-6F11-4D4B-9A73-4D35D28CBA17}.Release|x86.ActiveCfg = Release|Any CPU
		{DDE10D10-6F11-4D4B-9A73-4D35D28CBA17}.Release|x86.Build.0 = Release|Any CPU
		{273F75AA-3113-4F94-8EB7-AD44A9B6EA5D}.Debug|Any CPU.ActiveCfg = Debug|Any CPU
		{273F75AA-3113-4F94-8EB7-AD44A9B6EA5D}.Debug|Any CPU.Build.0 = Debug|Any CPU
		{273F75AA-3113-4F94-8EB7-AD44A9B6EA5D}.Debug|x64.ActiveCfg = Debug|Any CPU
		{273F75AA-3113-4F94-8EB7-AD44A9B6EA5D}.Debug|x64.Build.0 = Debug|Any CPU
		{273F75AA-3113-4F94-8EB7-AD44A9B6EA5D}.Debug|x86.ActiveCfg = Debug|Any CPU
		{273F75AA-3113-4F94-8EB7-AD44A9B6EA5D}.Debug|x86.Build.0 = Debug|Any CPU
		{273F75AA-3113-4F94-8EB7-AD44A9B6EA5D}.Release|Any CPU.ActiveCfg = Release|Any CPU
		{273F75AA-3113-4F94-8EB7-AD44A9B6EA5D}.Release|Any CPU.Build.0 = Release|Any CPU
		{273F75AA-3113-4F94-8EB7-AD44A9B6EA5D}.Release|x64.ActiveCfg = Release|Any CPU
		{273F75AA-3113-4F94-8EB7-AD44A9B6EA5D}.Release|x64.Build.0 = Release|Any CPU
		{273F75AA-3113-4F94-8EB7-AD44A9B6EA5D}.Release|x86.ActiveCfg = Release|Any CPU
		{273F75AA-3113-4F94-8EB7-AD44A9B6EA5D}.Release|x86.Build.0 = Release|Any CPU
		{ECEBFC37-0FD7-4963-ADB1-33BD16958E17}.Debug|Any CPU.ActiveCfg = Debug|Any CPU
		{ECEBFC37-0FD7-4963-ADB1-33BD16958E17}.Debug|Any CPU.Build.0 = Debug|Any CPU
		{ECEBFC37-0FD7-4963-ADB1-33BD16958E17}.Debug|x64.ActiveCfg = Debug|Any CPU
		{ECEBFC37-0FD7-4963-ADB1-33BD16958E17}.Debug|x64.Build.0 = Debug|Any CPU
		{ECEBFC37-0FD7-4963-ADB1-33BD16958E17}.Debug|x86.ActiveCfg = Debug|Any CPU
		{ECEBFC37-0FD7-4963-ADB1-33BD16958E17}.Debug|x86.Build.0 = Debug|Any CPU
		{ECEBFC37-0FD7-4963-ADB1-33BD16958E17}.Release|Any CPU.ActiveCfg = Release|Any CPU
		{ECEBFC37-0FD7-4963-ADB1-33BD16958E17}.Release|Any CPU.Build.0 = Release|Any CPU
		{ECEBFC37-0FD7-4963-ADB1-33BD16958E17}.Release|x64.ActiveCfg = Release|Any CPU
		{ECEBFC37-0FD7-4963-ADB1-33BD16958E17}.Release|x64.Build.0 = Release|Any CPU
		{ECEBFC37-0FD7-4963-ADB1-33BD16958E17}.Release|x86.ActiveCfg = Release|Any CPU
		{ECEBFC37-0FD7-4963-ADB1-33BD16958E17}.Release|x86.Build.0 = Release|Any CPU
		{EDA94528-A1E8-4E4F-8051-8175213B82F6}.Debug|Any CPU.ActiveCfg = Debug|Any CPU
		{EDA94528-A1E8-4E4F-8051-8175213B82F6}.Debug|Any CPU.Build.0 = Debug|Any CPU
		{EDA94528-A1E8-4E4F-8051-8175213B82F6}.Debug|x64.ActiveCfg = Debug|Any CPU
		{EDA94528-A1E8-4E4F-8051-8175213B82F6}.Debug|x64.Build.0 = Debug|Any CPU
		{EDA94528-A1E8-4E4F-8051-8175213B82F6}.Debug|x86.ActiveCfg = Debug|Any CPU
		{EDA94528-A1E8-4E4F-8051-8175213B82F6}.Debug|x86.Build.0 = Debug|Any CPU
		{EDA94528-A1E8-4E4F-8051-8175213B82F6}.Release|Any CPU.ActiveCfg = Release|Any CPU
		{EDA94528-A1E8-4E4F-8051-8175213B82F6}.Release|Any CPU.Build.0 = Release|Any CPU
		{EDA94528-A1E8-4E4F-8051-8175213B82F6}.Release|x64.ActiveCfg = Release|Any CPU
		{EDA94528-A1E8-4E4F-8051-8175213B82F6}.Release|x64.Build.0 = Release|Any CPU
		{EDA94528-A1E8-4E4F-8051-8175213B82F6}.Release|x86.ActiveCfg = Release|Any CPU
		{EDA94528-A1E8-4E4F-8051-8175213B82F6}.Release|x86.Build.0 = Release|Any CPU
		{E6E55E59-8B36-491A-B049-D0587921A7D1}.Debug|Any CPU.ActiveCfg = Debug|Any CPU
		{E6E55E59-8B36-491A-B049-D0587921A7D1}.Debug|Any CPU.Build.0 = Debug|Any CPU
		{E6E55E59-8B36-491A-B049-D0587921A7D1}.Debug|x64.ActiveCfg = Debug|Any CPU
		{E6E55E59-8B36-491A-B049-D0587921A7D1}.Debug|x64.Build.0 = Debug|Any CPU
		{E6E55E59-8B36-491A-B049-D0587921A7D1}.Debug|x86.ActiveCfg = Debug|Any CPU
		{E6E55E59-8B36-491A-B049-D0587921A7D1}.Debug|x86.Build.0 = Debug|Any CPU
		{E6E55E59-8B36-491A-B049-D0587921A7D1}.Release|Any CPU.ActiveCfg = Release|Any CPU
		{E6E55E59-8B36-491A-B049-D0587921A7D1}.Release|Any CPU.Build.0 = Release|Any CPU
		{E6E55E59-8B36-491A-B049-D0587921A7D1}.Release|x64.ActiveCfg = Release|Any CPU
		{E6E55E59-8B36-491A-B049-D0587921A7D1}.Release|x64.Build.0 = Release|Any CPU
		{E6E55E59-8B36-491A-B049-D0587921A7D1}.Release|x86.ActiveCfg = Release|Any CPU
		{E6E55E59-8B36-491A-B049-D0587921A7D1}.Release|x86.Build.0 = Release|Any CPU
		{53891C3C-B8B3-43FF-92E8-E7B430390AFA}.Debug|Any CPU.ActiveCfg = Debug|Any CPU
		{53891C3C-B8B3-43FF-92E8-E7B430390AFA}.Debug|Any CPU.Build.0 = Debug|Any CPU
		{53891C3C-B8B3-43FF-92E8-E7B430390AFA}.Debug|x64.ActiveCfg = Debug|Any CPU
		{53891C3C-B8B3-43FF-92E8-E7B430390AFA}.Debug|x64.Build.0 = Debug|Any CPU
		{53891C3C-B8B3-43FF-92E8-E7B430390AFA}.Debug|x86.ActiveCfg = Debug|Any CPU
		{53891C3C-B8B3-43FF-92E8-E7B430390AFA}.Debug|x86.Build.0 = Debug|Any CPU
		{53891C3C-B8B3-43FF-92E8-E7B430390AFA}.Release|Any CPU.ActiveCfg = Release|Any CPU
		{53891C3C-B8B3-43FF-92E8-E7B430390AFA}.Release|Any CPU.Build.0 = Release|Any CPU
		{53891C3C-B8B3-43FF-92E8-E7B430390AFA}.Release|x64.ActiveCfg = Release|Any CPU
		{53891C3C-B8B3-43FF-92E8-E7B430390AFA}.Release|x64.Build.0 = Release|Any CPU
		{53891C3C-B8B3-43FF-92E8-E7B430390AFA}.Release|x86.ActiveCfg = Release|Any CPU
		{53891C3C-B8B3-43FF-92E8-E7B430390AFA}.Release|x86.Build.0 = Release|Any CPU
		{C9C9D9F5-7FFD-4B42-A631-EEBEE67CB9EF}.Debug|Any CPU.ActiveCfg = Debug|Any CPU
		{C9C9D9F5-7FFD-4B42-A631-EEBEE67CB9EF}.Debug|Any CPU.Build.0 = Debug|Any CPU
		{C9C9D9F5-7FFD-4B42-A631-EEBEE67CB9EF}.Debug|x64.ActiveCfg = Debug|Any CPU
		{C9C9D9F5-7FFD-4B42-A631-EEBEE67CB9EF}.Debug|x64.Build.0 = Debug|Any CPU
		{C9C9D9F5-7FFD-4B42-A631-EEBEE67CB9EF}.Debug|x86.ActiveCfg = Debug|Any CPU
		{C9C9D9F5-7FFD-4B42-A631-EEBEE67CB9EF}.Debug|x86.Build.0 = Debug|Any CPU
		{C9C9D9F5-7FFD-4B42-A631-EEBEE67CB9EF}.Release|Any CPU.ActiveCfg = Release|Any CPU
		{C9C9D9F5-7FFD-4B42-A631-EEBEE67CB9EF}.Release|Any CPU.Build.0 = Release|Any CPU
		{C9C9D9F5-7FFD-4B42-A631-EEBEE67CB9EF}.Release|x64.ActiveCfg = Release|Any CPU
		{C9C9D9F5-7FFD-4B42-A631-EEBEE67CB9EF}.Release|x64.Build.0 = Release|Any CPU
		{C9C9D9F5-7FFD-4B42-A631-EEBEE67CB9EF}.Release|x86.ActiveCfg = Release|Any CPU
		{C9C9D9F5-7FFD-4B42-A631-EEBEE67CB9EF}.Release|x86.Build.0 = Release|Any CPU
		{63CEA702-A024-49D5-B1F7-7C0FAF4E17A3}.Debug|Any CPU.ActiveCfg = Debug|Any CPU
		{63CEA702-A024-49D5-B1F7-7C0FAF4E17A3}.Debug|Any CPU.Build.0 = Debug|Any CPU
		{63CEA702-A024-49D5-B1F7-7C0FAF4E17A3}.Debug|x64.ActiveCfg = Debug|Any CPU
		{63CEA702-A024-49D5-B1F7-7C0FAF4E17A3}.Debug|x64.Build.0 = Debug|Any CPU
		{63CEA702-A024-49D5-B1F7-7C0FAF4E17A3}.Debug|x86.ActiveCfg = Debug|Any CPU
		{63CEA702-A024-49D5-B1F7-7C0FAF4E17A3}.Debug|x86.Build.0 = Debug|Any CPU
		{63CEA702-A024-49D5-B1F7-7C0FAF4E17A3}.Release|Any CPU.ActiveCfg = Release|Any CPU
		{63CEA702-A024-49D5-B1F7-7C0FAF4E17A3}.Release|Any CPU.Build.0 = Release|Any CPU
		{63CEA702-A024-49D5-B1F7-7C0FAF4E17A3}.Release|x64.ActiveCfg = Release|Any CPU
		{63CEA702-A024-49D5-B1F7-7C0FAF4E17A3}.Release|x64.Build.0 = Release|Any CPU
		{63CEA702-A024-49D5-B1F7-7C0FAF4E17A3}.Release|x86.ActiveCfg = Release|Any CPU
		{63CEA702-A024-49D5-B1F7-7C0FAF4E17A3}.Release|x86.Build.0 = Release|Any CPU
		{1A275F4B-6ACC-493E-BDD1-6EEE2CA7C091}.Debug|Any CPU.ActiveCfg = Debug|Any CPU
		{1A275F4B-6ACC-493E-BDD1-6EEE2CA7C091}.Debug|Any CPU.Build.0 = Debug|Any CPU
		{1A275F4B-6ACC-493E-BDD1-6EEE2CA7C091}.Debug|x64.ActiveCfg = Debug|Any CPU
		{1A275F4B-6ACC-493E-BDD1-6EEE2CA7C091}.Debug|x64.Build.0 = Debug|Any CPU
		{1A275F4B-6ACC-493E-BDD1-6EEE2CA7C091}.Debug|x86.ActiveCfg = Debug|Any CPU
		{1A275F4B-6ACC-493E-BDD1-6EEE2CA7C091}.Debug|x86.Build.0 = Debug|Any CPU
		{1A275F4B-6ACC-493E-BDD1-6EEE2CA7C091}.Release|Any CPU.ActiveCfg = Release|Any CPU
		{1A275F4B-6ACC-493E-BDD1-6EEE2CA7C091}.Release|Any CPU.Build.0 = Release|Any CPU
		{1A275F4B-6ACC-493E-BDD1-6EEE2CA7C091}.Release|x64.ActiveCfg = Release|Any CPU
		{1A275F4B-6ACC-493E-BDD1-6EEE2CA7C091}.Release|x64.Build.0 = Release|Any CPU
		{1A275F4B-6ACC-493E-BDD1-6EEE2CA7C091}.Release|x86.ActiveCfg = Release|Any CPU
		{1A275F4B-6ACC-493E-BDD1-6EEE2CA7C091}.Release|x86.Build.0 = Release|Any CPU
		{9F8FE8C2-70BE-4308-9671-70DD3B6AD0DA}.Debug|Any CPU.ActiveCfg = Debug|Any CPU
		{9F8FE8C2-70BE-4308-9671-70DD3B6AD0DA}.Debug|Any CPU.Build.0 = Debug|Any CPU
		{9F8FE8C2-70BE-4308-9671-70DD3B6AD0DA}.Debug|x64.ActiveCfg = Debug|Any CPU
		{9F8FE8C2-70BE-4308-9671-70DD3B6AD0DA}.Debug|x64.Build.0 = Debug|Any CPU
		{9F8FE8C2-70BE-4308-9671-70DD3B6AD0DA}.Debug|x86.ActiveCfg = Debug|Any CPU
		{9F8FE8C2-70BE-4308-9671-70DD3B6AD0DA}.Debug|x86.Build.0 = Debug|Any CPU
		{9F8FE8C2-70BE-4308-9671-70DD3B6AD0DA}.Release|Any CPU.ActiveCfg = Release|Any CPU
		{9F8FE8C2-70BE-4308-9671-70DD3B6AD0DA}.Release|Any CPU.Build.0 = Release|Any CPU
		{9F8FE8C2-70BE-4308-9671-70DD3B6AD0DA}.Release|x64.ActiveCfg = Release|Any CPU
		{9F8FE8C2-70BE-4308-9671-70DD3B6AD0DA}.Release|x64.Build.0 = Release|Any CPU
		{9F8FE8C2-70BE-4308-9671-70DD3B6AD0DA}.Release|x86.ActiveCfg = Release|Any CPU
		{9F8FE8C2-70BE-4308-9671-70DD3B6AD0DA}.Release|x86.Build.0 = Release|Any CPU
		{144731AB-2589-4489-AC40-E0BF5643810C}.Debug|Any CPU.ActiveCfg = Debug|Any CPU
		{144731AB-2589-4489-AC40-E0BF5643810C}.Debug|Any CPU.Build.0 = Debug|Any CPU
		{144731AB-2589-4489-AC40-E0BF5643810C}.Debug|x64.ActiveCfg = Debug|Any CPU
		{144731AB-2589-4489-AC40-E0BF5643810C}.Debug|x64.Build.0 = Debug|Any CPU
		{144731AB-2589-4489-AC40-E0BF5643810C}.Debug|x86.ActiveCfg = Debug|Any CPU
		{144731AB-2589-4489-AC40-E0BF5643810C}.Debug|x86.Build.0 = Debug|Any CPU
		{144731AB-2589-4489-AC40-E0BF5643810C}.Release|Any CPU.ActiveCfg = Release|Any CPU
		{144731AB-2589-4489-AC40-E0BF5643810C}.Release|Any CPU.Build.0 = Release|Any CPU
		{144731AB-2589-4489-AC40-E0BF5643810C}.Release|x64.ActiveCfg = Release|Any CPU
		{144731AB-2589-4489-AC40-E0BF5643810C}.Release|x64.Build.0 = Release|Any CPU
		{144731AB-2589-4489-AC40-E0BF5643810C}.Release|x86.ActiveCfg = Release|Any CPU
		{144731AB-2589-4489-AC40-E0BF5643810C}.Release|x86.Build.0 = Release|Any CPU
		{15D817C1-6292-421E-9A74-F7A7470F8F8A}.Debug|Any CPU.ActiveCfg = Debug|Any CPU
		{15D817C1-6292-421E-9A74-F7A7470F8F8A}.Debug|Any CPU.Build.0 = Debug|Any CPU
		{15D817C1-6292-421E-9A74-F7A7470F8F8A}.Debug|x64.ActiveCfg = Debug|Any CPU
		{15D817C1-6292-421E-9A74-F7A7470F8F8A}.Debug|x64.Build.0 = Debug|Any CPU
		{15D817C1-6292-421E-9A74-F7A7470F8F8A}.Debug|x86.ActiveCfg = Debug|Any CPU
		{15D817C1-6292-421E-9A74-F7A7470F8F8A}.Debug|x86.Build.0 = Debug|Any CPU
		{15D817C1-6292-421E-9A74-F7A7470F8F8A}.Release|Any CPU.ActiveCfg = Release|Any CPU
		{15D817C1-6292-421E-9A74-F7A7470F8F8A}.Release|Any CPU.Build.0 = Release|Any CPU
		{15D817C1-6292-421E-9A74-F7A7470F8F8A}.Release|x64.ActiveCfg = Release|Any CPU
		{15D817C1-6292-421E-9A74-F7A7470F8F8A}.Release|x64.Build.0 = Release|Any CPU
		{15D817C1-6292-421E-9A74-F7A7470F8F8A}.Release|x86.ActiveCfg = Release|Any CPU
		{15D817C1-6292-421E-9A74-F7A7470F8F8A}.Release|x86.Build.0 = Release|Any CPU
		{341B8B21-6FDC-4295-89B5-AAEA06C7C73E}.Debug|Any CPU.ActiveCfg = Debug|Any CPU
		{341B8B21-6FDC-4295-89B5-AAEA06C7C73E}.Debug|Any CPU.Build.0 = Debug|Any CPU
		{341B8B21-6FDC-4295-89B5-AAEA06C7C73E}.Debug|x64.ActiveCfg = Debug|Any CPU
		{341B8B21-6FDC-4295-89B5-AAEA06C7C73E}.Debug|x64.Build.0 = Debug|Any CPU
		{341B8B21-6FDC-4295-89B5-AAEA06C7C73E}.Debug|x86.ActiveCfg = Debug|Any CPU
		{341B8B21-6FDC-4295-89B5-AAEA06C7C73E}.Debug|x86.Build.0 = Debug|Any CPU
		{341B8B21-6FDC-4295-89B5-AAEA06C7C73E}.Release|Any CPU.ActiveCfg = Release|Any CPU
		{341B8B21-6FDC-4295-89B5-AAEA06C7C73E}.Release|Any CPU.Build.0 = Release|Any CPU
		{341B8B21-6FDC-4295-89B5-AAEA06C7C73E}.Release|x64.ActiveCfg = Release|Any CPU
		{341B8B21-6FDC-4295-89B5-AAEA06C7C73E}.Release|x64.Build.0 = Release|Any CPU
		{341B8B21-6FDC-4295-89B5-AAEA06C7C73E}.Release|x86.ActiveCfg = Release|Any CPU
		{341B8B21-6FDC-4295-89B5-AAEA06C7C73E}.Release|x86.Build.0 = Release|Any CPU
		{B6C3AF64-F174-4279-8005-6C93981D5B93}.Debug|Any CPU.ActiveCfg = Debug|Any CPU
		{B6C3AF64-F174-4279-8005-6C93981D5B93}.Debug|Any CPU.Build.0 = Debug|Any CPU
		{B6C3AF64-F174-4279-8005-6C93981D5B93}.Debug|x64.ActiveCfg = Debug|Any CPU
		{B6C3AF64-F174-4279-8005-6C93981D5B93}.Debug|x64.Build.0 = Debug|Any CPU
		{B6C3AF64-F174-4279-8005-6C93981D5B93}.Debug|x86.ActiveCfg = Debug|Any CPU
		{B6C3AF64-F174-4279-8005-6C93981D5B93}.Debug|x86.Build.0 = Debug|Any CPU
		{B6C3AF64-F174-4279-8005-6C93981D5B93}.Release|Any CPU.ActiveCfg = Release|Any CPU
		{B6C3AF64-F174-4279-8005-6C93981D5B93}.Release|Any CPU.Build.0 = Release|Any CPU
		{B6C3AF64-F174-4279-8005-6C93981D5B93}.Release|x64.ActiveCfg = Release|Any CPU
		{B6C3AF64-F174-4279-8005-6C93981D5B93}.Release|x64.Build.0 = Release|Any CPU
		{B6C3AF64-F174-4279-8005-6C93981D5B93}.Release|x86.ActiveCfg = Release|Any CPU
		{B6C3AF64-F174-4279-8005-6C93981D5B93}.Release|x86.Build.0 = Release|Any CPU
		{5272FBE2-53B0-4A2E-A15A-56829B19657A}.Debug|Any CPU.ActiveCfg = Debug|Any CPU
		{5272FBE2-53B0-4A2E-A15A-56829B19657A}.Debug|Any CPU.Build.0 = Debug|Any CPU
		{5272FBE2-53B0-4A2E-A15A-56829B19657A}.Debug|x64.ActiveCfg = Debug|Any CPU
		{5272FBE2-53B0-4A2E-A15A-56829B19657A}.Debug|x64.Build.0 = Debug|Any CPU
		{5272FBE2-53B0-4A2E-A15A-56829B19657A}.Debug|x86.ActiveCfg = Debug|Any CPU
		{5272FBE2-53B0-4A2E-A15A-56829B19657A}.Debug|x86.Build.0 = Debug|Any CPU
		{5272FBE2-53B0-4A2E-A15A-56829B19657A}.Release|Any CPU.ActiveCfg = Release|Any CPU
		{5272FBE2-53B0-4A2E-A15A-56829B19657A}.Release|Any CPU.Build.0 = Release|Any CPU
		{5272FBE2-53B0-4A2E-A15A-56829B19657A}.Release|x64.ActiveCfg = Release|Any CPU
		{5272FBE2-53B0-4A2E-A15A-56829B19657A}.Release|x64.Build.0 = Release|Any CPU
		{5272FBE2-53B0-4A2E-A15A-56829B19657A}.Release|x86.ActiveCfg = Release|Any CPU
		{5272FBE2-53B0-4A2E-A15A-56829B19657A}.Release|x86.Build.0 = Release|Any CPU
		{4E0869F8-1429-4D0B-B976-8FEFD12F30C6}.Debug|Any CPU.ActiveCfg = Debug|Any CPU
		{4E0869F8-1429-4D0B-B976-8FEFD12F30C6}.Debug|Any CPU.Build.0 = Debug|Any CPU
		{4E0869F8-1429-4D0B-B976-8FEFD12F30C6}.Debug|x64.ActiveCfg = Debug|Any CPU
		{4E0869F8-1429-4D0B-B976-8FEFD12F30C6}.Debug|x64.Build.0 = Debug|Any CPU
		{4E0869F8-1429-4D0B-B976-8FEFD12F30C6}.Debug|x86.ActiveCfg = Debug|Any CPU
		{4E0869F8-1429-4D0B-B976-8FEFD12F30C6}.Debug|x86.Build.0 = Debug|Any CPU
		{4E0869F8-1429-4D0B-B976-8FEFD12F30C6}.Release|Any CPU.ActiveCfg = Release|Any CPU
		{4E0869F8-1429-4D0B-B976-8FEFD12F30C6}.Release|Any CPU.Build.0 = Release|Any CPU
		{4E0869F8-1429-4D0B-B976-8FEFD12F30C6}.Release|x64.ActiveCfg = Release|Any CPU
		{4E0869F8-1429-4D0B-B976-8FEFD12F30C6}.Release|x64.Build.0 = Release|Any CPU
		{4E0869F8-1429-4D0B-B976-8FEFD12F30C6}.Release|x86.ActiveCfg = Release|Any CPU
		{4E0869F8-1429-4D0B-B976-8FEFD12F30C6}.Release|x86.Build.0 = Release|Any CPU
		{F763F568-28C2-4BFB-88AA-8F8F67B85911}.Debug|Any CPU.ActiveCfg = Debug|Any CPU
		{F763F568-28C2-4BFB-88AA-8F8F67B85911}.Debug|Any CPU.Build.0 = Debug|Any CPU
		{F763F568-28C2-4BFB-88AA-8F8F67B85911}.Debug|x64.ActiveCfg = Debug|Any CPU
		{F763F568-28C2-4BFB-88AA-8F8F67B85911}.Debug|x64.Build.0 = Debug|Any CPU
		{F763F568-28C2-4BFB-88AA-8F8F67B85911}.Debug|x86.ActiveCfg = Debug|Any CPU
		{F763F568-28C2-4BFB-88AA-8F8F67B85911}.Debug|x86.Build.0 = Debug|Any CPU
		{F763F568-28C2-4BFB-88AA-8F8F67B85911}.Release|Any CPU.ActiveCfg = Release|Any CPU
		{F763F568-28C2-4BFB-88AA-8F8F67B85911}.Release|Any CPU.Build.0 = Release|Any CPU
		{F763F568-28C2-4BFB-88AA-8F8F67B85911}.Release|x64.ActiveCfg = Release|Any CPU
		{F763F568-28C2-4BFB-88AA-8F8F67B85911}.Release|x64.Build.0 = Release|Any CPU
		{F763F568-28C2-4BFB-88AA-8F8F67B85911}.Release|x86.ActiveCfg = Release|Any CPU
		{F763F568-28C2-4BFB-88AA-8F8F67B85911}.Release|x86.Build.0 = Release|Any CPU
		{CCFECA35-80A3-43E2-BE31-46119362DD6E}.Debug|Any CPU.ActiveCfg = Debug|Any CPU
		{CCFECA35-80A3-43E2-BE31-46119362DD6E}.Debug|Any CPU.Build.0 = Debug|Any CPU
		{CCFECA35-80A3-43E2-BE31-46119362DD6E}.Debug|x64.ActiveCfg = Debug|Any CPU
		{CCFECA35-80A3-43E2-BE31-46119362DD6E}.Debug|x64.Build.0 = Debug|Any CPU
		{CCFECA35-80A3-43E2-BE31-46119362DD6E}.Debug|x86.ActiveCfg = Debug|Any CPU
		{CCFECA35-80A3-43E2-BE31-46119362DD6E}.Debug|x86.Build.0 = Debug|Any CPU
		{CCFECA35-80A3-43E2-BE31-46119362DD6E}.Release|Any CPU.ActiveCfg = Release|Any CPU
		{CCFECA35-80A3-43E2-BE31-46119362DD6E}.Release|Any CPU.Build.0 = Release|Any CPU
		{CCFECA35-80A3-43E2-BE31-46119362DD6E}.Release|x64.ActiveCfg = Release|Any CPU
		{CCFECA35-80A3-43E2-BE31-46119362DD6E}.Release|x64.Build.0 = Release|Any CPU
		{CCFECA35-80A3-43E2-BE31-46119362DD6E}.Release|x86.ActiveCfg = Release|Any CPU
		{CCFECA35-80A3-43E2-BE31-46119362DD6E}.Release|x86.Build.0 = Release|Any CPU
		{0409EB37-E421-4B17-8603-C83A64E6FDD0}.Debug|Any CPU.ActiveCfg = Debug|Any CPU
		{0409EB37-E421-4B17-8603-C83A64E6FDD0}.Debug|Any CPU.Build.0 = Debug|Any CPU
		{0409EB37-E421-4B17-8603-C83A64E6FDD0}.Debug|x64.ActiveCfg = Debug|Any CPU
		{0409EB37-E421-4B17-8603-C83A64E6FDD0}.Debug|x64.Build.0 = Debug|Any CPU
		{0409EB37-E421-4B17-8603-C83A64E6FDD0}.Debug|x86.ActiveCfg = Debug|Any CPU
		{0409EB37-E421-4B17-8603-C83A64E6FDD0}.Debug|x86.Build.0 = Debug|Any CPU
		{0409EB37-E421-4B17-8603-C83A64E6FDD0}.Release|Any CPU.ActiveCfg = Release|Any CPU
		{0409EB37-E421-4B17-8603-C83A64E6FDD0}.Release|Any CPU.Build.0 = Release|Any CPU
		{0409EB37-E421-4B17-8603-C83A64E6FDD0}.Release|x64.ActiveCfg = Release|Any CPU
		{0409EB37-E421-4B17-8603-C83A64E6FDD0}.Release|x64.Build.0 = Release|Any CPU
		{0409EB37-E421-4B17-8603-C83A64E6FDD0}.Release|x86.ActiveCfg = Release|Any CPU
		{0409EB37-E421-4B17-8603-C83A64E6FDD0}.Release|x86.Build.0 = Release|Any CPU
		{437CB0AF-C790-4CFF-9F0A-105CDBC9F7AD}.Debug|Any CPU.ActiveCfg = Debug|Any CPU
		{437CB0AF-C790-4CFF-9F0A-105CDBC9F7AD}.Debug|Any CPU.Build.0 = Debug|Any CPU
		{437CB0AF-C790-4CFF-9F0A-105CDBC9F7AD}.Debug|x64.ActiveCfg = Debug|Any CPU
		{437CB0AF-C790-4CFF-9F0A-105CDBC9F7AD}.Debug|x64.Build.0 = Debug|Any CPU
		{437CB0AF-C790-4CFF-9F0A-105CDBC9F7AD}.Debug|x86.ActiveCfg = Debug|Any CPU
		{437CB0AF-C790-4CFF-9F0A-105CDBC9F7AD}.Debug|x86.Build.0 = Debug|Any CPU
		{437CB0AF-C790-4CFF-9F0A-105CDBC9F7AD}.Release|Any CPU.ActiveCfg = Release|Any CPU
		{437CB0AF-C790-4CFF-9F0A-105CDBC9F7AD}.Release|Any CPU.Build.0 = Release|Any CPU
		{437CB0AF-C790-4CFF-9F0A-105CDBC9F7AD}.Release|x64.ActiveCfg = Release|Any CPU
		{437CB0AF-C790-4CFF-9F0A-105CDBC9F7AD}.Release|x64.Build.0 = Release|Any CPU
		{437CB0AF-C790-4CFF-9F0A-105CDBC9F7AD}.Release|x86.ActiveCfg = Release|Any CPU
		{437CB0AF-C790-4CFF-9F0A-105CDBC9F7AD}.Release|x86.Build.0 = Release|Any CPU
		{A3FD5F1B-26D0-4DC5-923A-70D760C59428}.Debug|Any CPU.ActiveCfg = Debug|Any CPU
		{A3FD5F1B-26D0-4DC5-923A-70D760C59428}.Debug|Any CPU.Build.0 = Debug|Any CPU
		{A3FD5F1B-26D0-4DC5-923A-70D760C59428}.Debug|x64.ActiveCfg = Debug|Any CPU
		{A3FD5F1B-26D0-4DC5-923A-70D760C59428}.Debug|x64.Build.0 = Debug|Any CPU
		{A3FD5F1B-26D0-4DC5-923A-70D760C59428}.Debug|x86.ActiveCfg = Debug|Any CPU
		{A3FD5F1B-26D0-4DC5-923A-70D760C59428}.Debug|x86.Build.0 = Debug|Any CPU
		{A3FD5F1B-26D0-4DC5-923A-70D760C59428}.Release|Any CPU.ActiveCfg = Release|Any CPU
		{A3FD5F1B-26D0-4DC5-923A-70D760C59428}.Release|Any CPU.Build.0 = Release|Any CPU
		{A3FD5F1B-26D0-4DC5-923A-70D760C59428}.Release|x64.ActiveCfg = Release|Any CPU
		{A3FD5F1B-26D0-4DC5-923A-70D760C59428}.Release|x64.Build.0 = Release|Any CPU
		{A3FD5F1B-26D0-4DC5-923A-70D760C59428}.Release|x86.ActiveCfg = Release|Any CPU
		{A3FD5F1B-26D0-4DC5-923A-70D760C59428}.Release|x86.Build.0 = Release|Any CPU
		{F8A7CB0A-3A2C-48DF-8803-06349B24D66B}.Debug|Any CPU.ActiveCfg = Debug|Any CPU
		{F8A7CB0A-3A2C-48DF-8803-06349B24D66B}.Debug|Any CPU.Build.0 = Debug|Any CPU
		{F8A7CB0A-3A2C-48DF-8803-06349B24D66B}.Debug|x64.ActiveCfg = Debug|Any CPU
		{F8A7CB0A-3A2C-48DF-8803-06349B24D66B}.Debug|x64.Build.0 = Debug|Any CPU
		{F8A7CB0A-3A2C-48DF-8803-06349B24D66B}.Debug|x86.ActiveCfg = Debug|Any CPU
		{F8A7CB0A-3A2C-48DF-8803-06349B24D66B}.Debug|x86.Build.0 = Debug|Any CPU
		{F8A7CB0A-3A2C-48DF-8803-06349B24D66B}.Release|Any CPU.ActiveCfg = Release|Any CPU
		{F8A7CB0A-3A2C-48DF-8803-06349B24D66B}.Release|Any CPU.Build.0 = Release|Any CPU
		{F8A7CB0A-3A2C-48DF-8803-06349B24D66B}.Release|x64.ActiveCfg = Release|Any CPU
		{F8A7CB0A-3A2C-48DF-8803-06349B24D66B}.Release|x64.Build.0 = Release|Any CPU
		{F8A7CB0A-3A2C-48DF-8803-06349B24D66B}.Release|x86.ActiveCfg = Release|Any CPU
		{F8A7CB0A-3A2C-48DF-8803-06349B24D66B}.Release|x86.Build.0 = Release|Any CPU
		{3B775264-0201-416D-A50B-23F15E08F3E8}.Debug|Any CPU.ActiveCfg = Debug|Any CPU
		{3B775264-0201-416D-A50B-23F15E08F3E8}.Debug|Any CPU.Build.0 = Debug|Any CPU
		{3B775264-0201-416D-A50B-23F15E08F3E8}.Debug|x64.ActiveCfg = Debug|Any CPU
		{3B775264-0201-416D-A50B-23F15E08F3E8}.Debug|x64.Build.0 = Debug|Any CPU
		{3B775264-0201-416D-A50B-23F15E08F3E8}.Debug|x86.ActiveCfg = Debug|Any CPU
		{3B775264-0201-416D-A50B-23F15E08F3E8}.Debug|x86.Build.0 = Debug|Any CPU
		{3B775264-0201-416D-A50B-23F15E08F3E8}.Release|Any CPU.ActiveCfg = Release|Any CPU
		{3B775264-0201-416D-A50B-23F15E08F3E8}.Release|Any CPU.Build.0 = Release|Any CPU
		{3B775264-0201-416D-A50B-23F15E08F3E8}.Release|x64.ActiveCfg = Release|Any CPU
		{3B775264-0201-416D-A50B-23F15E08F3E8}.Release|x64.Build.0 = Release|Any CPU
		{3B775264-0201-416D-A50B-23F15E08F3E8}.Release|x86.ActiveCfg = Release|Any CPU
		{3B775264-0201-416D-A50B-23F15E08F3E8}.Release|x86.Build.0 = Release|Any CPU
		{EC3FEC7F-2716-4967-99B0-0306C80FF781}.Debug|Any CPU.ActiveCfg = Debug|Any CPU
		{EC3FEC7F-2716-4967-99B0-0306C80FF781}.Debug|Any CPU.Build.0 = Debug|Any CPU
		{EC3FEC7F-2716-4967-99B0-0306C80FF781}.Debug|x64.ActiveCfg = Debug|Any CPU
		{EC3FEC7F-2716-4967-99B0-0306C80FF781}.Debug|x64.Build.0 = Debug|Any CPU
		{EC3FEC7F-2716-4967-99B0-0306C80FF781}.Debug|x86.ActiveCfg = Debug|Any CPU
		{EC3FEC7F-2716-4967-99B0-0306C80FF781}.Debug|x86.Build.0 = Debug|Any CPU
		{EC3FEC7F-2716-4967-99B0-0306C80FF781}.Release|Any CPU.ActiveCfg = Release|Any CPU
		{EC3FEC7F-2716-4967-99B0-0306C80FF781}.Release|Any CPU.Build.0 = Release|Any CPU
		{EC3FEC7F-2716-4967-99B0-0306C80FF781}.Release|x64.ActiveCfg = Release|Any CPU
		{EC3FEC7F-2716-4967-99B0-0306C80FF781}.Release|x64.Build.0 = Release|Any CPU
		{EC3FEC7F-2716-4967-99B0-0306C80FF781}.Release|x86.ActiveCfg = Release|Any CPU
		{EC3FEC7F-2716-4967-99B0-0306C80FF781}.Release|x86.Build.0 = Release|Any CPU
		{A5AEADF6-0155-4F50-B7F8-04ADC8414A4B}.Debug|Any CPU.ActiveCfg = Debug|Any CPU
		{A5AEADF6-0155-4F50-B7F8-04ADC8414A4B}.Debug|Any CPU.Build.0 = Debug|Any CPU
		{A5AEADF6-0155-4F50-B7F8-04ADC8414A4B}.Debug|x64.ActiveCfg = Debug|Any CPU
		{A5AEADF6-0155-4F50-B7F8-04ADC8414A4B}.Debug|x64.Build.0 = Debug|Any CPU
		{A5AEADF6-0155-4F50-B7F8-04ADC8414A4B}.Debug|x86.ActiveCfg = Debug|Any CPU
		{A5AEADF6-0155-4F50-B7F8-04ADC8414A4B}.Debug|x86.Build.0 = Debug|Any CPU
		{A5AEADF6-0155-4F50-B7F8-04ADC8414A4B}.Release|Any CPU.ActiveCfg = Release|Any CPU
		{A5AEADF6-0155-4F50-B7F8-04ADC8414A4B}.Release|Any CPU.Build.0 = Release|Any CPU
		{A5AEADF6-0155-4F50-B7F8-04ADC8414A4B}.Release|x64.ActiveCfg = Release|Any CPU
		{A5AEADF6-0155-4F50-B7F8-04ADC8414A4B}.Release|x64.Build.0 = Release|Any CPU
		{A5AEADF6-0155-4F50-B7F8-04ADC8414A4B}.Release|x86.ActiveCfg = Release|Any CPU
		{A5AEADF6-0155-4F50-B7F8-04ADC8414A4B}.Release|x86.Build.0 = Release|Any CPU
		{5A7131E9-CD7E-4B5B-995E-235E33AA15CE}.Debug|Any CPU.ActiveCfg = Debug|Any CPU
		{5A7131E9-CD7E-4B5B-995E-235E33AA15CE}.Debug|Any CPU.Build.0 = Debug|Any CPU
		{5A7131E9-CD7E-4B5B-995E-235E33AA15CE}.Debug|x64.ActiveCfg = Debug|Any CPU
		{5A7131E9-CD7E-4B5B-995E-235E33AA15CE}.Debug|x64.Build.0 = Debug|Any CPU
		{5A7131E9-CD7E-4B5B-995E-235E33AA15CE}.Debug|x86.ActiveCfg = Debug|Any CPU
		{5A7131E9-CD7E-4B5B-995E-235E33AA15CE}.Debug|x86.Build.0 = Debug|Any CPU
		{5A7131E9-CD7E-4B5B-995E-235E33AA15CE}.Release|Any CPU.ActiveCfg = Release|Any CPU
		{5A7131E9-CD7E-4B5B-995E-235E33AA15CE}.Release|Any CPU.Build.0 = Release|Any CPU
		{5A7131E9-CD7E-4B5B-995E-235E33AA15CE}.Release|x64.ActiveCfg = Release|Any CPU
		{5A7131E9-CD7E-4B5B-995E-235E33AA15CE}.Release|x64.Build.0 = Release|Any CPU
		{5A7131E9-CD7E-4B5B-995E-235E33AA15CE}.Release|x86.ActiveCfg = Release|Any CPU
		{5A7131E9-CD7E-4B5B-995E-235E33AA15CE}.Release|x86.Build.0 = Release|Any CPU
		{4F72DBB3-94D8-4E3A-9C64-2BD78BDF9343}.Debug|Any CPU.ActiveCfg = Debug|Any CPU
		{4F72DBB3-94D8-4E3A-9C64-2BD78BDF9343}.Debug|Any CPU.Build.0 = Debug|Any CPU
		{4F72DBB3-94D8-4E3A-9C64-2BD78BDF9343}.Debug|x64.ActiveCfg = Debug|Any CPU
		{4F72DBB3-94D8-4E3A-9C64-2BD78BDF9343}.Debug|x64.Build.0 = Debug|Any CPU
		{4F72DBB3-94D8-4E3A-9C64-2BD78BDF9343}.Debug|x86.ActiveCfg = Debug|Any CPU
		{4F72DBB3-94D8-4E3A-9C64-2BD78BDF9343}.Debug|x86.Build.0 = Debug|Any CPU
		{4F72DBB3-94D8-4E3A-9C64-2BD78BDF9343}.Release|Any CPU.ActiveCfg = Release|Any CPU
		{4F72DBB3-94D8-4E3A-9C64-2BD78BDF9343}.Release|Any CPU.Build.0 = Release|Any CPU
		{4F72DBB3-94D8-4E3A-9C64-2BD78BDF9343}.Release|x64.ActiveCfg = Release|Any CPU
		{4F72DBB3-94D8-4E3A-9C64-2BD78BDF9343}.Release|x64.Build.0 = Release|Any CPU
		{4F72DBB3-94D8-4E3A-9C64-2BD78BDF9343}.Release|x86.ActiveCfg = Release|Any CPU
		{4F72DBB3-94D8-4E3A-9C64-2BD78BDF9343}.Release|x86.Build.0 = Release|Any CPU
		{3B825E50-C5D1-4C4B-A4DA-2BF10B56FBB8}.Debug|Any CPU.ActiveCfg = Debug|Any CPU
		{3B825E50-C5D1-4C4B-A4DA-2BF10B56FBB8}.Debug|Any CPU.Build.0 = Debug|Any CPU
		{3B825E50-C5D1-4C4B-A4DA-2BF10B56FBB8}.Debug|x64.ActiveCfg = Debug|Any CPU
		{3B825E50-C5D1-4C4B-A4DA-2BF10B56FBB8}.Debug|x64.Build.0 = Debug|Any CPU
		{3B825E50-C5D1-4C4B-A4DA-2BF10B56FBB8}.Debug|x86.ActiveCfg = Debug|Any CPU
		{3B825E50-C5D1-4C4B-A4DA-2BF10B56FBB8}.Debug|x86.Build.0 = Debug|Any CPU
		{3B825E50-C5D1-4C4B-A4DA-2BF10B56FBB8}.Release|Any CPU.ActiveCfg = Release|Any CPU
		{3B825E50-C5D1-4C4B-A4DA-2BF10B56FBB8}.Release|Any CPU.Build.0 = Release|Any CPU
		{3B825E50-C5D1-4C4B-A4DA-2BF10B56FBB8}.Release|x64.ActiveCfg = Release|Any CPU
		{3B825E50-C5D1-4C4B-A4DA-2BF10B56FBB8}.Release|x64.Build.0 = Release|Any CPU
		{3B825E50-C5D1-4C4B-A4DA-2BF10B56FBB8}.Release|x86.ActiveCfg = Release|Any CPU
		{3B825E50-C5D1-4C4B-A4DA-2BF10B56FBB8}.Release|x86.Build.0 = Release|Any CPU
		{E0DA6FF0-C3D7-450A-959D-B8412B1174FD}.Debug|Any CPU.ActiveCfg = Debug|Any CPU
		{E0DA6FF0-C3D7-450A-959D-B8412B1174FD}.Debug|Any CPU.Build.0 = Debug|Any CPU
		{E0DA6FF0-C3D7-450A-959D-B8412B1174FD}.Debug|x64.ActiveCfg = Debug|Any CPU
		{E0DA6FF0-C3D7-450A-959D-B8412B1174FD}.Debug|x64.Build.0 = Debug|Any CPU
		{E0DA6FF0-C3D7-450A-959D-B8412B1174FD}.Debug|x86.ActiveCfg = Debug|Any CPU
		{E0DA6FF0-C3D7-450A-959D-B8412B1174FD}.Debug|x86.Build.0 = Debug|Any CPU
		{E0DA6FF0-C3D7-450A-959D-B8412B1174FD}.Release|Any CPU.ActiveCfg = Release|Any CPU
		{E0DA6FF0-C3D7-450A-959D-B8412B1174FD}.Release|Any CPU.Build.0 = Release|Any CPU
		{E0DA6FF0-C3D7-450A-959D-B8412B1174FD}.Release|x64.ActiveCfg = Release|Any CPU
		{E0DA6FF0-C3D7-450A-959D-B8412B1174FD}.Release|x64.Build.0 = Release|Any CPU
		{E0DA6FF0-C3D7-450A-959D-B8412B1174FD}.Release|x86.ActiveCfg = Release|Any CPU
		{E0DA6FF0-C3D7-450A-959D-B8412B1174FD}.Release|x86.Build.0 = Release|Any CPU
		{888DF52C-1004-4DB3-944C-57F893FB7238}.Debug|Any CPU.ActiveCfg = Debug|Any CPU
		{888DF52C-1004-4DB3-944C-57F893FB7238}.Debug|Any CPU.Build.0 = Debug|Any CPU
		{888DF52C-1004-4DB3-944C-57F893FB7238}.Debug|x64.ActiveCfg = Debug|Any CPU
		{888DF52C-1004-4DB3-944C-57F893FB7238}.Debug|x64.Build.0 = Debug|Any CPU
		{888DF52C-1004-4DB3-944C-57F893FB7238}.Debug|x86.ActiveCfg = Debug|Any CPU
		{888DF52C-1004-4DB3-944C-57F893FB7238}.Debug|x86.Build.0 = Debug|Any CPU
		{888DF52C-1004-4DB3-944C-57F893FB7238}.Release|Any CPU.ActiveCfg = Release|Any CPU
		{888DF52C-1004-4DB3-944C-57F893FB7238}.Release|Any CPU.Build.0 = Release|Any CPU
		{888DF52C-1004-4DB3-944C-57F893FB7238}.Release|x64.ActiveCfg = Release|Any CPU
		{888DF52C-1004-4DB3-944C-57F893FB7238}.Release|x64.Build.0 = Release|Any CPU
		{888DF52C-1004-4DB3-944C-57F893FB7238}.Release|x86.ActiveCfg = Release|Any CPU
		{888DF52C-1004-4DB3-944C-57F893FB7238}.Release|x86.Build.0 = Release|Any CPU
		{B0B819C3-9DD6-4819-90CF-4563D74F297E}.Debug|Any CPU.ActiveCfg = Debug|Any CPU
		{B0B819C3-9DD6-4819-90CF-4563D74F297E}.Debug|Any CPU.Build.0 = Debug|Any CPU
		{B0B819C3-9DD6-4819-90CF-4563D74F297E}.Debug|x64.ActiveCfg = Debug|Any CPU
		{B0B819C3-9DD6-4819-90CF-4563D74F297E}.Debug|x64.Build.0 = Debug|Any CPU
		{B0B819C3-9DD6-4819-90CF-4563D74F297E}.Debug|x86.ActiveCfg = Debug|Any CPU
		{B0B819C3-9DD6-4819-90CF-4563D74F297E}.Debug|x86.Build.0 = Debug|Any CPU
		{B0B819C3-9DD6-4819-90CF-4563D74F297E}.Release|Any CPU.ActiveCfg = Release|Any CPU
		{B0B819C3-9DD6-4819-90CF-4563D74F297E}.Release|Any CPU.Build.0 = Release|Any CPU
		{B0B819C3-9DD6-4819-90CF-4563D74F297E}.Release|x64.ActiveCfg = Release|Any CPU
		{B0B819C3-9DD6-4819-90CF-4563D74F297E}.Release|x64.Build.0 = Release|Any CPU
		{B0B819C3-9DD6-4819-90CF-4563D74F297E}.Release|x86.ActiveCfg = Release|Any CPU
		{B0B819C3-9DD6-4819-90CF-4563D74F297E}.Release|x86.Build.0 = Release|Any CPU
		{FF623B56-D17E-4B3F-B078-6CCA97DF6CA4}.Debug|Any CPU.ActiveCfg = Debug|Any CPU
		{FF623B56-D17E-4B3F-B078-6CCA97DF6CA4}.Debug|Any CPU.Build.0 = Debug|Any CPU
		{FF623B56-D17E-4B3F-B078-6CCA97DF6CA4}.Debug|x64.ActiveCfg = Debug|Any CPU
		{FF623B56-D17E-4B3F-B078-6CCA97DF6CA4}.Debug|x64.Build.0 = Debug|Any CPU
		{FF623B56-D17E-4B3F-B078-6CCA97DF6CA4}.Debug|x86.ActiveCfg = Debug|Any CPU
		{FF623B56-D17E-4B3F-B078-6CCA97DF6CA4}.Debug|x86.Build.0 = Debug|Any CPU
		{FF623B56-D17E-4B3F-B078-6CCA97DF6CA4}.Release|Any CPU.ActiveCfg = Release|Any CPU
		{FF623B56-D17E-4B3F-B078-6CCA97DF6CA4}.Release|Any CPU.Build.0 = Release|Any CPU
		{FF623B56-D17E-4B3F-B078-6CCA97DF6CA4}.Release|x64.ActiveCfg = Release|Any CPU
		{FF623B56-D17E-4B3F-B078-6CCA97DF6CA4}.Release|x64.Build.0 = Release|Any CPU
		{FF623B56-D17E-4B3F-B078-6CCA97DF6CA4}.Release|x86.ActiveCfg = Release|Any CPU
		{FF623B56-D17E-4B3F-B078-6CCA97DF6CA4}.Release|x86.Build.0 = Release|Any CPU
		{8EE328D5-A654-4CC9-8FAB-30E83C74596F}.Debug|Any CPU.ActiveCfg = Debug|Any CPU
		{8EE328D5-A654-4CC9-8FAB-30E83C74596F}.Debug|Any CPU.Build.0 = Debug|Any CPU
		{8EE328D5-A654-4CC9-8FAB-30E83C74596F}.Debug|x64.ActiveCfg = Debug|Any CPU
		{8EE328D5-A654-4CC9-8FAB-30E83C74596F}.Debug|x64.Build.0 = Debug|Any CPU
		{8EE328D5-A654-4CC9-8FAB-30E83C74596F}.Debug|x86.ActiveCfg = Debug|Any CPU
		{8EE328D5-A654-4CC9-8FAB-30E83C74596F}.Debug|x86.Build.0 = Debug|Any CPU
		{8EE328D5-A654-4CC9-8FAB-30E83C74596F}.Release|Any CPU.ActiveCfg = Release|Any CPU
		{8EE328D5-A654-4CC9-8FAB-30E83C74596F}.Release|Any CPU.Build.0 = Release|Any CPU
		{8EE328D5-A654-4CC9-8FAB-30E83C74596F}.Release|x64.ActiveCfg = Release|Any CPU
		{8EE328D5-A654-4CC9-8FAB-30E83C74596F}.Release|x64.Build.0 = Release|Any CPU
		{8EE328D5-A654-4CC9-8FAB-30E83C74596F}.Release|x86.ActiveCfg = Release|Any CPU
		{8EE328D5-A654-4CC9-8FAB-30E83C74596F}.Release|x86.Build.0 = Release|Any CPU
		{D1D15E06-ED8F-4791-A5AD-5B5780910AFA}.Debug|Any CPU.ActiveCfg = Debug|Any CPU
		{D1D15E06-ED8F-4791-A5AD-5B5780910AFA}.Debug|Any CPU.Build.0 = Debug|Any CPU
		{D1D15E06-ED8F-4791-A5AD-5B5780910AFA}.Debug|x64.ActiveCfg = Debug|Any CPU
		{D1D15E06-ED8F-4791-A5AD-5B5780910AFA}.Debug|x64.Build.0 = Debug|Any CPU
		{D1D15E06-ED8F-4791-A5AD-5B5780910AFA}.Debug|x86.ActiveCfg = Debug|Any CPU
		{D1D15E06-ED8F-4791-A5AD-5B5780910AFA}.Debug|x86.Build.0 = Debug|Any CPU
		{D1D15E06-ED8F-4791-A5AD-5B5780910AFA}.Release|Any CPU.ActiveCfg = Release|Any CPU
		{D1D15E06-ED8F-4791-A5AD-5B5780910AFA}.Release|Any CPU.Build.0 = Release|Any CPU
		{D1D15E06-ED8F-4791-A5AD-5B5780910AFA}.Release|x64.ActiveCfg = Release|Any CPU
		{D1D15E06-ED8F-4791-A5AD-5B5780910AFA}.Release|x64.Build.0 = Release|Any CPU
		{D1D15E06-ED8F-4791-A5AD-5B5780910AFA}.Release|x86.ActiveCfg = Release|Any CPU
		{D1D15E06-ED8F-4791-A5AD-5B5780910AFA}.Release|x86.Build.0 = Release|Any CPU
		{DAC2C3F3-9C86-4263-A24A-2DAA4C05FB17}.Debug|Any CPU.ActiveCfg = Debug|Any CPU
		{DAC2C3F3-9C86-4263-A24A-2DAA4C05FB17}.Debug|Any CPU.Build.0 = Debug|Any CPU
		{DAC2C3F3-9C86-4263-A24A-2DAA4C05FB17}.Debug|x64.ActiveCfg = Debug|Any CPU
		{DAC2C3F3-9C86-4263-A24A-2DAA4C05FB17}.Debug|x64.Build.0 = Debug|Any CPU
		{DAC2C3F3-9C86-4263-A24A-2DAA4C05FB17}.Debug|x86.ActiveCfg = Debug|Any CPU
		{DAC2C3F3-9C86-4263-A24A-2DAA4C05FB17}.Debug|x86.Build.0 = Debug|Any CPU
		{DAC2C3F3-9C86-4263-A24A-2DAA4C05FB17}.Release|Any CPU.ActiveCfg = Release|Any CPU
		{DAC2C3F3-9C86-4263-A24A-2DAA4C05FB17}.Release|Any CPU.Build.0 = Release|Any CPU
		{DAC2C3F3-9C86-4263-A24A-2DAA4C05FB17}.Release|x64.ActiveCfg = Release|Any CPU
		{DAC2C3F3-9C86-4263-A24A-2DAA4C05FB17}.Release|x64.Build.0 = Release|Any CPU
		{DAC2C3F3-9C86-4263-A24A-2DAA4C05FB17}.Release|x86.ActiveCfg = Release|Any CPU
		{DAC2C3F3-9C86-4263-A24A-2DAA4C05FB17}.Release|x86.Build.0 = Release|Any CPU
		{325FE267-3E90-4DCE-B729-A2CCD1BBBBF6}.Debug|Any CPU.ActiveCfg = Debug|Any CPU
		{325FE267-3E90-4DCE-B729-A2CCD1BBBBF6}.Debug|Any CPU.Build.0 = Debug|Any CPU
		{325FE267-3E90-4DCE-B729-A2CCD1BBBBF6}.Debug|x64.ActiveCfg = Debug|Any CPU
		{325FE267-3E90-4DCE-B729-A2CCD1BBBBF6}.Debug|x64.Build.0 = Debug|Any CPU
		{325FE267-3E90-4DCE-B729-A2CCD1BBBBF6}.Debug|x86.ActiveCfg = Debug|Any CPU
		{325FE267-3E90-4DCE-B729-A2CCD1BBBBF6}.Debug|x86.Build.0 = Debug|Any CPU
		{325FE267-3E90-4DCE-B729-A2CCD1BBBBF6}.Release|Any CPU.ActiveCfg = Release|Any CPU
		{325FE267-3E90-4DCE-B729-A2CCD1BBBBF6}.Release|Any CPU.Build.0 = Release|Any CPU
		{325FE267-3E90-4DCE-B729-A2CCD1BBBBF6}.Release|x64.ActiveCfg = Release|Any CPU
		{325FE267-3E90-4DCE-B729-A2CCD1BBBBF6}.Release|x64.Build.0 = Release|Any CPU
		{325FE267-3E90-4DCE-B729-A2CCD1BBBBF6}.Release|x86.ActiveCfg = Release|Any CPU
		{325FE267-3E90-4DCE-B729-A2CCD1BBBBF6}.Release|x86.Build.0 = Release|Any CPU
		{0FBAAC7A-2DE2-4ECB-8F6A-DE09B6A5162D}.Debug|Any CPU.ActiveCfg = Debug|Any CPU
		{0FBAAC7A-2DE2-4ECB-8F6A-DE09B6A5162D}.Debug|Any CPU.Build.0 = Debug|Any CPU
		{0FBAAC7A-2DE2-4ECB-8F6A-DE09B6A5162D}.Debug|x64.ActiveCfg = Debug|Any CPU
		{0FBAAC7A-2DE2-4ECB-8F6A-DE09B6A5162D}.Debug|x64.Build.0 = Debug|Any CPU
		{0FBAAC7A-2DE2-4ECB-8F6A-DE09B6A5162D}.Debug|x86.ActiveCfg = Debug|Any CPU
		{0FBAAC7A-2DE2-4ECB-8F6A-DE09B6A5162D}.Debug|x86.Build.0 = Debug|Any CPU
		{0FBAAC7A-2DE2-4ECB-8F6A-DE09B6A5162D}.Release|Any CPU.ActiveCfg = Release|Any CPU
		{0FBAAC7A-2DE2-4ECB-8F6A-DE09B6A5162D}.Release|Any CPU.Build.0 = Release|Any CPU
		{0FBAAC7A-2DE2-4ECB-8F6A-DE09B6A5162D}.Release|x64.ActiveCfg = Release|Any CPU
		{0FBAAC7A-2DE2-4ECB-8F6A-DE09B6A5162D}.Release|x64.Build.0 = Release|Any CPU
		{0FBAAC7A-2DE2-4ECB-8F6A-DE09B6A5162D}.Release|x86.ActiveCfg = Release|Any CPU
		{0FBAAC7A-2DE2-4ECB-8F6A-DE09B6A5162D}.Release|x86.Build.0 = Release|Any CPU
		{9852D972-BBC7-42E1-A9FE-C07A3A9B17C1}.Debug|Any CPU.ActiveCfg = Debug|Any CPU
		{9852D972-BBC7-42E1-A9FE-C07A3A9B17C1}.Debug|Any CPU.Build.0 = Debug|Any CPU
		{9852D972-BBC7-42E1-A9FE-C07A3A9B17C1}.Debug|x64.ActiveCfg = Debug|Any CPU
		{9852D972-BBC7-42E1-A9FE-C07A3A9B17C1}.Debug|x64.Build.0 = Debug|Any CPU
		{9852D972-BBC7-42E1-A9FE-C07A3A9B17C1}.Debug|x86.ActiveCfg = Debug|Any CPU
		{9852D972-BBC7-42E1-A9FE-C07A3A9B17C1}.Debug|x86.Build.0 = Debug|Any CPU
		{9852D972-BBC7-42E1-A9FE-C07A3A9B17C1}.Release|Any CPU.ActiveCfg = Release|Any CPU
		{9852D972-BBC7-42E1-A9FE-C07A3A9B17C1}.Release|Any CPU.Build.0 = Release|Any CPU
		{9852D972-BBC7-42E1-A9FE-C07A3A9B17C1}.Release|x64.ActiveCfg = Release|Any CPU
		{9852D972-BBC7-42E1-A9FE-C07A3A9B17C1}.Release|x64.Build.0 = Release|Any CPU
		{9852D972-BBC7-42E1-A9FE-C07A3A9B17C1}.Release|x86.ActiveCfg = Release|Any CPU
		{9852D972-BBC7-42E1-A9FE-C07A3A9B17C1}.Release|x86.Build.0 = Release|Any CPU
		{A4474036-0DBA-45BE-80D5-F17901E89DAA}.Debug|Any CPU.ActiveCfg = Debug|Any CPU
		{A4474036-0DBA-45BE-80D5-F17901E89DAA}.Debug|Any CPU.Build.0 = Debug|Any CPU
		{A4474036-0DBA-45BE-80D5-F17901E89DAA}.Debug|x64.ActiveCfg = Debug|Any CPU
		{A4474036-0DBA-45BE-80D5-F17901E89DAA}.Debug|x64.Build.0 = Debug|Any CPU
		{A4474036-0DBA-45BE-80D5-F17901E89DAA}.Debug|x86.ActiveCfg = Debug|Any CPU
		{A4474036-0DBA-45BE-80D5-F17901E89DAA}.Debug|x86.Build.0 = Debug|Any CPU
		{A4474036-0DBA-45BE-80D5-F17901E89DAA}.Release|Any CPU.ActiveCfg = Release|Any CPU
		{A4474036-0DBA-45BE-80D5-F17901E89DAA}.Release|Any CPU.Build.0 = Release|Any CPU
		{A4474036-0DBA-45BE-80D5-F17901E89DAA}.Release|x64.ActiveCfg = Release|Any CPU
		{A4474036-0DBA-45BE-80D5-F17901E89DAA}.Release|x64.Build.0 = Release|Any CPU
		{A4474036-0DBA-45BE-80D5-F17901E89DAA}.Release|x86.ActiveCfg = Release|Any CPU
		{A4474036-0DBA-45BE-80D5-F17901E89DAA}.Release|x86.Build.0 = Release|Any CPU
		{951F2E5F-D1DE-43A4-981E-8329A6764BC4}.Debug|Any CPU.ActiveCfg = Debug|Any CPU
		{951F2E5F-D1DE-43A4-981E-8329A6764BC4}.Debug|Any CPU.Build.0 = Debug|Any CPU
		{951F2E5F-D1DE-43A4-981E-8329A6764BC4}.Debug|x64.ActiveCfg = Debug|Any CPU
		{951F2E5F-D1DE-43A4-981E-8329A6764BC4}.Debug|x64.Build.0 = Debug|Any CPU
		{951F2E5F-D1DE-43A4-981E-8329A6764BC4}.Debug|x86.ActiveCfg = Debug|Any CPU
		{951F2E5F-D1DE-43A4-981E-8329A6764BC4}.Debug|x86.Build.0 = Debug|Any CPU
		{951F2E5F-D1DE-43A4-981E-8329A6764BC4}.Release|Any CPU.ActiveCfg = Release|Any CPU
		{951F2E5F-D1DE-43A4-981E-8329A6764BC4}.Release|Any CPU.Build.0 = Release|Any CPU
		{951F2E5F-D1DE-43A4-981E-8329A6764BC4}.Release|x64.ActiveCfg = Release|Any CPU
		{951F2E5F-D1DE-43A4-981E-8329A6764BC4}.Release|x64.Build.0 = Release|Any CPU
		{951F2E5F-D1DE-43A4-981E-8329A6764BC4}.Release|x86.ActiveCfg = Release|Any CPU
		{951F2E5F-D1DE-43A4-981E-8329A6764BC4}.Release|x86.Build.0 = Release|Any CPU
		{DC601A8D-A4CB-4A03-8618-8AAACE935489}.Debug|Any CPU.ActiveCfg = Debug|Any CPU
		{DC601A8D-A4CB-4A03-8618-8AAACE935489}.Debug|Any CPU.Build.0 = Debug|Any CPU
		{DC601A8D-A4CB-4A03-8618-8AAACE935489}.Debug|x64.ActiveCfg = Debug|Any CPU
		{DC601A8D-A4CB-4A03-8618-8AAACE935489}.Debug|x64.Build.0 = Debug|Any CPU
		{DC601A8D-A4CB-4A03-8618-8AAACE935489}.Debug|x86.ActiveCfg = Debug|Any CPU
		{DC601A8D-A4CB-4A03-8618-8AAACE935489}.Debug|x86.Build.0 = Debug|Any CPU
		{DC601A8D-A4CB-4A03-8618-8AAACE935489}.Release|Any CPU.ActiveCfg = Release|Any CPU
		{DC601A8D-A4CB-4A03-8618-8AAACE935489}.Release|Any CPU.Build.0 = Release|Any CPU
		{DC601A8D-A4CB-4A03-8618-8AAACE935489}.Release|x64.ActiveCfg = Release|Any CPU
		{DC601A8D-A4CB-4A03-8618-8AAACE935489}.Release|x64.Build.0 = Release|Any CPU
		{DC601A8D-A4CB-4A03-8618-8AAACE935489}.Release|x86.ActiveCfg = Release|Any CPU
		{DC601A8D-A4CB-4A03-8618-8AAACE935489}.Release|x86.Build.0 = Release|Any CPU
		{B4C53B13-94E8-4114-B0C7-27472A6EDE50}.Debug|Any CPU.ActiveCfg = Debug|Any CPU
		{B4C53B13-94E8-4114-B0C7-27472A6EDE50}.Debug|Any CPU.Build.0 = Debug|Any CPU
		{B4C53B13-94E8-4114-B0C7-27472A6EDE50}.Debug|x64.ActiveCfg = Debug|Any CPU
		{B4C53B13-94E8-4114-B0C7-27472A6EDE50}.Debug|x64.Build.0 = Debug|Any CPU
		{B4C53B13-94E8-4114-B0C7-27472A6EDE50}.Debug|x86.ActiveCfg = Debug|Any CPU
		{B4C53B13-94E8-4114-B0C7-27472A6EDE50}.Debug|x86.Build.0 = Debug|Any CPU
		{B4C53B13-94E8-4114-B0C7-27472A6EDE50}.Release|Any CPU.ActiveCfg = Release|Any CPU
		{B4C53B13-94E8-4114-B0C7-27472A6EDE50}.Release|Any CPU.Build.0 = Release|Any CPU
		{B4C53B13-94E8-4114-B0C7-27472A6EDE50}.Release|x64.ActiveCfg = Release|Any CPU
		{B4C53B13-94E8-4114-B0C7-27472A6EDE50}.Release|x64.Build.0 = Release|Any CPU
		{B4C53B13-94E8-4114-B0C7-27472A6EDE50}.Release|x86.ActiveCfg = Release|Any CPU
		{B4C53B13-94E8-4114-B0C7-27472A6EDE50}.Release|x86.Build.0 = Release|Any CPU
		{A02C364E-0322-4405-B230-080F1DC7F13C}.Debug|Any CPU.ActiveCfg = Debug|Any CPU
		{A02C364E-0322-4405-B230-080F1DC7F13C}.Debug|Any CPU.Build.0 = Debug|Any CPU
		{A02C364E-0322-4405-B230-080F1DC7F13C}.Debug|x64.ActiveCfg = Debug|Any CPU
		{A02C364E-0322-4405-B230-080F1DC7F13C}.Debug|x64.Build.0 = Debug|Any CPU
		{A02C364E-0322-4405-B230-080F1DC7F13C}.Debug|x86.ActiveCfg = Debug|Any CPU
		{A02C364E-0322-4405-B230-080F1DC7F13C}.Debug|x86.Build.0 = Debug|Any CPU
		{A02C364E-0322-4405-B230-080F1DC7F13C}.Release|Any CPU.ActiveCfg = Release|Any CPU
		{A02C364E-0322-4405-B230-080F1DC7F13C}.Release|Any CPU.Build.0 = Release|Any CPU
		{A02C364E-0322-4405-B230-080F1DC7F13C}.Release|x64.ActiveCfg = Release|Any CPU
		{A02C364E-0322-4405-B230-080F1DC7F13C}.Release|x64.Build.0 = Release|Any CPU
		{A02C364E-0322-4405-B230-080F1DC7F13C}.Release|x86.ActiveCfg = Release|Any CPU
		{A02C364E-0322-4405-B230-080F1DC7F13C}.Release|x86.Build.0 = Release|Any CPU
		{7CB2A80F-0F3B-4F3D-ADC0-9534DEB6EA0D}.Debug|Any CPU.ActiveCfg = Debug|Any CPU
		{7CB2A80F-0F3B-4F3D-ADC0-9534DEB6EA0D}.Debug|Any CPU.Build.0 = Debug|Any CPU
		{7CB2A80F-0F3B-4F3D-ADC0-9534DEB6EA0D}.Debug|x64.ActiveCfg = Debug|Any CPU
		{7CB2A80F-0F3B-4F3D-ADC0-9534DEB6EA0D}.Debug|x64.Build.0 = Debug|Any CPU
		{7CB2A80F-0F3B-4F3D-ADC0-9534DEB6EA0D}.Debug|x86.ActiveCfg = Debug|Any CPU
		{7CB2A80F-0F3B-4F3D-ADC0-9534DEB6EA0D}.Debug|x86.Build.0 = Debug|Any CPU
		{7CB2A80F-0F3B-4F3D-ADC0-9534DEB6EA0D}.Release|Any CPU.ActiveCfg = Release|Any CPU
		{7CB2A80F-0F3B-4F3D-ADC0-9534DEB6EA0D}.Release|Any CPU.Build.0 = Release|Any CPU
		{7CB2A80F-0F3B-4F3D-ADC0-9534DEB6EA0D}.Release|x64.ActiveCfg = Release|Any CPU
		{7CB2A80F-0F3B-4F3D-ADC0-9534DEB6EA0D}.Release|x64.Build.0 = Release|Any CPU
		{7CB2A80F-0F3B-4F3D-ADC0-9534DEB6EA0D}.Release|x86.ActiveCfg = Release|Any CPU
		{7CB2A80F-0F3B-4F3D-ADC0-9534DEB6EA0D}.Release|x86.Build.0 = Release|Any CPU
		{13D38C58-C655-4E99-BA10-A6D1D3E9073C}.Debug|Any CPU.ActiveCfg = Debug|Any CPU
		{13D38C58-C655-4E99-BA10-A6D1D3E9073C}.Debug|Any CPU.Build.0 = Debug|Any CPU
		{13D38C58-C655-4E99-BA10-A6D1D3E9073C}.Debug|x64.ActiveCfg = Debug|Any CPU
		{13D38C58-C655-4E99-BA10-A6D1D3E9073C}.Debug|x64.Build.0 = Debug|Any CPU
		{13D38C58-C655-4E99-BA10-A6D1D3E9073C}.Debug|x86.ActiveCfg = Debug|Any CPU
		{13D38C58-C655-4E99-BA10-A6D1D3E9073C}.Debug|x86.Build.0 = Debug|Any CPU
		{13D38C58-C655-4E99-BA10-A6D1D3E9073C}.Release|Any CPU.ActiveCfg = Release|Any CPU
		{13D38C58-C655-4E99-BA10-A6D1D3E9073C}.Release|Any CPU.Build.0 = Release|Any CPU
		{13D38C58-C655-4E99-BA10-A6D1D3E9073C}.Release|x64.ActiveCfg = Release|Any CPU
		{13D38C58-C655-4E99-BA10-A6D1D3E9073C}.Release|x64.Build.0 = Release|Any CPU
		{13D38C58-C655-4E99-BA10-A6D1D3E9073C}.Release|x86.ActiveCfg = Release|Any CPU
		{13D38C58-C655-4E99-BA10-A6D1D3E9073C}.Release|x86.Build.0 = Release|Any CPU
		{4C5CEF1A-8F86-4C63-8A45-063F5E646FC1}.Debug|Any CPU.ActiveCfg = Debug|Any CPU
		{4C5CEF1A-8F86-4C63-8A45-063F5E646FC1}.Debug|Any CPU.Build.0 = Debug|Any CPU
		{4C5CEF1A-8F86-4C63-8A45-063F5E646FC1}.Debug|x64.ActiveCfg = Debug|Any CPU
		{4C5CEF1A-8F86-4C63-8A45-063F5E646FC1}.Debug|x64.Build.0 = Debug|Any CPU
		{4C5CEF1A-8F86-4C63-8A45-063F5E646FC1}.Debug|x86.ActiveCfg = Debug|Any CPU
		{4C5CEF1A-8F86-4C63-8A45-063F5E646FC1}.Debug|x86.Build.0 = Debug|Any CPU
		{4C5CEF1A-8F86-4C63-8A45-063F5E646FC1}.Release|Any CPU.ActiveCfg = Release|Any CPU
		{4C5CEF1A-8F86-4C63-8A45-063F5E646FC1}.Release|Any CPU.Build.0 = Release|Any CPU
		{4C5CEF1A-8F86-4C63-8A45-063F5E646FC1}.Release|x64.ActiveCfg = Release|Any CPU
		{4C5CEF1A-8F86-4C63-8A45-063F5E646FC1}.Release|x64.Build.0 = Release|Any CPU
		{4C5CEF1A-8F86-4C63-8A45-063F5E646FC1}.Release|x86.ActiveCfg = Release|Any CPU
		{4C5CEF1A-8F86-4C63-8A45-063F5E646FC1}.Release|x86.Build.0 = Release|Any CPU
		{88BF66F5-34DC-4538-B995-C95C7A33AE8D}.Debug|Any CPU.ActiveCfg = Debug|Any CPU
		{88BF66F5-34DC-4538-B995-C95C7A33AE8D}.Debug|Any CPU.Build.0 = Debug|Any CPU
		{88BF66F5-34DC-4538-B995-C95C7A33AE8D}.Debug|x64.ActiveCfg = Debug|Any CPU
		{88BF66F5-34DC-4538-B995-C95C7A33AE8D}.Debug|x64.Build.0 = Debug|Any CPU
		{88BF66F5-34DC-4538-B995-C95C7A33AE8D}.Debug|x86.ActiveCfg = Debug|Any CPU
		{88BF66F5-34DC-4538-B995-C95C7A33AE8D}.Debug|x86.Build.0 = Debug|Any CPU
		{88BF66F5-34DC-4538-B995-C95C7A33AE8D}.Release|Any CPU.ActiveCfg = Release|Any CPU
		{88BF66F5-34DC-4538-B995-C95C7A33AE8D}.Release|Any CPU.Build.0 = Release|Any CPU
		{88BF66F5-34DC-4538-B995-C95C7A33AE8D}.Release|x64.ActiveCfg = Release|Any CPU
		{88BF66F5-34DC-4538-B995-C95C7A33AE8D}.Release|x64.Build.0 = Release|Any CPU
		{88BF66F5-34DC-4538-B995-C95C7A33AE8D}.Release|x86.ActiveCfg = Release|Any CPU
		{88BF66F5-34DC-4538-B995-C95C7A33AE8D}.Release|x86.Build.0 = Release|Any CPU
		{5450F1FE-1C0D-4D53-80DB-07BFE1225719}.Debug|Any CPU.ActiveCfg = Debug|Any CPU
		{5450F1FE-1C0D-4D53-80DB-07BFE1225719}.Debug|Any CPU.Build.0 = Debug|Any CPU
		{5450F1FE-1C0D-4D53-80DB-07BFE1225719}.Debug|x64.ActiveCfg = Debug|Any CPU
		{5450F1FE-1C0D-4D53-80DB-07BFE1225719}.Debug|x64.Build.0 = Debug|Any CPU
		{5450F1FE-1C0D-4D53-80DB-07BFE1225719}.Debug|x86.ActiveCfg = Debug|Any CPU
		{5450F1FE-1C0D-4D53-80DB-07BFE1225719}.Debug|x86.Build.0 = Debug|Any CPU
		{5450F1FE-1C0D-4D53-80DB-07BFE1225719}.Release|Any CPU.ActiveCfg = Release|Any CPU
		{5450F1FE-1C0D-4D53-80DB-07BFE1225719}.Release|Any CPU.Build.0 = Release|Any CPU
		{5450F1FE-1C0D-4D53-80DB-07BFE1225719}.Release|x64.ActiveCfg = Release|Any CPU
		{5450F1FE-1C0D-4D53-80DB-07BFE1225719}.Release|x64.Build.0 = Release|Any CPU
		{5450F1FE-1C0D-4D53-80DB-07BFE1225719}.Release|x86.ActiveCfg = Release|Any CPU
		{5450F1FE-1C0D-4D53-80DB-07BFE1225719}.Release|x86.Build.0 = Release|Any CPU
		{C285CF4A-36DA-4F13-8A04-1A7B3528EE42}.Debug|Any CPU.ActiveCfg = Debug|Any CPU
		{C285CF4A-36DA-4F13-8A04-1A7B3528EE42}.Debug|Any CPU.Build.0 = Debug|Any CPU
		{C285CF4A-36DA-4F13-8A04-1A7B3528EE42}.Debug|x64.ActiveCfg = Debug|Any CPU
		{C285CF4A-36DA-4F13-8A04-1A7B3528EE42}.Debug|x64.Build.0 = Debug|Any CPU
		{C285CF4A-36DA-4F13-8A04-1A7B3528EE42}.Debug|x86.ActiveCfg = Debug|Any CPU
		{C285CF4A-36DA-4F13-8A04-1A7B3528EE42}.Debug|x86.Build.0 = Debug|Any CPU
		{C285CF4A-36DA-4F13-8A04-1A7B3528EE42}.Release|Any CPU.ActiveCfg = Release|Any CPU
		{C285CF4A-36DA-4F13-8A04-1A7B3528EE42}.Release|Any CPU.Build.0 = Release|Any CPU
		{C285CF4A-36DA-4F13-8A04-1A7B3528EE42}.Release|x64.ActiveCfg = Release|Any CPU
		{C285CF4A-36DA-4F13-8A04-1A7B3528EE42}.Release|x64.Build.0 = Release|Any CPU
		{C285CF4A-36DA-4F13-8A04-1A7B3528EE42}.Release|x86.ActiveCfg = Release|Any CPU
		{C285CF4A-36DA-4F13-8A04-1A7B3528EE42}.Release|x86.Build.0 = Release|Any CPU
		{DE7F571B-7A01-49E9-B85B-71E68A55A6C5}.Debug|Any CPU.ActiveCfg = Debug|Any CPU
		{DE7F571B-7A01-49E9-B85B-71E68A55A6C5}.Debug|Any CPU.Build.0 = Debug|Any CPU
		{DE7F571B-7A01-49E9-B85B-71E68A55A6C5}.Debug|x64.ActiveCfg = Debug|Any CPU
		{DE7F571B-7A01-49E9-B85B-71E68A55A6C5}.Debug|x64.Build.0 = Debug|Any CPU
		{DE7F571B-7A01-49E9-B85B-71E68A55A6C5}.Debug|x86.ActiveCfg = Debug|Any CPU
		{DE7F571B-7A01-49E9-B85B-71E68A55A6C5}.Debug|x86.Build.0 = Debug|Any CPU
		{DE7F571B-7A01-49E9-B85B-71E68A55A6C5}.Release|Any CPU.ActiveCfg = Release|Any CPU
		{DE7F571B-7A01-49E9-B85B-71E68A55A6C5}.Release|Any CPU.Build.0 = Release|Any CPU
		{DE7F571B-7A01-49E9-B85B-71E68A55A6C5}.Release|x64.ActiveCfg = Release|Any CPU
		{DE7F571B-7A01-49E9-B85B-71E68A55A6C5}.Release|x64.Build.0 = Release|Any CPU
		{DE7F571B-7A01-49E9-B85B-71E68A55A6C5}.Release|x86.ActiveCfg = Release|Any CPU
		{DE7F571B-7A01-49E9-B85B-71E68A55A6C5}.Release|x86.Build.0 = Release|Any CPU
		{EF436421-16AC-4C20-A884-EDFAED65AD3B}.Debug|Any CPU.ActiveCfg = Debug|Any CPU
		{EF436421-16AC-4C20-A884-EDFAED65AD3B}.Debug|Any CPU.Build.0 = Debug|Any CPU
		{EF436421-16AC-4C20-A884-EDFAED65AD3B}.Debug|x64.ActiveCfg = Debug|Any CPU
		{EF436421-16AC-4C20-A884-EDFAED65AD3B}.Debug|x64.Build.0 = Debug|Any CPU
		{EF436421-16AC-4C20-A884-EDFAED65AD3B}.Debug|x86.ActiveCfg = Debug|Any CPU
		{EF436421-16AC-4C20-A884-EDFAED65AD3B}.Debug|x86.Build.0 = Debug|Any CPU
		{EF436421-16AC-4C20-A884-EDFAED65AD3B}.Release|Any CPU.ActiveCfg = Release|Any CPU
		{EF436421-16AC-4C20-A884-EDFAED65AD3B}.Release|Any CPU.Build.0 = Release|Any CPU
		{EF436421-16AC-4C20-A884-EDFAED65AD3B}.Release|x64.ActiveCfg = Release|Any CPU
		{EF436421-16AC-4C20-A884-EDFAED65AD3B}.Release|x64.Build.0 = Release|Any CPU
		{EF436421-16AC-4C20-A884-EDFAED65AD3B}.Release|x86.ActiveCfg = Release|Any CPU
		{EF436421-16AC-4C20-A884-EDFAED65AD3B}.Release|x86.Build.0 = Release|Any CPU
		{91691600-E7E3-4829-9A79-3CFE7866D0E8}.Debug|Any CPU.ActiveCfg = Debug|Any CPU
		{91691600-E7E3-4829-9A79-3CFE7866D0E8}.Debug|Any CPU.Build.0 = Debug|Any CPU
		{91691600-E7E3-4829-9A79-3CFE7866D0E8}.Debug|x64.ActiveCfg = Debug|Any CPU
		{91691600-E7E3-4829-9A79-3CFE7866D0E8}.Debug|x64.Build.0 = Debug|Any CPU
		{91691600-E7E3-4829-9A79-3CFE7866D0E8}.Debug|x86.ActiveCfg = Debug|Any CPU
		{91691600-E7E3-4829-9A79-3CFE7866D0E8}.Debug|x86.Build.0 = Debug|Any CPU
		{91691600-E7E3-4829-9A79-3CFE7866D0E8}.Release|Any CPU.ActiveCfg = Release|Any CPU
		{91691600-E7E3-4829-9A79-3CFE7866D0E8}.Release|Any CPU.Build.0 = Release|Any CPU
		{91691600-E7E3-4829-9A79-3CFE7866D0E8}.Release|x64.ActiveCfg = Release|Any CPU
		{91691600-E7E3-4829-9A79-3CFE7866D0E8}.Release|x64.Build.0 = Release|Any CPU
		{91691600-E7E3-4829-9A79-3CFE7866D0E8}.Release|x86.ActiveCfg = Release|Any CPU
		{91691600-E7E3-4829-9A79-3CFE7866D0E8}.Release|x86.Build.0 = Release|Any CPU
		{4D0E9A2E-A8A6-4A8E-9E4D-33DA9A5EC466}.Debug|Any CPU.ActiveCfg = Debug|Any CPU
		{4D0E9A2E-A8A6-4A8E-9E4D-33DA9A5EC466}.Debug|Any CPU.Build.0 = Debug|Any CPU
		{4D0E9A2E-A8A6-4A8E-9E4D-33DA9A5EC466}.Debug|x64.ActiveCfg = Debug|Any CPU
		{4D0E9A2E-A8A6-4A8E-9E4D-33DA9A5EC466}.Debug|x64.Build.0 = Debug|Any CPU
		{4D0E9A2E-A8A6-4A8E-9E4D-33DA9A5EC466}.Debug|x86.ActiveCfg = Debug|Any CPU
		{4D0E9A2E-A8A6-4A8E-9E4D-33DA9A5EC466}.Debug|x86.Build.0 = Debug|Any CPU
		{4D0E9A2E-A8A6-4A8E-9E4D-33DA9A5EC466}.Release|Any CPU.ActiveCfg = Release|Any CPU
		{4D0E9A2E-A8A6-4A8E-9E4D-33DA9A5EC466}.Release|Any CPU.Build.0 = Release|Any CPU
		{4D0E9A2E-A8A6-4A8E-9E4D-33DA9A5EC466}.Release|x64.ActiveCfg = Release|Any CPU
		{4D0E9A2E-A8A6-4A8E-9E4D-33DA9A5EC466}.Release|x64.Build.0 = Release|Any CPU
		{4D0E9A2E-A8A6-4A8E-9E4D-33DA9A5EC466}.Release|x86.ActiveCfg = Release|Any CPU
		{4D0E9A2E-A8A6-4A8E-9E4D-33DA9A5EC466}.Release|x86.Build.0 = Release|Any CPU
		{BF19A5BA-513D-4D1E-A7B0-672C211064FE}.Debug|Any CPU.ActiveCfg = Debug|Any CPU
		{BF19A5BA-513D-4D1E-A7B0-672C211064FE}.Debug|Any CPU.Build.0 = Debug|Any CPU
		{BF19A5BA-513D-4D1E-A7B0-672C211064FE}.Debug|x64.ActiveCfg = Debug|Any CPU
		{BF19A5BA-513D-4D1E-A7B0-672C211064FE}.Debug|x64.Build.0 = Debug|Any CPU
		{BF19A5BA-513D-4D1E-A7B0-672C211064FE}.Debug|x86.ActiveCfg = Debug|Any CPU
		{BF19A5BA-513D-4D1E-A7B0-672C211064FE}.Debug|x86.Build.0 = Debug|Any CPU
		{BF19A5BA-513D-4D1E-A7B0-672C211064FE}.Release|Any CPU.ActiveCfg = Release|Any CPU
		{BF19A5BA-513D-4D1E-A7B0-672C211064FE}.Release|Any CPU.Build.0 = Release|Any CPU
		{BF19A5BA-513D-4D1E-A7B0-672C211064FE}.Release|x64.ActiveCfg = Release|Any CPU
		{BF19A5BA-513D-4D1E-A7B0-672C211064FE}.Release|x64.Build.0 = Release|Any CPU
		{BF19A5BA-513D-4D1E-A7B0-672C211064FE}.Release|x86.ActiveCfg = Release|Any CPU
		{BF19A5BA-513D-4D1E-A7B0-672C211064FE}.Release|x86.Build.0 = Release|Any CPU
		{29B7C0E2-7D47-43CD-9217-879CB3B8C6B6}.Debug|Any CPU.ActiveCfg = Debug|Any CPU
		{29B7C0E2-7D47-43CD-9217-879CB3B8C6B6}.Debug|Any CPU.Build.0 = Debug|Any CPU
		{29B7C0E2-7D47-43CD-9217-879CB3B8C6B6}.Debug|x64.ActiveCfg = Debug|Any CPU
		{29B7C0E2-7D47-43CD-9217-879CB3B8C6B6}.Debug|x64.Build.0 = Debug|Any CPU
		{29B7C0E2-7D47-43CD-9217-879CB3B8C6B6}.Debug|x86.ActiveCfg = Debug|Any CPU
		{29B7C0E2-7D47-43CD-9217-879CB3B8C6B6}.Debug|x86.Build.0 = Debug|Any CPU
		{29B7C0E2-7D47-43CD-9217-879CB3B8C6B6}.Release|Any CPU.ActiveCfg = Release|Any CPU
		{29B7C0E2-7D47-43CD-9217-879CB3B8C6B6}.Release|Any CPU.Build.0 = Release|Any CPU
		{29B7C0E2-7D47-43CD-9217-879CB3B8C6B6}.Release|x64.ActiveCfg = Release|Any CPU
		{29B7C0E2-7D47-43CD-9217-879CB3B8C6B6}.Release|x64.Build.0 = Release|Any CPU
		{29B7C0E2-7D47-43CD-9217-879CB3B8C6B6}.Release|x86.ActiveCfg = Release|Any CPU
		{29B7C0E2-7D47-43CD-9217-879CB3B8C6B6}.Release|x86.Build.0 = Release|Any CPU
		{7763DCF8-1969-4129-B89A-B7DFF6B0FB5E}.Debug|Any CPU.ActiveCfg = Debug|Any CPU
		{7763DCF8-1969-4129-B89A-B7DFF6B0FB5E}.Debug|Any CPU.Build.0 = Debug|Any CPU
		{7763DCF8-1969-4129-B89A-B7DFF6B0FB5E}.Debug|x64.ActiveCfg = Debug|Any CPU
		{7763DCF8-1969-4129-B89A-B7DFF6B0FB5E}.Debug|x64.Build.0 = Debug|Any CPU
		{7763DCF8-1969-4129-B89A-B7DFF6B0FB5E}.Debug|x86.ActiveCfg = Debug|Any CPU
		{7763DCF8-1969-4129-B89A-B7DFF6B0FB5E}.Debug|x86.Build.0 = Debug|Any CPU
		{7763DCF8-1969-4129-B89A-B7DFF6B0FB5E}.Release|Any CPU.ActiveCfg = Release|Any CPU
		{7763DCF8-1969-4129-B89A-B7DFF6B0FB5E}.Release|Any CPU.Build.0 = Release|Any CPU
		{7763DCF8-1969-4129-B89A-B7DFF6B0FB5E}.Release|x64.ActiveCfg = Release|Any CPU
		{7763DCF8-1969-4129-B89A-B7DFF6B0FB5E}.Release|x64.Build.0 = Release|Any CPU
		{7763DCF8-1969-4129-B89A-B7DFF6B0FB5E}.Release|x86.ActiveCfg = Release|Any CPU
		{7763DCF8-1969-4129-B89A-B7DFF6B0FB5E}.Release|x86.Build.0 = Release|Any CPU
		{F76DDF62-E817-4A0F-B939-9217A7D059B3}.Debug|Any CPU.ActiveCfg = Debug|Any CPU
		{F76DDF62-E817-4A0F-B939-9217A7D059B3}.Debug|Any CPU.Build.0 = Debug|Any CPU
		{F76DDF62-E817-4A0F-B939-9217A7D059B3}.Debug|x64.ActiveCfg = Debug|Any CPU
		{F76DDF62-E817-4A0F-B939-9217A7D059B3}.Debug|x64.Build.0 = Debug|Any CPU
		{F76DDF62-E817-4A0F-B939-9217A7D059B3}.Debug|x86.ActiveCfg = Debug|Any CPU
		{F76DDF62-E817-4A0F-B939-9217A7D059B3}.Debug|x86.Build.0 = Debug|Any CPU
		{F76DDF62-E817-4A0F-B939-9217A7D059B3}.Release|Any CPU.ActiveCfg = Release|Any CPU
		{F76DDF62-E817-4A0F-B939-9217A7D059B3}.Release|Any CPU.Build.0 = Release|Any CPU
		{F76DDF62-E817-4A0F-B939-9217A7D059B3}.Release|x64.ActiveCfg = Release|Any CPU
		{F76DDF62-E817-4A0F-B939-9217A7D059B3}.Release|x64.Build.0 = Release|Any CPU
		{F76DDF62-E817-4A0F-B939-9217A7D059B3}.Release|x86.ActiveCfg = Release|Any CPU
		{F76DDF62-E817-4A0F-B939-9217A7D059B3}.Release|x86.Build.0 = Release|Any CPU
		{749F5C68-D073-40C0-B80A-A1CC3C407294}.Debug|Any CPU.ActiveCfg = Debug|Any CPU
		{749F5C68-D073-40C0-B80A-A1CC3C407294}.Debug|Any CPU.Build.0 = Debug|Any CPU
		{749F5C68-D073-40C0-B80A-A1CC3C407294}.Debug|x64.ActiveCfg = Debug|Any CPU
		{749F5C68-D073-40C0-B80A-A1CC3C407294}.Debug|x64.Build.0 = Debug|Any CPU
		{749F5C68-D073-40C0-B80A-A1CC3C407294}.Debug|x86.ActiveCfg = Debug|Any CPU
		{749F5C68-D073-40C0-B80A-A1CC3C407294}.Debug|x86.Build.0 = Debug|Any CPU
		{749F5C68-D073-40C0-B80A-A1CC3C407294}.Release|Any CPU.ActiveCfg = Release|Any CPU
		{749F5C68-D073-40C0-B80A-A1CC3C407294}.Release|Any CPU.Build.0 = Release|Any CPU
		{749F5C68-D073-40C0-B80A-A1CC3C407294}.Release|x64.ActiveCfg = Release|Any CPU
		{749F5C68-D073-40C0-B80A-A1CC3C407294}.Release|x64.Build.0 = Release|Any CPU
		{749F5C68-D073-40C0-B80A-A1CC3C407294}.Release|x86.ActiveCfg = Release|Any CPU
		{749F5C68-D073-40C0-B80A-A1CC3C407294}.Release|x86.Build.0 = Release|Any CPU
		{4150683D-987C-4150-A214-4F550FF7EBA4}.Debug|Any CPU.ActiveCfg = Debug|Any CPU
		{4150683D-987C-4150-A214-4F550FF7EBA4}.Debug|Any CPU.Build.0 = Debug|Any CPU
		{4150683D-987C-4150-A214-4F550FF7EBA4}.Debug|x64.ActiveCfg = Debug|Any CPU
		{4150683D-987C-4150-A214-4F550FF7EBA4}.Debug|x64.Build.0 = Debug|Any CPU
		{4150683D-987C-4150-A214-4F550FF7EBA4}.Debug|x86.ActiveCfg = Debug|Any CPU
		{4150683D-987C-4150-A214-4F550FF7EBA4}.Debug|x86.Build.0 = Debug|Any CPU
		{4150683D-987C-4150-A214-4F550FF7EBA4}.Release|Any CPU.ActiveCfg = Release|Any CPU
		{4150683D-987C-4150-A214-4F550FF7EBA4}.Release|Any CPU.Build.0 = Release|Any CPU
		{4150683D-987C-4150-A214-4F550FF7EBA4}.Release|x64.ActiveCfg = Release|Any CPU
		{4150683D-987C-4150-A214-4F550FF7EBA4}.Release|x64.Build.0 = Release|Any CPU
		{4150683D-987C-4150-A214-4F550FF7EBA4}.Release|x86.ActiveCfg = Release|Any CPU
		{4150683D-987C-4150-A214-4F550FF7EBA4}.Release|x86.Build.0 = Release|Any CPU
		{E3986207-C23B-4459-B915-02C0FA13877D}.Debug|Any CPU.ActiveCfg = Debug|Any CPU
		{E3986207-C23B-4459-B915-02C0FA13877D}.Debug|Any CPU.Build.0 = Debug|Any CPU
		{E3986207-C23B-4459-B915-02C0FA13877D}.Debug|x64.ActiveCfg = Debug|Any CPU
		{E3986207-C23B-4459-B915-02C0FA13877D}.Debug|x64.Build.0 = Debug|Any CPU
		{E3986207-C23B-4459-B915-02C0FA13877D}.Debug|x86.ActiveCfg = Debug|Any CPU
		{E3986207-C23B-4459-B915-02C0FA13877D}.Debug|x86.Build.0 = Debug|Any CPU
		{E3986207-C23B-4459-B915-02C0FA13877D}.Release|Any CPU.ActiveCfg = Release|Any CPU
		{E3986207-C23B-4459-B915-02C0FA13877D}.Release|Any CPU.Build.0 = Release|Any CPU
		{E3986207-C23B-4459-B915-02C0FA13877D}.Release|x64.ActiveCfg = Release|Any CPU
		{E3986207-C23B-4459-B915-02C0FA13877D}.Release|x64.Build.0 = Release|Any CPU
		{E3986207-C23B-4459-B915-02C0FA13877D}.Release|x86.ActiveCfg = Release|Any CPU
		{E3986207-C23B-4459-B915-02C0FA13877D}.Release|x86.Build.0 = Release|Any CPU
		{666C5B65-9F88-4E92-9986-3B058181D1DB}.Debug|Any CPU.ActiveCfg = Debug|Any CPU
		{666C5B65-9F88-4E92-9986-3B058181D1DB}.Debug|Any CPU.Build.0 = Debug|Any CPU
		{666C5B65-9F88-4E92-9986-3B058181D1DB}.Debug|x64.ActiveCfg = Debug|Any CPU
		{666C5B65-9F88-4E92-9986-3B058181D1DB}.Debug|x64.Build.0 = Debug|Any CPU
		{666C5B65-9F88-4E92-9986-3B058181D1DB}.Debug|x86.ActiveCfg = Debug|Any CPU
		{666C5B65-9F88-4E92-9986-3B058181D1DB}.Debug|x86.Build.0 = Debug|Any CPU
		{666C5B65-9F88-4E92-9986-3B058181D1DB}.Release|Any CPU.ActiveCfg = Release|Any CPU
		{666C5B65-9F88-4E92-9986-3B058181D1DB}.Release|Any CPU.Build.0 = Release|Any CPU
		{666C5B65-9F88-4E92-9986-3B058181D1DB}.Release|x64.ActiveCfg = Release|Any CPU
		{666C5B65-9F88-4E92-9986-3B058181D1DB}.Release|x64.Build.0 = Release|Any CPU
		{666C5B65-9F88-4E92-9986-3B058181D1DB}.Release|x86.ActiveCfg = Release|Any CPU
		{666C5B65-9F88-4E92-9986-3B058181D1DB}.Release|x86.Build.0 = Release|Any CPU
		{A3F28E3F-61A6-4260-B1C4-D1029ED2DA7B}.Debug|Any CPU.ActiveCfg = Debug|Any CPU
		{A3F28E3F-61A6-4260-B1C4-D1029ED2DA7B}.Debug|Any CPU.Build.0 = Debug|Any CPU
		{A3F28E3F-61A6-4260-B1C4-D1029ED2DA7B}.Debug|x64.ActiveCfg = Debug|Any CPU
		{A3F28E3F-61A6-4260-B1C4-D1029ED2DA7B}.Debug|x64.Build.0 = Debug|Any CPU
		{A3F28E3F-61A6-4260-B1C4-D1029ED2DA7B}.Debug|x86.ActiveCfg = Debug|Any CPU
		{A3F28E3F-61A6-4260-B1C4-D1029ED2DA7B}.Debug|x86.Build.0 = Debug|Any CPU
		{A3F28E3F-61A6-4260-B1C4-D1029ED2DA7B}.Release|Any CPU.ActiveCfg = Release|Any CPU
		{A3F28E3F-61A6-4260-B1C4-D1029ED2DA7B}.Release|Any CPU.Build.0 = Release|Any CPU
		{A3F28E3F-61A6-4260-B1C4-D1029ED2DA7B}.Release|x64.ActiveCfg = Release|Any CPU
		{A3F28E3F-61A6-4260-B1C4-D1029ED2DA7B}.Release|x64.Build.0 = Release|Any CPU
		{A3F28E3F-61A6-4260-B1C4-D1029ED2DA7B}.Release|x86.ActiveCfg = Release|Any CPU
		{A3F28E3F-61A6-4260-B1C4-D1029ED2DA7B}.Release|x86.Build.0 = Release|Any CPU
	EndGlobalSection
	GlobalSection(SolutionProperties) = preSolution
		HideSolutionNode = FALSE
	EndGlobalSection
	GlobalSection(NestedProjects) = preSolution
		{7FC2263C-8D4B-4CDE-865F-DFAF6C04BE27} = {BFE8B66F-F0A4-4DFD-9C50-6043746B4999}
		{97EF9DE4-0E63-426F-AC8C-123A76DAE154} = {BFE8B66F-F0A4-4DFD-9C50-6043746B4999}
		{2D57C1F5-EBDF-49FC-BD5B-C185BED6C691} = {BFE8B66F-F0A4-4DFD-9C50-6043746B4999}
		{7D8BC3F5-4F27-4713-AB9D-8EA787335700} = {BFE8B66F-F0A4-4DFD-9C50-6043746B4999}
		{ECDF404D-872F-46FF-8791-643053E56739} = {BFE8B66F-F0A4-4DFD-9C50-6043746B4999}
		{7E94620E-814C-4E73-BD45-07BD37B072F5} = {BFE8B66F-F0A4-4DFD-9C50-6043746B4999}
		{5272FBE2-53B0-4A2E-A15A-56829B19657A} = {BFE8B66F-F0A4-4DFD-9C50-6043746B4999}
		{4E0869F8-1429-4D0B-B976-8FEFD12F30C6} = {BFE8B66F-F0A4-4DFD-9C50-6043746B4999}
		{F763F568-28C2-4BFB-88AA-8F8F67B85911} = {BFE8B66F-F0A4-4DFD-9C50-6043746B4999}
		{CCFECA35-80A3-43E2-BE31-46119362DD6E} = {BFE8B66F-F0A4-4DFD-9C50-6043746B4999}
		{0409EB37-E421-4B17-8603-C83A64E6FDD0} = {BFE8B66F-F0A4-4DFD-9C50-6043746B4999}
		{437CB0AF-C790-4CFF-9F0A-105CDBC9F7AD} = {BFE8B66F-F0A4-4DFD-9C50-6043746B4999}
		{A3FD5F1B-26D0-4DC5-923A-70D760C59428} = {BFE8B66F-F0A4-4DFD-9C50-6043746B4999}
		{F8A7CB0A-3A2C-48DF-8803-06349B24D66B} = {BFE8B66F-F0A4-4DFD-9C50-6043746B4999}
		{3B775264-0201-416D-A50B-23F15E08F3E8} = {BFE8B66F-F0A4-4DFD-9C50-6043746B4999}
		{EC3FEC7F-2716-4967-99B0-0306C80FF781} = {BFE8B66F-F0A4-4DFD-9C50-6043746B4999}
		{A5AEADF6-0155-4F50-B7F8-04ADC8414A4B} = {BFE8B66F-F0A4-4DFD-9C50-6043746B4999}
		{5A7131E9-CD7E-4B5B-995E-235E33AA15CE} = {BFE8B66F-F0A4-4DFD-9C50-6043746B4999}
		{4F72DBB3-94D8-4E3A-9C64-2BD78BDF9343} = {BFE8B66F-F0A4-4DFD-9C50-6043746B4999}
		{3B825E50-C5D1-4C4B-A4DA-2BF10B56FBB8} = {BFE8B66F-F0A4-4DFD-9C50-6043746B4999}
		{E0DA6FF0-C3D7-450A-959D-B8412B1174FD} = {BFE8B66F-F0A4-4DFD-9C50-6043746B4999}
		{888DF52C-1004-4DB3-944C-57F893FB7238} = {BFE8B66F-F0A4-4DFD-9C50-6043746B4999}
		{B0B819C3-9DD6-4819-90CF-4563D74F297E} = {BFE8B66F-F0A4-4DFD-9C50-6043746B4999}
		{FF623B56-D17E-4B3F-B078-6CCA97DF6CA4} = {BFE8B66F-F0A4-4DFD-9C50-6043746B4999}
		{8EE328D5-A654-4CC9-8FAB-30E83C74596F} = {BFE8B66F-F0A4-4DFD-9C50-6043746B4999}
		{D1D15E06-ED8F-4791-A5AD-5B5780910AFA} = {BFE8B66F-F0A4-4DFD-9C50-6043746B4999}
		{DAC2C3F3-9C86-4263-A24A-2DAA4C05FB17} = {BFE8B66F-F0A4-4DFD-9C50-6043746B4999}
		{325FE267-3E90-4DCE-B729-A2CCD1BBBBF6} = {BFE8B66F-F0A4-4DFD-9C50-6043746B4999}
		{0FBAAC7A-2DE2-4ECB-8F6A-DE09B6A5162D} = {0AB3BF05-4346-4AA6-1389-037BE0695223}
		{9852D972-BBC7-42E1-A9FE-C07A3A9B17C1} = {0AB3BF05-4346-4AA6-1389-037BE0695223}
		{A4474036-0DBA-45BE-80D5-F17901E89DAA} = {0AB3BF05-4346-4AA6-1389-037BE0695223}
		{951F2E5F-D1DE-43A4-981E-8329A6764BC4} = {0AB3BF05-4346-4AA6-1389-037BE0695223}
		{DC601A8D-A4CB-4A03-8618-8AAACE935489} = {0AB3BF05-4346-4AA6-1389-037BE0695223}
		{B4C53B13-94E8-4114-B0C7-27472A6EDE50} = {0AB3BF05-4346-4AA6-1389-037BE0695223}
		{A02C364E-0322-4405-B230-080F1DC7F13C} = {0AB3BF05-4346-4AA6-1389-037BE0695223}
		{7CB2A80F-0F3B-4F3D-ADC0-9534DEB6EA0D} = {0AB3BF05-4346-4AA6-1389-037BE0695223}
		{13D38C58-C655-4E99-BA10-A6D1D3E9073C} = {0AB3BF05-4346-4AA6-1389-037BE0695223}
		{4C5CEF1A-8F86-4C63-8A45-063F5E646FC1} = {0AB3BF05-4346-4AA6-1389-037BE0695223}
		{88BF66F5-34DC-4538-B995-C95C7A33AE8D} = {0AB3BF05-4346-4AA6-1389-037BE0695223}
		{5450F1FE-1C0D-4D53-80DB-07BFE1225719} = {0AB3BF05-4346-4AA6-1389-037BE0695223}
		{C285CF4A-36DA-4F13-8A04-1A7B3528EE42} = {0AB3BF05-4346-4AA6-1389-037BE0695223}
		{DE7F571B-7A01-49E9-B85B-71E68A55A6C5} = {0AB3BF05-4346-4AA6-1389-037BE0695223}
		{EF436421-16AC-4C20-A884-EDFAED65AD3B} = {0AB3BF05-4346-4AA6-1389-037BE0695223}
		{91691600-E7E3-4829-9A79-3CFE7866D0E8} = {0AB3BF05-4346-4AA6-1389-037BE0695223}
		{4D0E9A2E-A8A6-4A8E-9E4D-33DA9A5EC466} = {0AB3BF05-4346-4AA6-1389-037BE0695223}
		{BF19A5BA-513D-4D1E-A7B0-672C211064FE} = {0AB3BF05-4346-4AA6-1389-037BE0695223}
		{29B7C0E2-7D47-43CD-9217-879CB3B8C6B6} = {0AB3BF05-4346-4AA6-1389-037BE0695223}
		{7763DCF8-1969-4129-B89A-B7DFF6B0FB5E} = {0AB3BF05-4346-4AA6-1389-037BE0695223}
		{F76DDF62-E817-4A0F-B939-9217A7D059B3} = {0AB3BF05-4346-4AA6-1389-037BE0695223}
		{749F5C68-D073-40C0-B80A-A1CC3C407294} = {0AB3BF05-4346-4AA6-1389-037BE0695223}
		{4150683D-987C-4150-A214-4F550FF7EBA4} = {0AB3BF05-4346-4AA6-1389-037BE0695223}
		{E3986207-C23B-4459-B915-02C0FA13877D} = {0AB3BF05-4346-4AA6-1389-037BE0695223}
		{666C5B65-9F88-4E92-9986-3B058181D1DB} = {0AB3BF05-4346-4AA6-1389-037BE0695223}
		{A3F28E3F-61A6-4260-B1C4-D1029ED2DA7B} = {BFE8B66F-F0A4-4DFD-9C50-6043746B4999}
	EndGlobalSection
EndGlobal
