
Microsoft Visual Studio Solution File, Format Version 12.00
# Visual Studio Version 17
VisualStudioVersion = 17.0.31903.59
MinimumVisualStudioVersion = 10.0.40219.1
Project("{2150E333-8FDC-42A3-9474-1A3956D46DE8}") = "src", "src", "{AE48F9C9-521A-47D5-98A2-E006E515E44E}"
EndProject
Project("{FAE04EC0-301F-11D3-BF4B-00C04F79EFBC}") = "Mamey.Persistence.Redis", "src\Mamey.Persistence.Redis\Mamey.Persistence.Redis.csproj", "{1744A8F9-67B7-4F83-987A-EF78DAA0901A}"
EndProject
Global
	GlobalSection(SolutionConfigurationPlatforms) = preSolution
		Debug|Any CPU = Debug|Any CPU
		Release|Any CPU = Release|Any CPU
	EndGlobalSection
	GlobalSection(SolutionProperties) = preSolution
		HideSolutionNode = FALSE
	EndGlobalSection
	GlobalSection(ProjectConfigurationPlatforms) = postSolution
		{1744A8F9-67B7-4F83-987A-EF78DAA0901A}.Debug|Any CPU.ActiveCfg = Debug|Any CPU
		{1744A8F9-67B7-4F83-987A-EF78DAA0901A}.Debug|Any CPU.Build.0 = Debug|Any CPU
		{1744A8F9-67B7-4F83-987A-EF78DAA0901A}.Release|Any CPU.ActiveCfg = Release|Any CPU
		{1744A8F9-67B7-4F83-987A-EF78DAA0901A}.Release|Any CPU.Build.0 = Release|Any CPU
	EndGlobalSection
	GlobalSection(NestedProjects) = preSolution
		{1744A8F9-67B7-4F83-987A-EF78DAA0901A} = {AE48F9C9-521A-47D5-98A2-E006E515E44E}
	EndGlobalSection
EndGlobal
