
Microsoft Visual Studio Solution File, Format Version 12.00
# Visual Studio Version 17
VisualStudioVersion = 17.0.31903.59
MinimumVisualStudioVersion = 10.0.40219.1
Project("{2150E333-8FDC-42A3-9474-1A3956D46DE8}") = "src", "src", "{778528BD-0D9E-4DC5-A76A-C3A899AEC7DA}"
EndProject
Project("{FAE04EC0-301F-11D3-BF4B-00C04F79EFBC}") = "Mamey.MessageBrokers.RabbitMQ", "src\Mamey.MessageBrokers.RabbitMQ\Mamey.MessageBrokers.RabbitMQ.csproj", "{3CB410C3-6C3A-4272-90BC-838495252E8D}"
EndProject
Global
	GlobalSection(SolutionConfigurationPlatforms) = preSolution
		Debug|Any CPU = Debug|Any CPU
		Release|Any CPU = Release|Any CPU
	EndGlobalSection
	GlobalSection(SolutionProperties) = preSolution
		HideSolutionNode = FALSE
	EndGlobalSection
	GlobalSection(ProjectConfigurationPlatforms) = postSolution
		{3CB410C3-6C3A-4272-90BC-838495252E8D}.Debug|Any CPU.ActiveCfg = Debug|Any CPU
		{3CB410C3-6C3A-4272-90BC-838495252E8D}.Debug|Any CPU.Build.0 = Debug|Any CPU
		{3CB410C3-6C3A-4272-90BC-838495252E8D}.Release|Any CPU.ActiveCfg = Release|Any CPU
		{3CB410C3-6C3A-4272-90BC-838495252E8D}.Release|Any CPU.Build.0 = Release|Any CPU
	EndGlobalSection
	GlobalSection(NestedProjects) = preSolution
		{3CB410C3-6C3A-4272-90BC-838495252E8D} = {778528BD-0D9E-4DC5-A76A-C3A899AEC7DA}
	EndGlobalSection
EndGlobal
