
Microsoft Visual Studio Solution File, Format Version 12.00
# Visual Studio Version 17
VisualStudioVersion = 17.10.0
MinimumVisualStudioVersion = 10.0.40219.1

# ═══════════════════════════════════════════════════════════
# 🦅 Ierahkwa Mamey FutureHead — Unified Solution
# All .NET projects across the sovereign platform
# ═══════════════════════════════════════════════════════════

# ──────────────────────────────────────────────────────────
# SOLUTION FOLDERS (virtual organization)
# ──────────────────────────────────────────────────────────

Project("{2150E333-8FDC-42A3-9474-1A3956D46DE8}") = "Banking", "Banking", "{A0000001-0000-0000-0000-000000000001}"
EndProject
Project("{2150E333-8FDC-42A3-9474-1A3956D46DE8}") = "Banking.Tests", "Banking.Tests", "{A0000001-0000-0000-0000-000000000002}"
EndProject
Project("{2150E333-8FDC-42A3-9474-1A3956D46DE8}") = "Government", "Government", "{A0000002-0000-0000-0000-000000000001}"
EndProject
Project("{2150E333-8FDC-42A3-9474-1A3956D46DE8}") = "Finance", "Finance", "{A0000003-0000-0000-0000-000000000001}"
EndProject
Project("{2150E333-8FDC-42A3-9474-1A3956D46DE8}") = "Tech", "Tech", "{A0000004-0000-0000-0000-000000000001}"
EndProject
Project("{2150E333-8FDC-42A3-9474-1A3956D46DE8}") = "Business", "Business", "{A0000005-0000-0000-0000-000000000001}"
EndProject
Project("{2150E333-8FDC-42A3-9474-1A3956D46DE8}") = "Infra", "Infra", "{A0000006-0000-0000-0000-000000000001}"
EndProject

# ──────────────────────────────────────────────────────────
# BANKING — IerahkwaBanking.NET10 (Core)
# ──────────────────────────────────────────────────────────

Project("{FAE04EC0-301F-11D3-BF4B-00C04F79EFBC}") = "Banking.API", "platforms\RuddieSolution\IerahkwaBanking.NET10\src\Banking.API\Banking.API.csproj", "{B1000001-0001-0000-0000-000000000001}"
EndProject
Project("{FAE04EC0-301F-11D3-BF4B-00C04F79EFBC}") = "Banking.Core", "platforms\RuddieSolution\IerahkwaBanking.NET10\src\Banking.Core\Banking.Core.csproj", "{B1000001-0002-0000-0000-000000000001}"
EndProject
Project("{FAE04EC0-301F-11D3-BF4B-00C04F79EFBC}") = "Banking.Auth", "platforms\RuddieSolution\IerahkwaBanking.NET10\src\Banking.Auth\Banking.Auth.csproj", "{B1000001-0003-0000-0000-000000000001}"
EndProject
Project("{FAE04EC0-301F-11D3-BF4B-00C04F79EFBC}") = "Banking.Infrastructure", "platforms\RuddieSolution\IerahkwaBanking.NET10\src\Banking.Infrastructure\Banking.Infrastructure.csproj", "{B1000001-0004-0000-0000-000000000001}"
EndProject
Project("{FAE04EC0-301F-11D3-BF4B-00C04F79EFBC}") = "Banking.Blockchain", "platforms\RuddieSolution\IerahkwaBanking.NET10\src\Banking.Blockchain\Banking.Blockchain.csproj", "{B1000001-0005-0000-0000-000000000001}"
EndProject
Project("{FAE04EC0-301F-11D3-BF4B-00C04F79EFBC}") = "Banking.MameyNode", "platforms\RuddieSolution\IerahkwaBanking.NET10\src\Banking.MameyNode\Banking.MameyNode.csproj", "{B1000001-0006-0000-0000-000000000001}"
EndProject
Project("{FAE04EC0-301F-11D3-BF4B-00C04F79EFBC}") = "Banking.Tests", "platforms\RuddieSolution\IerahkwaBanking.NET10\tests\Banking.Tests\Banking.Tests.csproj", "{B1000001-0007-0000-0000-000000000001}"
EndProject

# ──────────────────────────────────────────────────────────
# GOVERNMENT
# ──────────────────────────────────────────────────────────

Project("{FAE04EC0-301F-11D3-BF4B-00C04F79EFBC}") = "AdvocateOffice", "platforms\government\AdvocateOffice\AdvocateOffice.csproj", "{C2000001-0001-0000-0000-000000000001}"
EndProject
Project("{FAE04EC0-301F-11D3-BF4B-00C04F79EFBC}") = "CitizenCRM", "platforms\government\CitizenCRM\CitizenCRM.csproj", "{C2000001-0002-0000-0000-000000000001}"
EndProject
Project("{FAE04EC0-301F-11D3-BF4B-00C04F79EFBC}") = "ContractManager", "platforms\government\ContractManager\ContractManager.csproj", "{C2000001-0003-0000-0000-000000000001}"
EndProject
Project("{FAE04EC0-301F-11D3-BF4B-00C04F79EFBC}") = "ServiceDesk", "platforms\government\ServiceDesk\ServiceDesk.csproj", "{C2000001-0004-0000-0000-000000000001}"
EndProject
Project("{FAE04EC0-301F-11D3-BF4B-00C04F79EFBC}") = "MeetingHub", "platforms\government\MeetingHub\MeetingHub.csproj", "{C2000001-0005-0000-0000-000000000001}"
EndProject
Project("{FAE04EC0-301F-11D3-BF4B-00C04F79EFBC}") = "SpikeOffice", "platforms\government\SpikeOffice\SpikeOffice.csproj", "{C2000001-0006-0000-0000-000000000001}"
EndProject
Project("{FAE04EC0-301F-11D3-BF4B-00C04F79EFBC}") = "Akwesasne", "platforms\government\Akwesasne\Akwesasne.csproj", "{C2000001-0007-0000-0000-000000000001}"
EndProject
Project("{FAE04EC0-301F-11D3-BF4B-00C04F79EFBC}") = "CitizenPortal", "platforms\government\CitizenPortal\CitizenPortal.csproj", "{C2000001-0008-0000-0000-000000000001}"
EndProject

# ──────────────────────────────────────────────────────────
# FINANCE
# ──────────────────────────────────────────────────────────

Project("{FAE04EC0-301F-11D3-BF4B-00C04F79EFBC}") = "BancoBDET", "platforms\finance\BancoBDET\BancoBDET.csproj", "{C3000001-0001-0000-0000-000000000001}"
EndProject
Project("{FAE04EC0-301F-11D3-BF4B-00C04F79EFBC}") = "BancoCentral", "platforms\finance\BancoCentral\BancoCentral.csproj", "{C3000001-0002-0000-0000-000000000001}"
EndProject
Project("{FAE04EC0-301F-11D3-BF4B-00C04F79EFBC}") = "DeFiSoberano", "platforms\finance\DeFiSoberano\DeFiSoberano.csproj", "{C3000001-0003-0000-0000-000000000001}"
EndProject
Project("{FAE04EC0-301F-11D3-BF4B-00C04F79EFBC}") = "IDOFactory", "platforms\finance\IDOFactory\IDOFactory.csproj", "{C3000001-0004-0000-0000-000000000001}"
EndProject
Project("{FAE04EC0-301F-11D3-BF4B-00C04F79EFBC}") = "IerahkwaBankPlatform", "platforms\finance\IerahkwaBankPlatform\IerahkwaBankPlatform.csproj", "{C3000001-0005-0000-0000-000000000001}"
EndProject
Project("{FAE04EC0-301F-11D3-BF4B-00C04F79EFBC}") = "MultichainBridge", "platforms\finance\MultichainBridge\MultichainBridge.csproj", "{C3000001-0006-0000-0000-000000000001}"
EndProject
Project("{FAE04EC0-301F-11D3-BF4B-00C04F79EFBC}") = "AssetTracker", "platforms\finance\AssetTracker\AssetTracker.csproj", "{C3000001-0007-0000-0000-000000000001}"
EndProject
Project("{FAE04EC0-301F-11D3-BF4B-00C04F79EFBC}") = "BudgetControl", "platforms\finance\BudgetControl\BudgetControl.csproj", "{C3000001-0008-0000-0000-000000000001}"
EndProject
Project("{FAE04EC0-301F-11D3-BF4B-00C04F79EFBC}") = "TransactionCodes", "platforms\finance\TransactionCodes\TransactionCodes.csproj", "{C3000001-0009-0000-0000-000000000001}"
EndProject

# ──────────────────────────────────────────────────────────
# TECH
# ──────────────────────────────────────────────────────────

Project("{FAE04EC0-301F-11D3-BF4B-00C04F79EFBC}") = "BiometricAuth", "platforms\tech\BiometricAuth\BiometricAuth.csproj", "{C4000001-0001-0000-0000-000000000001}"
EndProject
Project("{FAE04EC0-301F-11D3-BF4B-00C04F79EFBC}") = "BioMetrics", "platforms\tech\BioMetrics\BioMetrics.csproj", "{C4000001-0002-0000-0000-000000000001}"
EndProject
Project("{FAE04EC0-301F-11D3-BF4B-00C04F79EFBC}") = "AIFraudDetection", "platforms\tech\AIFraudDetection\AIFraudDetection.csproj", "{C4000001-0003-0000-0000-000000000001}"
EndProject
Project("{FAE04EC0-301F-11D3-BF4B-00C04F79EFBC}") = "AuditTrail", "platforms\tech\AuditTrail\AuditTrail.csproj", "{C4000001-0004-0000-0000-000000000001}"
EndProject
Project("{FAE04EC0-301F-11D3-BF4B-00C04F79EFBC}") = "AppointmentHub", "platforms\tech\AppointmentHub\AppointmentHub.csproj", "{C4000001-0005-0000-0000-000000000001}"
EndProject
Project("{FAE04EC0-301F-11D3-BF4B-00C04F79EFBC}") = "AppBuilder", "platforms\tech\AppBuilder\AppBuilder.csproj", "{C4000001-0006-0000-0000-000000000001}"
EndProject
Project("{FAE04EC0-301F-11D3-BF4B-00C04F79EFBC}") = "CitizenCRM-API", "platforms\tech\CitizenCRM-API\CitizenCRM-API.csproj", "{C4000001-0007-0000-0000-000000000001}"
EndProject
Project("{FAE04EC0-301F-11D3-BF4B-00C04F79EFBC}") = "CitizenCRM-Core", "platforms\tech\CitizenCRM-Core\CitizenCRM-Core.csproj", "{C4000001-0008-0000-0000-000000000001}"
EndProject
Project("{FAE04EC0-301F-11D3-BF4B-00C04F79EFBC}") = "CitizenCRM-Main", "platforms\tech\CitizenCRM-Main\CitizenCRM-Main.csproj", "{C4000001-0009-0000-0000-000000000001}"
EndProject
Project("{FAE04EC0-301F-11D3-BF4B-00C04F79EFBC}") = "ImageUpload", "platforms\tech\ImageUpload\ImageUpload.csproj", "{C4000001-0010-0000-0000-000000000001}"
EndProject

# ──────────────────────────────────────────────────────────
# BUSINESS
# ──────────────────────────────────────────────────────────

Project("{FAE04EC0-301F-11D3-BF4B-00C04F79EFBC}") = "InventorySystem", "platforms\business\InventorySystem\InventorySystem.csproj", "{C5000001-0001-0000-0000-000000000001}"
EndProject

# ──────────────────────────────────────────────────────────
# EDUCATION
# ──────────────────────────────────────────────────────────

Project("{FAE04EC0-301F-11D3-BF4B-00C04F79EFBC}") = "SmartSchool", "platforms\education\SmartSchool\SmartSchool.csproj", "{C6000001-0001-0000-0000-000000000001}"
EndProject

Global
	GlobalSection(SolutionConfigurationPlatforms) = preSolution
		Debug|Any CPU = Debug|Any CPU
		Release|Any CPU = Release|Any CPU
		Production|Any CPU = Production|Any CPU
	EndGlobalSection
	GlobalSection(ProjectConfigurationPlatforms) = postSolution
		{B1000001-0001-0000-0000-000000000001}.Debug|Any CPU.ActiveCfg = Debug|Any CPU
		{B1000001-0001-0000-0000-000000000001}.Debug|Any CPU.Build.0 = Debug|Any CPU
		{B1000001-0001-0000-0000-000000000001}.Release|Any CPU.ActiveCfg = Release|Any CPU
		{B1000001-0001-0000-0000-000000000001}.Release|Any CPU.Build.0 = Release|Any CPU
		{B1000001-0001-0000-0000-000000000001}.Production|Any CPU.ActiveCfg = Release|Any CPU
		{B1000001-0001-0000-0000-000000000001}.Production|Any CPU.Build.0 = Release|Any CPU
		{B1000001-0002-0000-0000-000000000001}.Debug|Any CPU.ActiveCfg = Debug|Any CPU
		{B1000001-0002-0000-0000-000000000001}.Debug|Any CPU.Build.0 = Debug|Any CPU
		{B1000001-0002-0000-0000-000000000001}.Release|Any CPU.ActiveCfg = Release|Any CPU
		{B1000001-0002-0000-0000-000000000001}.Release|Any CPU.Build.0 = Release|Any CPU
		{B1000001-0003-0000-0000-000000000001}.Debug|Any CPU.ActiveCfg = Debug|Any CPU
		{B1000001-0003-0000-0000-000000000001}.Debug|Any CPU.Build.0 = Debug|Any CPU
		{B1000001-0003-0000-0000-000000000001}.Release|Any CPU.ActiveCfg = Release|Any CPU
		{B1000001-0003-0000-0000-000000000001}.Release|Any CPU.Build.0 = Release|Any CPU
		{B1000001-0004-0000-0000-000000000001}.Debug|Any CPU.ActiveCfg = Debug|Any CPU
		{B1000001-0004-0000-0000-000000000001}.Debug|Any CPU.Build.0 = Debug|Any CPU
		{B1000001-0004-0000-0000-000000000001}.Release|Any CPU.ActiveCfg = Release|Any CPU
		{B1000001-0004-0000-0000-000000000001}.Release|Any CPU.Build.0 = Release|Any CPU
		{B1000001-0005-0000-0000-000000000001}.Debug|Any CPU.ActiveCfg = Debug|Any CPU
		{B1000001-0005-0000-0000-000000000001}.Debug|Any CPU.Build.0 = Debug|Any CPU
		{B1000001-0005-0000-0000-000000000001}.Release|Any CPU.ActiveCfg = Release|Any CPU
		{B1000001-0005-0000-0000-000000000001}.Release|Any CPU.Build.0 = Release|Any CPU
		{B1000001-0006-0000-0000-000000000001}.Debug|Any CPU.ActiveCfg = Debug|Any CPU
		{B1000001-0006-0000-0000-000000000001}.Debug|Any CPU.Build.0 = Debug|Any CPU
		{B1000001-0006-0000-0000-000000000001}.Release|Any CPU.ActiveCfg = Release|Any CPU
		{B1000001-0006-0000-0000-000000000001}.Release|Any CPU.Build.0 = Release|Any CPU
		{B1000001-0007-0000-0000-000000000001}.Debug|Any CPU.ActiveCfg = Debug|Any CPU
		{B1000001-0007-0000-0000-000000000001}.Debug|Any CPU.Build.0 = Debug|Any CPU
		{B1000001-0007-0000-0000-000000000001}.Release|Any CPU.ActiveCfg = Release|Any CPU
		{B1000001-0007-0000-0000-000000000001}.Release|Any CPU.Build.0 = Release|Any CPU
	EndGlobalSection
	GlobalSection(NestedProjects) = preSolution
		# Banking projects → Banking folder
		{B1000001-0001-0000-0000-000000000001} = {A0000001-0000-0000-0000-000000000001}
		{B1000001-0002-0000-0000-000000000001} = {A0000001-0000-0000-0000-000000000001}
		{B1000001-0003-0000-0000-000000000001} = {A0000001-0000-0000-0000-000000000001}
		{B1000001-0004-0000-0000-000000000001} = {A0000001-0000-0000-0000-000000000001}
		{B1000001-0005-0000-0000-000000000001} = {A0000001-0000-0000-0000-000000000001}
		{B1000001-0006-0000-0000-000000000001} = {A0000001-0000-0000-0000-000000000001}
		# Banking tests → Banking.Tests folder
		{B1000001-0007-0000-0000-000000000001} = {A0000001-0000-0000-0000-000000000002}
		# Government projects
		{C2000001-0001-0000-0000-000000000001} = {A0000002-0000-0000-0000-000000000001}
		{C2000001-0002-0000-0000-000000000001} = {A0000002-0000-0000-0000-000000000001}
		{C2000001-0003-0000-0000-000000000001} = {A0000002-0000-0000-0000-000000000001}
		{C2000001-0004-0000-0000-000000000001} = {A0000002-0000-0000-0000-000000000001}
		{C2000001-0005-0000-0000-000000000001} = {A0000002-0000-0000-0000-000000000001}
		{C2000001-0006-0000-0000-000000000001} = {A0000002-0000-0000-0000-000000000001}
		{C2000001-0007-0000-0000-000000000001} = {A0000002-0000-0000-0000-000000000001}
		{C2000001-0008-0000-0000-000000000001} = {A0000002-0000-0000-0000-000000000001}
		# Finance projects
		{C3000001-0001-0000-0000-000000000001} = {A0000003-0000-0000-0000-000000000001}
		{C3000001-0002-0000-0000-000000000001} = {A0000003-0000-0000-0000-000000000001}
		{C3000001-0003-0000-0000-000000000001} = {A0000003-0000-0000-0000-000000000001}
		{C3000001-0004-0000-0000-000000000001} = {A0000003-0000-0000-0000-000000000001}
		{C3000001-0005-0000-0000-000000000001} = {A0000003-0000-0000-0000-000000000001}
		{C3000001-0006-0000-0000-000000000001} = {A0000003-0000-0000-0000-000000000001}
		{C3000001-0007-0000-0000-000000000001} = {A0000003-0000-0000-0000-000000000001}
		{C3000001-0008-0000-0000-000000000001} = {A0000003-0000-0000-0000-000000000001}
		{C3000001-0009-0000-0000-000000000001} = {A0000003-0000-0000-0000-000000000001}
		# Tech projects
		{C4000001-0001-0000-0000-000000000001} = {A0000004-0000-0000-0000-000000000001}
		{C4000001-0002-0000-0000-000000000001} = {A0000004-0000-0000-0000-000000000001}
		{C4000001-0003-0000-0000-000000000001} = {A0000004-0000-0000-0000-000000000001}
		{C4000001-0004-0000-0000-000000000001} = {A0000004-0000-0000-0000-000000000001}
		{C4000001-0005-0000-0000-000000000001} = {A0000004-0000-0000-0000-000000000001}
		{C4000001-0006-0000-0000-000000000001} = {A0000004-0000-0000-0000-000000000001}
		{C4000001-0007-0000-0000-000000000001} = {A0000004-0000-0000-0000-000000000001}
		{C4000001-0008-0000-0000-000000000001} = {A0000004-0000-0000-0000-000000000001}
		{C4000001-0009-0000-0000-000000000001} = {A0000004-0000-0000-0000-000000000001}
		{C4000001-0010-0000-0000-000000000001} = {A0000004-0000-0000-0000-000000000001}
		# Business projects
		{C5000001-0001-0000-0000-000000000001} = {A0000005-0000-0000-0000-000000000001}
		# Education projects
		{C6000001-0001-0000-0000-000000000001} = {A0000006-0000-0000-0000-000000000001}
	EndGlobalSection
	GlobalSection(SolutionProperties) = preSolution
		HideSolutionNode = FALSE
	EndGlobalSection
EndGlobal
