
Microsoft Visual Studio Solution File, Format Version 12.00
# Visual Studio Version 17
VisualStudioVersion = 17.0.31903.59
MinimumVisualStudioVersion = 10.0.40219.1
Project("{2150E333-8FDC-42A3-9474-1A3956D46DE8}") = "src", "src", "{EB33D8CF-DBF5-4219-8F4A-1B984B96D879}"
EndProject
Project("{FAE04EC0-301F-11D3-BF4B-00C04F79EFBC}") = "Mamey.Metrics.AppMetrics", "src\Mamey.Metrics.AppMetrics\Mamey.Metrics.AppMetrics.csproj", "{A091269C-8FD9-4D03-A6E5-7367750C1ED2}"
EndProject
Global
	GlobalSection(SolutionConfigurationPlatforms) = preSolution
		Debug|Any CPU = Debug|Any CPU
		Release|Any CPU = Release|Any CPU
	EndGlobalSection
	GlobalSection(SolutionProperties) = preSolution
		HideSolutionNode = FALSE
	EndGlobalSection
	GlobalSection(ProjectConfigurationPlatforms) = postSolution
		{A091269C-8FD9-4D03-A6E5-7367750C1ED2}.Debug|Any CPU.ActiveCfg = Debug|Any CPU
		{A091269C-8FD9-4D03-A6E5-7367750C1ED2}.Debug|Any CPU.Build.0 = Debug|Any CPU
		{A091269C-8FD9-4D03-A6E5-7367750C1ED2}.Release|Any CPU.ActiveCfg = Release|Any CPU
		{A091269C-8FD9-4D03-A6E5-7367750C1ED2}.Release|Any CPU.Build.0 = Release|Any CPU
	EndGlobalSection
	GlobalSection(NestedProjects) = preSolution
		{A091269C-8FD9-4D03-A6E5-7367750C1ED2} = {EB33D8CF-DBF5-4219-8F4A-1B984B96D879}
	EndGlobalSection
EndGlobal
