
Microsoft Visual Studio Solution File, Format Version 12.00
# Visual Studio Version 17
VisualStudioVersion = 17.0.31903.59
MinimumVisualStudioVersion = 10.0.40219.1
Project("{2150E333-8FDC-42A3-9474-1A3956D46DE8}") = "src", "src", "{CC8932DE-0E18-4E17-BED4-51124E0191CC}"
EndProject
Project("{FAE04EC0-301F-11D3-BF4B-00C04F79EFBC}") = "Mamey.WebApi.Security", "src\Mamey.WebApi.Security\Mamey.WebApi.Security.csproj", "{E067DD44-79B3-445D-B617-54FF179C8B74}"
EndProject
Global
	GlobalSection(SolutionConfigurationPlatforms) = preSolution
		Debug|Any CPU = Debug|Any CPU
		Release|Any CPU = Release|Any CPU
	EndGlobalSection
	GlobalSection(SolutionProperties) = preSolution
		HideSolutionNode = FALSE
	EndGlobalSection
	GlobalSection(ProjectConfigurationPlatforms) = postSolution
		{E067DD44-79B3-445D-B617-54FF179C8B74}.Debug|Any CPU.ActiveCfg = Debug|Any CPU
		{E067DD44-79B3-445D-B617-54FF179C8B74}.Debug|Any CPU.Build.0 = Debug|Any CPU
		{E067DD44-79B3-445D-B617-54FF179C8B74}.Release|Any CPU.ActiveCfg = Release|Any CPU
		{E067DD44-79B3-445D-B617-54FF179C8B74}.Release|Any CPU.Build.0 = Release|Any CPU
	EndGlobalSection
	GlobalSection(NestedProjects) = preSolution
		{E067DD44-79B3-445D-B617-54FF179C8B74} = {CC8932DE-0E18-4E17-BED4-51124E0191CC}
	EndGlobalSection
EndGlobal
