
Microsoft Visual Studio Solution File, Format Version 12.00
# Visual Studio Version 17
VisualStudioVersion = 17.0.31903.59
MinimumVisualStudioVersion = 10.0.40219.1
Project("{FAE04EC0-301F-11D3-BF4B-00C04F79EFBC}") = "TradeX.API", "TradeX.API\TradeX.API.csproj", "{45C40F98-E7B1-42A4-B021-AEA3252F96EE}"
EndProject
Project("{FAE04EC0-301F-11D3-BF4B-00C04F79EFBC}") = "TradeX.Core", "TradeX.Core\TradeX.Core.csproj", "{293BF2AA-013D-42FE-B001-01FCD3DE8950}"
EndProject
Project("{FAE04EC0-301F-11D3-BF4B-00C04F79EFBC}") = "TradeX.Infrastructure", "TradeX.Infrastructure\TradeX.Infrastructure.csproj", "{31CF9E30-D45E-4E43-98C0-E0F34F0ADECB}"
EndProject
Global
	GlobalSection(SolutionConfigurationPlatforms) = preSolution
		Debug|Any CPU = Debug|Any CPU
		Debug|x64 = Debug|x64
		Debug|x86 = Debug|x86
		Release|Any CPU = Release|Any CPU
		Release|x64 = Release|x64
		Release|x86 = Release|x86
	EndGlobalSection
	GlobalSection(ProjectConfigurationPlatforms) = postSolution
		{45C40F98-E7B1-42A4-B021-AEA3252F96EE}.Debug|Any CPU.ActiveCfg = Debug|Any CPU
		{45C40F98-E7B1-42A4-B021-AEA3252F96EE}.Debug|Any CPU.Build.0 = Debug|Any CPU
		{45C40F98-E7B1-42A4-B021-AEA3252F96EE}.Debug|x64.ActiveCfg = Debug|Any CPU
		{45C40F98-E7B1-42A4-B021-AEA3252F96EE}.Debug|x64.Build.0 = Debug|Any CPU
		{45C40F98-E7B1-42A4-B021-AEA3252F96EE}.Debug|x86.ActiveCfg = Debug|Any CPU
		{45C40F98-E7B1-42A4-B021-AEA3252F96EE}.Debug|x86.Build.0 = Debug|Any CPU
		{45C40F98-E7B1-42A4-B021-AEA3252F96EE}.Release|Any CPU.ActiveCfg = Release|Any CPU
		{45C40F98-E7B1-42A4-B021-AEA3252F96EE}.Release|Any CPU.Build.0 = Release|Any CPU
		{45C40F98-E7B1-42A4-B021-AEA3252F96EE}.Release|x64.ActiveCfg = Release|Any CPU
		{45C40F98-E7B1-42A4-B021-AEA3252F96EE}.Release|x64.Build.0 = Release|Any CPU
		{45C40F98-E7B1-42A4-B021-AEA3252F96EE}.Release|x86.ActiveCfg = Release|Any CPU
		{45C40F98-E7B1-42A4-B021-AEA3252F96EE}.Release|x86.Build.0 = Release|Any CPU
		{293BF2AA-013D-42FE-B001-01FCD3DE8950}.Debug|Any CPU.ActiveCfg = Debug|Any CPU
		{293BF2AA-013D-42FE-B001-01FCD3DE8950}.Debug|Any CPU.Build.0 = Debug|Any CPU
		{293BF2AA-013D-42FE-B001-01FCD3DE8950}.Debug|x64.ActiveCfg = Debug|Any CPU
		{293BF2AA-013D-42FE-B001-01FCD3DE8950}.Debug|x64.Build.0 = Debug|Any CPU
		{293BF2AA-013D-42FE-B001-01FCD3DE8950}.Debug|x86.ActiveCfg = Debug|Any CPU
		{293BF2AA-013D-42FE-B001-01FCD3DE8950}.Debug|x86.Build.0 = Debug|Any CPU
		{293BF2AA-013D-42FE-B001-01FCD3DE8950}.Release|Any CPU.ActiveCfg = Release|Any CPU
		{293BF2AA-013D-42FE-B001-01FCD3DE8950}.Release|Any CPU.Build.0 = Release|Any CPU
		{293BF2AA-013D-42FE-B001-01FCD3DE8950}.Release|x64.ActiveCfg = Release|Any CPU
		{293BF2AA-013D-42FE-B001-01FCD3DE8950}.Release|x64.Build.0 = Release|Any CPU
		{293BF2AA-013D-42FE-B001-01FCD3DE8950}.Release|x86.ActiveCfg = Release|Any CPU
		{293BF2AA-013D-42FE-B001-01FCD3DE8950}.Release|x86.Build.0 = Release|Any CPU
		{31CF9E30-D45E-4E43-98C0-E0F34F0ADECB}.Debug|Any CPU.ActiveCfg = Debug|Any CPU
		{31CF9E30-D45E-4E43-98C0-E0F34F0ADECB}.Debug|Any CPU.Build.0 = Debug|Any CPU
		{31CF9E30-D45E-4E43-98C0-E0F34F0ADECB}.Debug|x64.ActiveCfg = Debug|Any CPU
		{31CF9E30-D45E-4E43-98C0-E0F34F0ADECB}.Debug|x64.Build.0 = Debug|Any CPU
		{31CF9E30-D45E-4E43-98C0-E0F34F0ADECB}.Debug|x86.ActiveCfg = Debug|Any CPU
		{31CF9E30-D45E-4E43-98C0-E0F34F0ADECB}.Debug|x86.Build.0 = Debug|Any CPU
		{31CF9E30-D45E-4E43-98C0-E0F34F0ADECB}.Release|Any CPU.ActiveCfg = Release|Any CPU
		{31CF9E30-D45E-4E43-98C0-E0F34F0ADECB}.Release|Any CPU.Build.0 = Release|Any CPU
		{31CF9E30-D45E-4E43-98C0-E0F34F0ADECB}.Release|x64.ActiveCfg = Release|Any CPU
		{31CF9E30-D45E-4E43-98C0-E0F34F0ADECB}.Release|x64.Build.0 = Release|Any CPU
		{31CF9E30-D45E-4E43-98C0-E0F34F0ADECB}.Release|x86.ActiveCfg = Release|Any CPU
		{31CF9E30-D45E-4E43-98C0-E0F34F0ADECB}.Release|x86.Build.0 = Release|Any CPU
	EndGlobalSection
	GlobalSection(SolutionProperties) = preSolution
		HideSolutionNode = FALSE
	EndGlobalSection
EndGlobal
