Microsoft Visual Studio Solution File, Format Version 12.00
Project("{FAE04EC0-301F-11D3-BF4B-00C04F79EFBC}") = "FraudDetection.API", "FraudDetection.API\FraudDetection.API.csproj", "{FRAUD123-4567-89AB-CDEF-0123456789AB}"
EndProject
Project("{FAE04EC0-301F-11D3-BF4B-00C04F79EFBC}") = "FraudDetection.Core", "FraudDetection.Core\FraudDetection.Core.csproj", "{FRAUD234-5678-9ABC-DEF0-123456789ABC}"
EndProject
Global
	GlobalSection(SolutionConfigurationPlatforms) = preSolution
		Debug|Any CPU = Debug|Any CPU
		Release|Any CPU = Release|Any CPU
	EndGlobalSection
EndGlobal
