
Microsoft Visual Studio Solution File, Format Version 12.00
# Visual Studio Version 17
VisualStudioVersion = 17.0.31903.59
MinimumVisualStudioVersion = 10.0.40219.1
Project("{2150E333-8FDC-42A3-9474-1A3956D46DE8}") = "src", "src", "{7854AF49-2ED9-4BF3-9CE8-6AE63D48870B}"
EndProject
Project("{FAE04EC0-301F-11D3-BF4B-00C04F79EFBC}") = "Mamey.Persistence.MongoDB", "src\Mamey.Persistence.MongoDB\Mamey.Persistence.MongoDB.csproj", "{2578565A-748B-44BD-92E8-E05EB2FE0DC4}"
EndProject
Global
	GlobalSection(SolutionConfigurationPlatforms) = preSolution
		Debug|Any CPU = Debug|Any CPU
		Release|Any CPU = Release|Any CPU
	EndGlobalSection
	GlobalSection(SolutionProperties) = preSolution
		HideSolutionNode = FALSE
	EndGlobalSection
	GlobalSection(ProjectConfigurationPlatforms) = postSolution
		{2578565A-748B-44BD-92E8-E05EB2FE0DC4}.Debug|Any CPU.ActiveCfg = Debug|Any CPU
		{2578565A-748B-44BD-92E8-E05EB2FE0DC4}.Debug|Any CPU.Build.0 = Debug|Any CPU
		{2578565A-748B-44BD-92E8-E05EB2FE0DC4}.Release|Any CPU.ActiveCfg = Release|Any CPU
		{2578565A-748B-44BD-92E8-E05EB2FE0DC4}.Release|Any CPU.Build.0 = Release|Any CPU
	EndGlobalSection
	GlobalSection(NestedProjects) = preSolution
		{2578565A-748B-44BD-92E8-E05EB2FE0DC4} = {7854AF49-2ED9-4BF3-9CE8-6AE63D48870B}
	EndGlobalSection
EndGlobal
