
Microsoft Visual Studio Solution File, Format Version 12.00
# Visual Studio Version 17
VisualStudioVersion = 17.0.31903.59
MinimumVisualStudioVersion = 10.0.40219.1
Project("{FAE04EC0-301F-11D3-BF4B-00C04F79EFBC}") = "NET10.API", "NET10.API\NET10.API.csproj", "{A1234567-B234-C345-D456-E56789ABCDEF}"
EndProject
Project("{FAE04EC0-301F-11D3-BF4B-00C04F79EFBC}") = "NET10.Core", "NET10.Core\NET10.Core.csproj", "{B2345678-C345-D456-E567-F6789ABCDEF0}"
EndProject
Project("{FAE04EC0-301F-11D3-BF4B-00C04F79EFBC}") = "NET10.Infrastructure", "NET10.Infrastructure\NET10.Infrastructure.csproj", "{C3456789-D456-E567-F678-06789ABCDEF1}"
EndProject
Global
	GlobalSection(SolutionConfigurationPlatforms) = preSolution
		Debug|Any CPU = Debug|Any CPU
		Release|Any CPU = Release|Any CPU
	EndGlobalSection
	GlobalSection(ProjectConfigurationPlatforms) = postSolution
		{A1234567-B234-C345-D456-E56789ABCDEF}.Debug|Any CPU.ActiveCfg = Debug|Any CPU
		{A1234567-B234-C345-D456-E56789ABCDEF}.Debug|Any CPU.Build.0 = Debug|Any CPU
		{A1234567-B234-C345-D456-E56789ABCDEF}.Release|Any CPU.ActiveCfg = Release|Any CPU
		{A1234567-B234-C345-D456-E56789ABCDEF}.Release|Any CPU.Build.0 = Release|Any CPU
		{B2345678-C345-D456-E567-F6789ABCDEF0}.Debug|Any CPU.ActiveCfg = Debug|Any CPU
		{B2345678-C345-D456-E567-F6789ABCDEF0}.Debug|Any CPU.Build.0 = Debug|Any CPU
		{B2345678-C345-D456-E567-F6789ABCDEF0}.Release|Any CPU.ActiveCfg = Release|Any CPU
		{B2345678-C345-D456-E567-F6789ABCDEF0}.Release|Any CPU.Build.0 = Release|Any CPU
		{C3456789-D456-E567-F678-06789ABCDEF1}.Debug|Any CPU.ActiveCfg = Debug|Any CPU
		{C3456789-D456-E567-F678-06789ABCDEF1}.Debug|Any CPU.Build.0 = Debug|Any CPU
		{C3456789-D456-E567-F678-06789ABCDEF1}.Release|Any CPU.ActiveCfg = Release|Any CPU
		{C3456789-D456-E567-F678-06789ABCDEF1}.Release|Any CPU.Build.0 = Release|Any CPU
	EndGlobalSection
EndGlobal
