
Microsoft Visual Studio Solution File, Format Version 12.00
# Visual Studio Version 17
VisualStudioVersion = 17.0.31903.59
MinimumVisualStudioVersion = 10.0.40219.1
Project("{2150E333-8FDC-42A3-9474-1A3956D46DE8}") = "src", "src", "{7C702918-6291-45E5-BC86-273297C551A2}"
EndProject
Project("{FAE04EC0-301F-11D3-BF4B-00C04F79EFBC}") = "Mamey.MessageBrokers.CQRS", "src\Mamey.MessageBrokers.CQRS\Mamey.MessageBrokers.CQRS.csproj", "{F8BF1634-E641-46CB-9C30-995D6E44E53F}"
EndProject
Global
	GlobalSection(SolutionConfigurationPlatforms) = preSolution
		Debug|Any CPU = Debug|Any CPU
		Release|Any CPU = Release|Any CPU
	EndGlobalSection
	GlobalSection(SolutionProperties) = preSolution
		HideSolutionNode = FALSE
	EndGlobalSection
	GlobalSection(ProjectConfigurationPlatforms) = postSolution
		{F8BF1634-E641-46CB-9C30-995D6E44E53F}.Debug|Any CPU.ActiveCfg = Debug|Any CPU
		{F8BF1634-E641-46CB-9C30-995D6E44E53F}.Debug|Any CPU.Build.0 = Debug|Any CPU
		{F8BF1634-E641-46CB-9C30-995D6E44E53F}.Release|Any CPU.ActiveCfg = Release|Any CPU
		{F8BF1634-E641-46CB-9C30-995D6E44E53F}.Release|Any CPU.Build.0 = Release|Any CPU
	EndGlobalSection
	GlobalSection(NestedProjects) = preSolution
		{F8BF1634-E641-46CB-9C30-995D6E44E53F} = {7C702918-6291-45E5-BC86-273297C551A2}
	EndGlobalSection
EndGlobal
