
Microsoft Visual Studio Solution File, Format Version 12.00
# Visual Studio Version 17
VisualStudioVersion = 17.0.31903.59
MinimumVisualStudioVersion = 10.0.40219.1
Project("{2150E333-8FDC-42A3-9474-1A3956D46DE8}") = "src", "src", "{0F699084-8EBC-47DC-B312-864B4BA4C1D8}"
EndProject
Project("{FAE04EC0-301F-11D3-BF4B-00C04F79EFBC}") = "Mamey.Persistence.MySql", "src\Mamey.Persistence.MySql\Mamey.Persistence.MySql.csproj", "{80709354-C559-4F30-BF67-2BA62A2EAD10}"
EndProject
Global
	GlobalSection(SolutionConfigurationPlatforms) = preSolution
		Debug|Any CPU = Debug|Any CPU
		Release|Any CPU = Release|Any CPU
	EndGlobalSection
	GlobalSection(SolutionProperties) = preSolution
		HideSolutionNode = FALSE
	EndGlobalSection
	GlobalSection(ProjectConfigurationPlatforms) = postSolution
		{80709354-C559-4F30-BF67-2BA62A2EAD10}.Debug|Any CPU.ActiveCfg = Debug|Any CPU
		{80709354-C559-4F30-BF67-2BA62A2EAD10}.Debug|Any CPU.Build.0 = Debug|Any CPU
		{80709354-C559-4F30-BF67-2BA62A2EAD10}.Release|Any CPU.ActiveCfg = Release|Any CPU
		{80709354-C559-4F30-BF67-2BA62A2EAD10}.Release|Any CPU.Build.0 = Release|Any CPU
	EndGlobalSection
	GlobalSection(NestedProjects) = preSolution
		{80709354-C559-4F30-BF67-2BA62A2EAD10} = {0F699084-8EBC-47DC-B312-864B4BA4C1D8}
	EndGlobalSection
EndGlobal
