
Microsoft Visual Studio Solution File, Format Version 12.00
# Visual Studio Version 17
VisualStudioVersion = 17.0.31903.59
MinimumVisualStudioVersion = 10.0.40219.1
Project("{2150E333-8FDC-42A3-9474-1A3956D46DE8}") = "src", "src", "{C9E80B81-BD36-41D1-8B07-1F1241F5CC21}"
EndProject
Project("{FAE04EC0-301F-11D3-BF4B-00C04F79EFBC}") = "Mamey.MessageBrokers.Outbox", "src\Mamey.MessageBrokers.Outbox\Mamey.MessageBrokers.Outbox.csproj", "{C19FACAE-2B5E-45BB-8476-C840C6D59A6C}"
EndProject
Global
	GlobalSection(SolutionConfigurationPlatforms) = preSolution
		Debug|Any CPU = Debug|Any CPU
		Release|Any CPU = Release|Any CPU
	EndGlobalSection
	GlobalSection(SolutionProperties) = preSolution
		HideSolutionNode = FALSE
	EndGlobalSection
	GlobalSection(ProjectConfigurationPlatforms) = postSolution
		{C19FACAE-2B5E-45BB-8476-C840C6D59A6C}.Debug|Any CPU.ActiveCfg = Debug|Any CPU
		{C19FACAE-2B5E-45BB-8476-C840C6D59A6C}.Debug|Any CPU.Build.0 = Debug|Any CPU
		{C19FACAE-2B5E-45BB-8476-C840C6D59A6C}.Release|Any CPU.ActiveCfg = Release|Any CPU
		{C19FACAE-2B5E-45BB-8476-C840C6D59A6C}.Release|Any CPU.Build.0 = Release|Any CPU
	EndGlobalSection
	GlobalSection(NestedProjects) = preSolution
		{C19FACAE-2B5E-45BB-8476-C840C6D59A6C} = {C9E80B81-BD36-41D1-8B07-1F1241F5CC21}
	EndGlobalSection
EndGlobal
