Microsoft Visual Studio Solution File, Format Version 12.00
Project("{FAE04EC0-301F-11D3-BF4B-00C04F79EFBC}") = "DeFi.API", "DeFi.API\DeFi.API.csproj", "{DEFI1234-5678-9ABC-DEF0-123456789ABC}"
EndProject
Project("{FAE04EC0-301F-11D3-BF4B-00C04F79EFBC}") = "DeFi.Core", "DeFi.Core\DeFi.Core.csproj", "{DEFI2345-6789-ABCD-EF01-23456789ABCD}"
EndProject
Project("{FAE04EC0-301F-11D3-BF4B-00C04F79EFBC}") = "DeFi.Infrastructure", "DeFi.Infrastructure\DeFi.Infrastructure.csproj", "{DEFI3456-789A-BCDE-F012-3456789ABCDE}"
EndProject
Global
	GlobalSection(SolutionConfigurationPlatforms) = preSolution
		Debug|Any CPU = Debug|Any CPU
		Release|Any CPU = Release|Any CPU
	EndGlobalSection
EndGlobal
