
Microsoft Visual Studio Solution File, Format Version 12.00
Project("{FAE04EC0-301F-11D3-BF4B-00C04F79EFBC}") = "DigitalVault.API", "DigitalVault.API\DigitalVault.API.csproj", "{VLT00001-0001-0001-0001-000000000001}"
EndProject
Project("{FAE04EC0-301F-11D3-BF4B-00C04F79EFBC}") = "DigitalVault.Core", "DigitalVault.Core\DigitalVault.Core.csproj", "{VLT00002-0002-0002-0002-000000000002}"
EndProject
Project("{FAE04EC0-301F-11D3-BF4B-00C04F79EFBC}") = "DigitalVault.Infrastructure", "DigitalVault.Infrastructure\DigitalVault.Infrastructure.csproj", "{VLT00003-0003-0003-0003-000000000003}"
EndProject
Global
	GlobalSection(SolutionConfigurationPlatforms) = preSolution
		Debug|Any CPU = Debug|Any CPU
	EndGlobalSection
EndGlobal
