
Microsoft Visual Studio Solution File, Format Version 12.00
# Visual Studio Version 17
VisualStudioVersion = 17.0.31903.59
MinimumVisualStudioVersion = 10.0.40219.1
Project("{2150E333-8FDC-42A3-9474-1A3956D46DE8}") = "src", "src", "{958A520E-D083-4C5C-8548-DCE8494E3AEC}"
EndProject
Project("{FAE04EC0-301F-11D3-BF4B-00C04F79EFBC}") = "Mamey.Mock", "src\Mamey.Mock\Mamey.Mock.csproj", "{675A81C7-D7E6-4A65-B8C2-55BD2B59D17A}"
EndProject
Global
	GlobalSection(SolutionConfigurationPlatforms) = preSolution
		Debug|Any CPU = Debug|Any CPU
		Release|Any CPU = Release|Any CPU
	EndGlobalSection
	GlobalSection(SolutionProperties) = preSolution
		HideSolutionNode = FALSE
	EndGlobalSection
	GlobalSection(ProjectConfigurationPlatforms) = postSolution
		{675A81C7-D7E6-4A65-B8C2-55BD2B59D17A}.Debug|Any CPU.ActiveCfg = Debug|Any CPU
		{675A81C7-D7E6-4A65-B8C2-55BD2B59D17A}.Debug|Any CPU.Build.0 = Debug|Any CPU
		{675A81C7-D7E6-4A65-B8C2-55BD2B59D17A}.Release|Any CPU.ActiveCfg = Release|Any CPU
		{675A81C7-D7E6-4A65-B8C2-55BD2B59D17A}.Release|Any CPU.Build.0 = Release|Any CPU
	EndGlobalSection
	GlobalSection(NestedProjects) = preSolution
		{675A81C7-D7E6-4A65-B8C2-55BD2B59D17A} = {958A520E-D083-4C5C-8548-DCE8494E3AEC}
	EndGlobalSection
EndGlobal
