
Microsoft Visual Studio Solution File, Format Version 12.00
# Visual Studio Version 17
VisualStudioVersion = 17.0.31903.59
MinimumVisualStudioVersion = 10.0.40219.1
Project("{2150E333-8FDC-42A3-9474-1A3956D46DE8}") = "src", "src", "{827E0CD3-B72D-47B6-A68D-7590B98EB39B}"
EndProject
Project("{FAE04EC0-301F-11D3-BF4B-00C04F79EFBC}") = "Mamey.FWID.Operations.Api", "src\Mamey.FWID.Operations.Api\Mamey.FWID.Operations.Api.csproj", "{508B83F7-0257-4BAD-85CA-82C318BDF765}"
EndProject
Project("{FAE04EC0-301F-11D3-BF4B-00C04F79EFBC}") = "Mamey.FWID.Operations.GrpcClient", "src\Mamey.FWID.Operations.GrpcClient\Mamey.FWID.Operations.GrpcClient.csproj", "{EFFBC61E-79E3-4E22-BA35-05F17AE840FB}"
EndProject
Global
	GlobalSection(SolutionConfigurationPlatforms) = preSolution
		Debug|Any CPU = Debug|Any CPU
		Debug|x64 = Debug|x64
		Debug|x86 = Debug|x86
		Release|Any CPU = Release|Any CPU
		Release|x64 = Release|x64
		Release|x86 = Release|x86
	EndGlobalSection
	GlobalSection(ProjectConfigurationPlatforms) = postSolution
		{508B83F7-0257-4BAD-85CA-82C318BDF765}.Debug|Any CPU.ActiveCfg = Debug|Any CPU
		{508B83F7-0257-4BAD-85CA-82C318BDF765}.Debug|Any CPU.Build.0 = Debug|Any CPU
		{508B83F7-0257-4BAD-85CA-82C318BDF765}.Debug|x64.ActiveCfg = Debug|Any CPU
		{508B83F7-0257-4BAD-85CA-82C318BDF765}.Debug|x64.Build.0 = Debug|Any CPU
		{508B83F7-0257-4BAD-85CA-82C318BDF765}.Debug|x86.ActiveCfg = Debug|Any CPU
		{508B83F7-0257-4BAD-85CA-82C318BDF765}.Debug|x86.Build.0 = Debug|Any CPU
		{508B83F7-0257-4BAD-85CA-82C318BDF765}.Release|Any CPU.ActiveCfg = Release|Any CPU
		{508B83F7-0257-4BAD-85CA-82C318BDF765}.Release|Any CPU.Build.0 = Release|Any CPU
		{508B83F7-0257-4BAD-85CA-82C318BDF765}.Release|x64.ActiveCfg = Release|Any CPU
		{508B83F7-0257-4BAD-85CA-82C318BDF765}.Release|x64.Build.0 = Release|Any CPU
		{508B83F7-0257-4BAD-85CA-82C318BDF765}.Release|x86.ActiveCfg = Release|Any CPU
		{508B83F7-0257-4BAD-85CA-82C318BDF765}.Release|x86.Build.0 = Release|Any CPU
		{EFFBC61E-79E3-4E22-BA35-05F17AE840FB}.Debug|Any CPU.ActiveCfg = Debug|Any CPU
		{EFFBC61E-79E3-4E22-BA35-05F17AE840FB}.Debug|Any CPU.Build.0 = Debug|Any CPU
		{EFFBC61E-79E3-4E22-BA35-05F17AE840FB}.Debug|x64.ActiveCfg = Debug|Any CPU
		{EFFBC61E-79E3-4E22-BA35-05F17AE840FB}.Debug|x64.Build.0 = Debug|Any CPU
		{EFFBC61E-79E3-4E22-BA35-05F17AE840FB}.Debug|x86.ActiveCfg = Debug|Any CPU
		{EFFBC61E-79E3-4E22-BA35-05F17AE840FB}.Debug|x86.Build.0 = Debug|Any CPU
		{EFFBC61E-79E3-4E22-BA35-05F17AE840FB}.Release|Any CPU.ActiveCfg = Release|Any CPU
		{EFFBC61E-79E3-4E22-BA35-05F17AE840FB}.Release|Any CPU.Build.0 = Release|Any CPU
		{EFFBC61E-79E3-4E22-BA35-05F17AE840FB}.Release|x64.ActiveCfg = Release|Any CPU
		{EFFBC61E-79E3-4E22-BA35-05F17AE840FB}.Release|x64.Build.0 = Release|Any CPU
		{EFFBC61E-79E3-4E22-BA35-05F17AE840FB}.Release|x86.ActiveCfg = Release|Any CPU
		{EFFBC61E-79E3-4E22-BA35-05F17AE840FB}.Release|x86.Build.0 = Release|Any CPU
	EndGlobalSection
	GlobalSection(SolutionProperties) = preSolution
		HideSolutionNode = FALSE
	EndGlobalSection
	GlobalSection(NestedProjects) = preSolution
		{508B83F7-0257-4BAD-85CA-82C318BDF765} = {827E0CD3-B72D-47B6-A68D-7590B98EB39B}
		{EFFBC61E-79E3-4E22-BA35-05F17AE840FB} = {827E0CD3-B72D-47B6-A68D-7590B98EB39B}
	EndGlobalSection
EndGlobal
