
Microsoft Visual Studio Solution File, Format Version 12.00
Project("{FAE04EC0-301F-11D3-BF4B-00C04F79EFBC}") = "ProcurementHub.API", "ProcurementHub.API\ProcurementHub.API.csproj", "{PROC0001-0001-0001-0001-000000000001}"
EndProject
Project("{FAE04EC0-301F-11D3-BF4B-00C04F79EFBC}") = "ProcurementHub.Core", "ProcurementHub.Core\ProcurementHub.Core.csproj", "{PROC0002-0002-0002-0002-000000000002}"
EndProject
Project("{FAE04EC0-301F-11D3-BF4B-00C04F79EFBC}") = "ProcurementHub.Infrastructure", "ProcurementHub.Infrastructure\ProcurementHub.Infrastructure.csproj", "{PROC0003-0003-0003-0003-000000000003}"
EndProject
Global
	GlobalSection(SolutionConfigurationPlatforms) = preSolution
		Debug|Any CPU = Debug|Any CPU
		Release|Any CPU = Release|Any CPU
	EndGlobalSection
EndGlobal
