
Microsoft Visual Studio Solution File, Format Version 12.00
# Visual Studio Version 17
VisualStudioVersion = 17.0.31903.59
MinimumVisualStudioVersion = 10.0.40219.1
Project("{2150E333-8FDC-42A3-9474-1A3956D46DE8}") = "src", "src", "{D5EE6082-E60C-48B8-8014-5CBA0EDB4FF2}"
EndProject
Project("{FAE04EC0-301F-11D3-BF4B-00C04F79EFBC}") = "Mamey.Azure.Blobs", "src\Mamey.Azure.Blobs\Mamey.Azure.Blobs.csproj", "{005D30C1-59C1-42DB-8B0B-FD3876B8D1F0}"
EndProject
Global
	GlobalSection(SolutionConfigurationPlatforms) = preSolution
		Debug|Any CPU = Debug|Any CPU
		Release|Any CPU = Release|Any CPU
	EndGlobalSection
	GlobalSection(SolutionProperties) = preSolution
		HideSolutionNode = FALSE
	EndGlobalSection
	GlobalSection(ProjectConfigurationPlatforms) = postSolution
		{005D30C1-59C1-42DB-8B0B-FD3876B8D1F0}.Debug|Any CPU.ActiveCfg = Debug|Any CPU
		{005D30C1-59C1-42DB-8B0B-FD3876B8D1F0}.Debug|Any CPU.Build.0 = Debug|Any CPU
		{005D30C1-59C1-42DB-8B0B-FD3876B8D1F0}.Release|Any CPU.ActiveCfg = Release|Any CPU
		{005D30C1-59C1-42DB-8B0B-FD3876B8D1F0}.Release|Any CPU.Build.0 = Release|Any CPU
	EndGlobalSection
	GlobalSection(NestedProjects) = preSolution
		{005D30C1-59C1-42DB-8B0B-FD3876B8D1F0} = {D5EE6082-E60C-48B8-8014-5CBA0EDB4FF2}
	EndGlobalSection
EndGlobal
