
Microsoft Visual Studio Solution File, Format Version 12.00
# Visual Studio Version 16
VisualStudioVersion = 25.0.1706.11
MinimumVisualStudioVersion = 10.0.40219.1
Project("{2150E333-8FDC-42A3-9474-1A3956D46DE8}") = "src", "src", "{717D2FC1-9EE8-439A-9468-6199BCA4FBCB}"
EndProject
Project("{FAE04EC0-301F-11D3-BF4B-00C04F79EFBC}") = "Mamey", "src\Mamey\Mamey.csproj", "{BD915520-6FA4-4365-A653-0F2B0E9F648B}"
EndProject
Project("{FAE04EC0-301F-11D3-BF4B-00C04F79EFBC}") = "Mamey.Excel", "..\Mamey.Excel\src\Mamey.Excel\Mamey.Excel.csproj", "{67740F94-70E8-4212-AC62-60B41589764F}"
EndProject
Global
	GlobalSection(SolutionConfigurationPlatforms) = preSolution
		Debug|Any CPU = Debug|Any CPU
		Release|Any CPU = Release|Any CPU
	EndGlobalSection
	GlobalSection(ProjectConfigurationPlatforms) = postSolution
		{BD915520-6FA4-4365-A653-0F2B0E9F648B}.Debug|Any CPU.ActiveCfg = Debug|Any CPU
		{BD915520-6FA4-4365-A653-0F2B0E9F648B}.Debug|Any CPU.Build.0 = Debug|Any CPU
		{BD915520-6FA4-4365-A653-0F2B0E9F648B}.Release|Any CPU.ActiveCfg = Release|Any CPU
		{BD915520-6FA4-4365-A653-0F2B0E9F648B}.Release|Any CPU.Build.0 = Release|Any CPU
		{67740F94-70E8-4212-AC62-60B41589764F}.Debug|Any CPU.ActiveCfg = Debug|Any CPU
		{67740F94-70E8-4212-AC62-60B41589764F}.Debug|Any CPU.Build.0 = Debug|Any CPU
		{67740F94-70E8-4212-AC62-60B41589764F}.Release|Any CPU.ActiveCfg = Release|Any CPU
		{67740F94-70E8-4212-AC62-60B41589764F}.Release|Any CPU.Build.0 = Release|Any CPU
	EndGlobalSection
	GlobalSection(SolutionProperties) = preSolution
		HideSolutionNode = FALSE
	EndGlobalSection
	GlobalSection(ExtensibilityGlobals) = postSolution
		SolutionGuid = {A94A8D6B-1720-4944-8E25-46776EA0A650}
	EndGlobalSection
	GlobalSection(NestedProjects) = preSolution
		{BD915520-6FA4-4365-A653-0F2B0E9F648B} = {717D2FC1-9EE8-439A-9468-6199BCA4FBCB}
	EndGlobalSection
EndGlobal
