
Microsoft Visual Studio Solution File, Format Version 12.00
# Visual Studio Version 17
VisualStudioVersion = 17.0.31903.59
MinimumVisualStudioVersion = 10.0.40219.1
Project("{2150E333-8FDC-42A3-9474-1A3956D46DE8}") = "src", "src", "{CA697DF0-53A2-4DDA-893D-499A46C8BB70}"
EndProject
Project("{FAE04EC0-301F-11D3-BF4B-00C04F79EFBC}") = "Mamey.Binimoy", "src\Mamey.Binimoy\Mamey.Binimoy.csproj", "{2EB746B5-82F8-41FC-8EDF-77D83D81C34B}"
EndProject
Global
	GlobalSection(SolutionConfigurationPlatforms) = preSolution
		Debug|Any CPU = Debug|Any CPU
		Release|Any CPU = Release|Any CPU
	EndGlobalSection
	GlobalSection(SolutionProperties) = preSolution
		HideSolutionNode = FALSE
	EndGlobalSection
	GlobalSection(ProjectConfigurationPlatforms) = postSolution
		{2EB746B5-82F8-41FC-8EDF-77D83D81C34B}.Debug|Any CPU.ActiveCfg = Debug|Any CPU
		{2EB746B5-82F8-41FC-8EDF-77D83D81C34B}.Debug|Any CPU.Build.0 = Debug|Any CPU
		{2EB746B5-82F8-41FC-8EDF-77D83D81C34B}.Release|Any CPU.ActiveCfg = Release|Any CPU
		{2EB746B5-82F8-41FC-8EDF-77D83D81C34B}.Release|Any CPU.Build.0 = Release|Any CPU
	EndGlobalSection
	GlobalSection(NestedProjects) = preSolution
		{2EB746B5-82F8-41FC-8EDF-77D83D81C34B} = {CA697DF0-53A2-4DDA-893D-499A46C8BB70}
	EndGlobalSection
EndGlobal
