
Microsoft Visual Studio Solution File, Format Version 12.00
# Visual Studio Version 17
VisualStudioVersion = 17.0.31903.59
MinimumVisualStudioVersion = 10.0.40219.1
Project("{2150E333-8FDC-42A3-9474-1A3956D46DE8}") = "src", "src", "{60381CC1-C2CF-4D9D-95C6-CF3203B2206B}"
EndProject
Project("{FAE04EC0-301F-11D3-BF4B-00C04F79EFBC}") = "Mamey.Http", "src\Mamey.Http\Mamey.Http.csproj", "{95F723CB-2AB3-4D40-8261-CB58C45A6BF9}"
EndProject
Global
	GlobalSection(SolutionConfigurationPlatforms) = preSolution
		Debug|Any CPU = Debug|Any CPU
		Release|Any CPU = Release|Any CPU
	EndGlobalSection
	GlobalSection(SolutionProperties) = preSolution
		HideSolutionNode = FALSE
	EndGlobalSection
	GlobalSection(ProjectConfigurationPlatforms) = postSolution
		{95F723CB-2AB3-4D40-8261-CB58C45A6BF9}.Debug|Any CPU.ActiveCfg = Debug|Any CPU
		{95F723CB-2AB3-4D40-8261-CB58C45A6BF9}.Debug|Any CPU.Build.0 = Debug|Any CPU
		{95F723CB-2AB3-4D40-8261-CB58C45A6BF9}.Release|Any CPU.ActiveCfg = Release|Any CPU
		{95F723CB-2AB3-4D40-8261-CB58C45A6BF9}.Release|Any CPU.Build.0 = Release|Any CPU
	EndGlobalSection
	GlobalSection(NestedProjects) = preSolution
		{95F723CB-2AB3-4D40-8261-CB58C45A6BF9} = {60381CC1-C2CF-4D9D-95C6-CF3203B2206B}
	EndGlobalSection
EndGlobal
