
Microsoft Visual Studio Solution File, Format Version 12.00
# Visual Studio Version 17
VisualStudioVersion = 17.0.31903.59
MinimumVisualStudioVersion = 10.0.40219.1
Project("{2150E333-8FDC-42A3-9474-1A3956D46DE8}") = "src", "src", "{827E0CD3-B72D-47B6-A68D-7590B98EB39B}"
EndProject
Project("{2150E333-8FDC-42A3-9474-1A3956D46DE8}") = "Common", "Common", "{BFF2DF6E-AA54-47C7-211F-79ACCBB4577C}"
EndProject
Project("{FAE04EC0-301F-11D3-BF4B-00C04F79EFBC}") = "Common.Domain", "src\Common\Common.Domain\Common.Domain.csproj", "{C396AB70-CD6F-41C1-AF19-64D6711BB06A}"
EndProject
Project("{FAE04EC0-301F-11D3-BF4B-00C04F79EFBC}") = "Common.Application", "src\Common\Common.Application\Common.Application.csproj", "{DA45A7B1-C765-44CB-89BC-2A65B6DCA771}"
EndProject
Project("{FAE04EC0-301F-11D3-BF4B-00C04F79EFBC}") = "Common.Persistence", "src\Common\Common.Persistence\Common.Persistence.csproj", "{C22F8953-BD6D-46AD-A328-445B9A4B78B6}"
EndProject
Project("{2150E333-8FDC-42A3-9474-1A3956D46DE8}") = "UserManagement", "UserManagement", "{F6C9D3DE-421F-A15D-2F9E-C02C82855313}"
EndProject
Project("{FAE04EC0-301F-11D3-BF4B-00C04F79EFBC}") = "UserManagement.Domain", "src\UserManagement\UserManagement.Domain\UserManagement.Domain.csproj", "{02863860-81B7-4AAC-ACC6-A4F94B0DE0BB}"
EndProject
Project("{FAE04EC0-301F-11D3-BF4B-00C04F79EFBC}") = "UserManagement.Application", "src\UserManagement\UserManagement.Application\UserManagement.Application.csproj", "{281BA0EA-98D6-48D0-BCD3-9E596D83C1CF}"
EndProject
Project("{FAE04EC0-301F-11D3-BF4B-00C04F79EFBC}") = "UserManagement.Persistence", "src\UserManagement\UserManagement.Persistence\UserManagement.Persistence.csproj", "{107986C3-E79C-4EE1-858A-35F7782CC526}"
EndProject
Project("{2150E333-8FDC-42A3-9474-1A3956D46DE8}") = "OnlineSchool", "OnlineSchool", "{9A9F3310-E846-1371-C5FC-C8F2C6F9543A}"
EndProject
Project("{FAE04EC0-301F-11D3-BF4B-00C04F79EFBC}") = "OnlineSchool.Domain", "src\OnlineSchool\OnlineSchool.Domain\OnlineSchool.Domain.csproj", "{92044C9A-1C88-4E01-A9BF-AF16F984424F}"
EndProject
Project("{FAE04EC0-301F-11D3-BF4B-00C04F79EFBC}") = "OnlineSchool.Application", "src\OnlineSchool\OnlineSchool.Application\OnlineSchool.Application.csproj", "{0604B812-4289-4112-A52C-EC9B38C39621}"
EndProject
Project("{FAE04EC0-301F-11D3-BF4B-00C04F79EFBC}") = "OnlineSchool.Persistence", "src\OnlineSchool\OnlineSchool.Persistence\OnlineSchool.Persistence.csproj", "{AC6D6337-307C-48E6-AFD2-01A560ABE676}"
EndProject
Project("{2150E333-8FDC-42A3-9474-1A3956D46DE8}") = "SmartAccounting", "SmartAccounting", "{07E1E497-44F4-F9C8-077D-5C36FABD0E0A}"
EndProject
Project("{FAE04EC0-301F-11D3-BF4B-00C04F79EFBC}") = "SmartAccounting.Domain", "src\SmartAccounting\SmartAccounting.Domain\SmartAccounting.Domain.csproj", "{317A52A3-F172-4477-84A0-2B3E5159ED42}"
EndProject
Project("{FAE04EC0-301F-11D3-BF4B-00C04F79EFBC}") = "SmartAccounting.Application", "src\SmartAccounting\SmartAccounting.Application\SmartAccounting.Application.csproj", "{1AF0F2EF-FBB6-4DA6-9649-DFBDA55A1F9A}"
EndProject
Project("{FAE04EC0-301F-11D3-BF4B-00C04F79EFBC}") = "SmartAccounting.Persistence", "src\SmartAccounting\SmartAccounting.Persistence\SmartAccounting.Persistence.csproj", "{6F138C57-37C1-4CDA-A664-CB5F23D23EC3}"
EndProject
Project("{2150E333-8FDC-42A3-9474-1A3956D46DE8}") = "Receptionist", "Receptionist", "{88E97CC4-26BD-F884-3AD9-30ED7584ED83}"
EndProject
Project("{FAE04EC0-301F-11D3-BF4B-00C04F79EFBC}") = "Receptionist.Domain", "src\Receptionist\Receptionist.Domain\Receptionist.Domain.csproj", "{10BA6845-821A-43D7-9353-E3F48694A942}"
EndProject
Project("{FAE04EC0-301F-11D3-BF4B-00C04F79EFBC}") = "Receptionist.Application", "src\Receptionist\Receptionist.Application\Receptionist.Application.csproj", "{090B1C31-A8F1-4F26-8F94-546617C53747}"
EndProject
Project("{FAE04EC0-301F-11D3-BF4B-00C04F79EFBC}") = "Receptionist.Persistence", "src\Receptionist\Receptionist.Persistence\Receptionist.Persistence.csproj", "{B4F942F9-1955-4130-8AA2-D64C67683F54}"
EndProject
Project("{2150E333-8FDC-42A3-9474-1A3956D46DE8}") = "Librarian", "Librarian", "{D17B643C-AB2F-2F09-1D1C-71DF492FB655}"
EndProject
Project("{FAE04EC0-301F-11D3-BF4B-00C04F79EFBC}") = "Librarian.Domain", "src\Librarian\Librarian.Domain\Librarian.Domain.csproj", "{FE4DD027-9771-4E55-BAEE-A321196F8CC9}"
EndProject
Project("{FAE04EC0-301F-11D3-BF4B-00C04F79EFBC}") = "Librarian.Application", "src\Librarian\Librarian.Application\Librarian.Application.csproj", "{8B30C457-3CE7-44AD-B80D-ED205014231E}"
EndProject
Project("{FAE04EC0-301F-11D3-BF4B-00C04F79EFBC}") = "Librarian.Persistence", "src\Librarian\Librarian.Persistence\Librarian.Persistence.csproj", "{3321D806-3A3A-4CB0-8A53-1745C6A1E4A1}"
EndProject
Project("{2150E333-8FDC-42A3-9474-1A3956D46DE8}") = "Zoom", "Zoom", "{C0B7816A-335E-65FE-46E6-3B88E6E74A97}"
EndProject
Project("{FAE04EC0-301F-11D3-BF4B-00C04F79EFBC}") = "Zoom.Domain", "src\Zoom\Zoom.Domain\Zoom.Domain.csproj", "{539E5FD1-D837-45B4-BEAB-2EB9CAF7C12F}"
EndProject
Project("{FAE04EC0-301F-11D3-BF4B-00C04F79EFBC}") = "Zoom.Application", "src\Zoom\Zoom.Application\Zoom.Application.csproj", "{BE0241E2-DB2F-47AB-9056-E693C80DC41B}"
EndProject
Project("{FAE04EC0-301F-11D3-BF4B-00C04F79EFBC}") = "Zoom.Persistence", "src\Zoom\Zoom.Persistence\Zoom.Persistence.csproj", "{2285ACA0-FCB2-4547-B300-EC6FE24A5E41}"
EndProject
Project("{2150E333-8FDC-42A3-9474-1A3956D46DE8}") = "Web", "Web", "{03997797-E7F5-0643-168D-B8EA7178C2FE}"
EndProject
Project("{FAE04EC0-301F-11D3-BF4B-00C04F79EFBC}") = "SmartSchool.Web", "src\Web\SmartSchool.Web\SmartSchool.Web.csproj", "{65BED113-8941-4666-96A2-2FD99E118132}"
EndProject
Global
	GlobalSection(SolutionConfigurationPlatforms) = preSolution
		Debug|Any CPU = Debug|Any CPU
		Debug|x64 = Debug|x64
		Debug|x86 = Debug|x86
		Release|Any CPU = Release|Any CPU
		Release|x64 = Release|x64
		Release|x86 = Release|x86
	EndGlobalSection
	GlobalSection(ProjectConfigurationPlatforms) = postSolution
		{C396AB70-CD6F-41C1-AF19-64D6711BB06A}.Debug|Any CPU.ActiveCfg = Debug|Any CPU
		{C396AB70-CD6F-41C1-AF19-64D6711BB06A}.Debug|Any CPU.Build.0 = Debug|Any CPU
		{C396AB70-CD6F-41C1-AF19-64D6711BB06A}.Debug|x64.ActiveCfg = Debug|Any CPU
		{C396AB70-CD6F-41C1-AF19-64D6711BB06A}.Debug|x64.Build.0 = Debug|Any CPU
		{C396AB70-CD6F-41C1-AF19-64D6711BB06A}.Debug|x86.ActiveCfg = Debug|Any CPU
		{C396AB70-CD6F-41C1-AF19-64D6711BB06A}.Debug|x86.Build.0 = Debug|Any CPU
		{C396AB70-CD6F-41C1-AF19-64D6711BB06A}.Release|Any CPU.ActiveCfg = Release|Any CPU
		{C396AB70-CD6F-41C1-AF19-64D6711BB06A}.Release|Any CPU.Build.0 = Release|Any CPU
		{C396AB70-CD6F-41C1-AF19-64D6711BB06A}.Release|x64.ActiveCfg = Release|Any CPU
		{C396AB70-CD6F-41C1-AF19-64D6711BB06A}.Release|x64.Build.0 = Release|Any CPU
		{C396AB70-CD6F-41C1-AF19-64D6711BB06A}.Release|x86.ActiveCfg = Release|Any CPU
		{C396AB70-CD6F-41C1-AF19-64D6711BB06A}.Release|x86.Build.0 = Release|Any CPU
		{DA45A7B1-C765-44CB-89BC-2A65B6DCA771}.Debug|Any CPU.ActiveCfg = Debug|Any CPU
		{DA45A7B1-C765-44CB-89BC-2A65B6DCA771}.Debug|Any CPU.Build.0 = Debug|Any CPU
		{DA45A7B1-C765-44CB-89BC-2A65B6DCA771}.Debug|x64.ActiveCfg = Debug|Any CPU
		{DA45A7B1-C765-44CB-89BC-2A65B6DCA771}.Debug|x64.Build.0 = Debug|Any CPU
		{DA45A7B1-C765-44CB-89BC-2A65B6DCA771}.Debug|x86.ActiveCfg = Debug|Any CPU
		{DA45A7B1-C765-44CB-89BC-2A65B6DCA771}.Debug|x86.Build.0 = Debug|Any CPU
		{DA45A7B1-C765-44CB-89BC-2A65B6DCA771}.Release|Any CPU.ActiveCfg = Release|Any CPU
		{DA45A7B1-C765-44CB-89BC-2A65B6DCA771}.Release|Any CPU.Build.0 = Release|Any CPU
		{DA45A7B1-C765-44CB-89BC-2A65B6DCA771}.Release|x64.ActiveCfg = Release|Any CPU
		{DA45A7B1-C765-44CB-89BC-2A65B6DCA771}.Release|x64.Build.0 = Release|Any CPU
		{DA45A7B1-C765-44CB-89BC-2A65B6DCA771}.Release|x86.ActiveCfg = Release|Any CPU
		{DA45A7B1-C765-44CB-89BC-2A65B6DCA771}.Release|x86.Build.0 = Release|Any CPU
		{C22F8953-BD6D-46AD-A328-445B9A4B78B6}.Debug|Any CPU.ActiveCfg = Debug|Any CPU
		{C22F8953-BD6D-46AD-A328-445B9A4B78B6}.Debug|Any CPU.Build.0 = Debug|Any CPU
		{C22F8953-BD6D-46AD-A328-445B9A4B78B6}.Debug|x64.ActiveCfg = Debug|Any CPU
		{C22F8953-BD6D-46AD-A328-445B9A4B78B6}.Debug|x64.Build.0 = Debug|Any CPU
		{C22F8953-BD6D-46AD-A328-445B9A4B78B6}.Debug|x86.ActiveCfg = Debug|Any CPU
		{C22F8953-BD6D-46AD-A328-445B9A4B78B6}.Debug|x86.Build.0 = Debug|Any CPU
		{C22F8953-BD6D-46AD-A328-445B9A4B78B6}.Release|Any CPU.ActiveCfg = Release|Any CPU
		{C22F8953-BD6D-46AD-A328-445B9A4B78B6}.Release|Any CPU.Build.0 = Release|Any CPU
		{C22F8953-BD6D-46AD-A328-445B9A4B78B6}.Release|x64.ActiveCfg = Release|Any CPU
		{C22F8953-BD6D-46AD-A328-445B9A4B78B6}.Release|x64.Build.0 = Release|Any CPU
		{C22F8953-BD6D-46AD-A328-445B9A4B78B6}.Release|x86.ActiveCfg = Release|Any CPU
		{C22F8953-BD6D-46AD-A328-445B9A4B78B6}.Release|x86.Build.0 = Release|Any CPU
		{02863860-81B7-4AAC-ACC6-A4F94B0DE0BB}.Debug|Any CPU.ActiveCfg = Debug|Any CPU
		{02863860-81B7-4AAC-ACC6-A4F94B0DE0BB}.Debug|Any CPU.Build.0 = Debug|Any CPU
		{02863860-81B7-4AAC-ACC6-A4F94B0DE0BB}.Debug|x64.ActiveCfg = Debug|Any CPU
		{02863860-81B7-4AAC-ACC6-A4F94B0DE0BB}.Debug|x64.Build.0 = Debug|Any CPU
		{02863860-81B7-4AAC-ACC6-A4F94B0DE0BB}.Debug|x86.ActiveCfg = Debug|Any CPU
		{02863860-81B7-4AAC-ACC6-A4F94B0DE0BB}.Debug|x86.Build.0 = Debug|Any CPU
		{02863860-81B7-4AAC-ACC6-A4F94B0DE0BB}.Release|Any CPU.ActiveCfg = Release|Any CPU
		{02863860-81B7-4AAC-ACC6-A4F94B0DE0BB}.Release|Any CPU.Build.0 = Release|Any CPU
		{02863860-81B7-4AAC-ACC6-A4F94B0DE0BB}.Release|x64.ActiveCfg = Release|Any CPU
		{02863860-81B7-4AAC-ACC6-A4F94B0DE0BB}.Release|x64.Build.0 = Release|Any CPU
		{02863860-81B7-4AAC-ACC6-A4F94B0DE0BB}.Release|x86.ActiveCfg = Release|Any CPU
		{02863860-81B7-4AAC-ACC6-A4F94B0DE0BB}.Release|x86.Build.0 = Release|Any CPU
		{281BA0EA-98D6-48D0-BCD3-9E596D83C1CF}.Debug|Any CPU.ActiveCfg = Debug|Any CPU
		{281BA0EA-98D6-48D0-BCD3-9E596D83C1CF}.Debug|Any CPU.Build.0 = Debug|Any CPU
		{281BA0EA-98D6-48D0-BCD3-9E596D83C1CF}.Debug|x64.ActiveCfg = Debug|Any CPU
		{281BA0EA-98D6-48D0-BCD3-9E596D83C1CF}.Debug|x64.Build.0 = Debug|Any CPU
		{281BA0EA-98D6-48D0-BCD3-9E596D83C1CF}.Debug|x86.ActiveCfg = Debug|Any CPU
		{281BA0EA-98D6-48D0-BCD3-9E596D83C1CF}.Debug|x86.Build.0 = Debug|Any CPU
		{281BA0EA-98D6-48D0-BCD3-9E596D83C1CF}.Release|Any CPU.ActiveCfg = Release|Any CPU
		{281BA0EA-98D6-48D0-BCD3-9E596D83C1CF}.Release|Any CPU.Build.0 = Release|Any CPU
		{281BA0EA-98D6-48D0-BCD3-9E596D83C1CF}.Release|x64.ActiveCfg = Release|Any CPU
		{281BA0EA-98D6-48D0-BCD3-9E596D83C1CF}.Release|x64.Build.0 = Release|Any CPU
		{281BA0EA-98D6-48D0-BCD3-9E596D83C1CF}.Release|x86.ActiveCfg = Release|Any CPU
		{281BA0EA-98D6-48D0-BCD3-9E596D83C1CF}.Release|x86.Build.0 = Release|Any CPU
		{107986C3-E79C-4EE1-858A-35F7782CC526}.Debug|Any CPU.ActiveCfg = Debug|Any CPU
		{107986C3-E79C-4EE1-858A-35F7782CC526}.Debug|Any CPU.Build.0 = Debug|Any CPU
		{107986C3-E79C-4EE1-858A-35F7782CC526}.Debug|x64.ActiveCfg = Debug|Any CPU
		{107986C3-E79C-4EE1-858A-35F7782CC526}.Debug|x64.Build.0 = Debug|Any CPU
		{107986C3-E79C-4EE1-858A-35F7782CC526}.Debug|x86.ActiveCfg = Debug|Any CPU
		{107986C3-E79C-4EE1-858A-35F7782CC526}.Debug|x86.Build.0 = Debug|Any CPU
		{107986C3-E79C-4EE1-858A-35F7782CC526}.Release|Any CPU.ActiveCfg = Release|Any CPU
		{107986C3-E79C-4EE1-858A-35F7782CC526}.Release|Any CPU.Build.0 = Release|Any CPU
		{107986C3-E79C-4EE1-858A-35F7782CC526}.Release|x64.ActiveCfg = Release|Any CPU
		{107986C3-E79C-4EE1-858A-35F7782CC526}.Release|x64.Build.0 = Release|Any CPU
		{107986C3-E79C-4EE1-858A-35F7782CC526}.Release|x86.ActiveCfg = Release|Any CPU
		{107986C3-E79C-4EE1-858A-35F7782CC526}.Release|x86.Build.0 = Release|Any CPU
		{92044C9A-1C88-4E01-A9BF-AF16F984424F}.Debug|Any CPU.ActiveCfg = Debug|Any CPU
		{92044C9A-1C88-4E01-A9BF-AF16F984424F}.Debug|Any CPU.Build.0 = Debug|Any CPU
		{92044C9A-1C88-4E01-A9BF-AF16F984424F}.Debug|x64.ActiveCfg = Debug|Any CPU
		{92044C9A-1C88-4E01-A9BF-AF16F984424F}.Debug|x64.Build.0 = Debug|Any CPU
		{92044C9A-1C88-4E01-A9BF-AF16F984424F}.Debug|x86.ActiveCfg = Debug|Any CPU
		{92044C9A-1C88-4E01-A9BF-AF16F984424F}.Debug|x86.Build.0 = Debug|Any CPU
		{92044C9A-1C88-4E01-A9BF-AF16F984424F}.Release|Any CPU.ActiveCfg = Release|Any CPU
		{92044C9A-1C88-4E01-A9BF-AF16F984424F}.Release|Any CPU.Build.0 = Release|Any CPU
		{92044C9A-1C88-4E01-A9BF-AF16F984424F}.Release|x64.ActiveCfg = Release|Any CPU
		{92044C9A-1C88-4E01-A9BF-AF16F984424F}.Release|x64.Build.0 = Release|Any CPU
		{92044C9A-1C88-4E01-A9BF-AF16F984424F}.Release|x86.ActiveCfg = Release|Any CPU
		{92044C9A-1C88-4E01-A9BF-AF16F984424F}.Release|x86.Build.0 = Release|Any CPU
		{0604B812-4289-4112-A52C-EC9B38C39621}.Debug|Any CPU.ActiveCfg = Debug|Any CPU
		{0604B812-4289-4112-A52C-EC9B38C39621}.Debug|Any CPU.Build.0 = Debug|Any CPU
		{0604B812-4289-4112-A52C-EC9B38C39621}.Debug|x64.ActiveCfg = Debug|Any CPU
		{0604B812-4289-4112-A52C-EC9B38C39621}.Debug|x64.Build.0 = Debug|Any CPU
		{0604B812-4289-4112-A52C-EC9B38C39621}.Debug|x86.ActiveCfg = Debug|Any CPU
		{0604B812-4289-4112-A52C-EC9B38C39621}.Debug|x86.Build.0 = Debug|Any CPU
		{0604B812-4289-4112-A52C-EC9B38C39621}.Release|Any CPU.ActiveCfg = Release|Any CPU
		{0604B812-4289-4112-A52C-EC9B38C39621}.Release|Any CPU.Build.0 = Release|Any CPU
		{0604B812-4289-4112-A52C-EC9B38C39621}.Release|x64.ActiveCfg = Release|Any CPU
		{0604B812-4289-4112-A52C-EC9B38C39621}.Release|x64.Build.0 = Release|Any CPU
		{0604B812-4289-4112-A52C-EC9B38C39621}.Release|x86.ActiveCfg = Release|Any CPU
		{0604B812-4289-4112-A52C-EC9B38C39621}.Release|x86.Build.0 = Release|Any CPU
		{AC6D6337-307C-48E6-AFD2-01A560ABE676}.Debug|Any CPU.ActiveCfg = Debug|Any CPU
		{AC6D6337-307C-48E6-AFD2-01A560ABE676}.Debug|Any CPU.Build.0 = Debug|Any CPU
		{AC6D6337-307C-48E6-AFD2-01A560ABE676}.Debug|x64.ActiveCfg = Debug|Any CPU
		{AC6D6337-307C-48E6-AFD2-01A560ABE676}.Debug|x64.Build.0 = Debug|Any CPU
		{AC6D6337-307C-48E6-AFD2-01A560ABE676}.Debug|x86.ActiveCfg = Debug|Any CPU
		{AC6D6337-307C-48E6-AFD2-01A560ABE676}.Debug|x86.Build.0 = Debug|Any CPU
		{AC6D6337-307C-48E6-AFD2-01A560ABE676}.Release|Any CPU.ActiveCfg = Release|Any CPU
		{AC6D6337-307C-48E6-AFD2-01A560ABE676}.Release|Any CPU.Build.0 = Release|Any CPU
		{AC6D6337-307C-48E6-AFD2-01A560ABE676}.Release|x64.ActiveCfg = Release|Any CPU
		{AC6D6337-307C-48E6-AFD2-01A560ABE676}.Release|x64.Build.0 = Release|Any CPU
		{AC6D6337-307C-48E6-AFD2-01A560ABE676}.Release|x86.ActiveCfg = Release|Any CPU
		{AC6D6337-307C-48E6-AFD2-01A560ABE676}.Release|x86.Build.0 = Release|Any CPU
		{317A52A3-F172-4477-84A0-2B3E5159ED42}.Debug|Any CPU.ActiveCfg = Debug|Any CPU
		{317A52A3-F172-4477-84A0-2B3E5159ED42}.Debug|Any CPU.Build.0 = Debug|Any CPU
		{317A52A3-F172-4477-84A0-2B3E5159ED42}.Debug|x64.ActiveCfg = Debug|Any CPU
		{317A52A3-F172-4477-84A0-2B3E5159ED42}.Debug|x64.Build.0 = Debug|Any CPU
		{317A52A3-F172-4477-84A0-2B3E5159ED42}.Debug|x86.ActiveCfg = Debug|Any CPU
		{317A52A3-F172-4477-84A0-2B3E5159ED42}.Debug|x86.Build.0 = Debug|Any CPU
		{317A52A3-F172-4477-84A0-2B3E5159ED42}.Release|Any CPU.ActiveCfg = Release|Any CPU
		{317A52A3-F172-4477-84A0-2B3E5159ED42}.Release|Any CPU.Build.0 = Release|Any CPU
		{317A52A3-F172-4477-84A0-2B3E5159ED42}.Release|x64.ActiveCfg = Release|Any CPU
		{317A52A3-F172-4477-84A0-2B3E5159ED42}.Release|x64.Build.0 = Release|Any CPU
		{317A52A3-F172-4477-84A0-2B3E5159ED42}.Release|x86.ActiveCfg = Release|Any CPU
		{317A52A3-F172-4477-84A0-2B3E5159ED42}.Release|x86.Build.0 = Release|Any CPU
		{1AF0F2EF-FBB6-4DA6-9649-DFBDA55A1F9A}.Debug|Any CPU.ActiveCfg = Debug|Any CPU
		{1AF0F2EF-FBB6-4DA6-9649-DFBDA55A1F9A}.Debug|Any CPU.Build.0 = Debug|Any CPU
		{1AF0F2EF-FBB6-4DA6-9649-DFBDA55A1F9A}.Debug|x64.ActiveCfg = Debug|Any CPU
		{1AF0F2EF-FBB6-4DA6-9649-DFBDA55A1F9A}.Debug|x64.Build.0 = Debug|Any CPU
		{1AF0F2EF-FBB6-4DA6-9649-DFBDA55A1F9A}.Debug|x86.ActiveCfg = Debug|Any CPU
		{1AF0F2EF-FBB6-4DA6-9649-DFBDA55A1F9A}.Debug|x86.Build.0 = Debug|Any CPU
		{1AF0F2EF-FBB6-4DA6-9649-DFBDA55A1F9A}.Release|Any CPU.ActiveCfg = Release|Any CPU
		{1AF0F2EF-FBB6-4DA6-9649-DFBDA55A1F9A}.Release|Any CPU.Build.0 = Release|Any CPU
		{1AF0F2EF-FBB6-4DA6-9649-DFBDA55A1F9A}.Release|x64.ActiveCfg = Release|Any CPU
		{1AF0F2EF-FBB6-4DA6-9649-DFBDA55A1F9A}.Release|x64.Build.0 = Release|Any CPU
		{1AF0F2EF-FBB6-4DA6-9649-DFBDA55A1F9A}.Release|x86.ActiveCfg = Release|Any CPU
		{1AF0F2EF-FBB6-4DA6-9649-DFBDA55A1F9A}.Release|x86.Build.0 = Release|Any CPU
		{6F138C57-37C1-4CDA-A664-CB5F23D23EC3}.Debug|Any CPU.ActiveCfg = Debug|Any CPU
		{6F138C57-37C1-4CDA-A664-CB5F23D23EC3}.Debug|Any CPU.Build.0 = Debug|Any CPU
		{6F138C57-37C1-4CDA-A664-CB5F23D23EC3}.Debug|x64.ActiveCfg = Debug|Any CPU
		{6F138C57-37C1-4CDA-A664-CB5F23D23EC3}.Debug|x64.Build.0 = Debug|Any CPU
		{6F138C57-37C1-4CDA-A664-CB5F23D23EC3}.Debug|x86.ActiveCfg = Debug|Any CPU
		{6F138C57-37C1-4CDA-A664-CB5F23D23EC3}.Debug|x86.Build.0 = Debug|Any CPU
		{6F138C57-37C1-4CDA-A664-CB5F23D23EC3}.Release|Any CPU.ActiveCfg = Release|Any CPU
		{6F138C57-37C1-4CDA-A664-CB5F23D23EC3}.Release|Any CPU.Build.0 = Release|Any CPU
		{6F138C57-37C1-4CDA-A664-CB5F23D23EC3}.Release|x64.ActiveCfg = Release|Any CPU
		{6F138C57-37C1-4CDA-A664-CB5F23D23EC3}.Release|x64.Build.0 = Release|Any CPU
		{6F138C57-37C1-4CDA-A664-CB5F23D23EC3}.Release|x86.ActiveCfg = Release|Any CPU
		{6F138C57-37C1-4CDA-A664-CB5F23D23EC3}.Release|x86.Build.0 = Release|Any CPU
		{10BA6845-821A-43D7-9353-E3F48694A942}.Debug|Any CPU.ActiveCfg = Debug|Any CPU
		{10BA6845-821A-43D7-9353-E3F48694A942}.Debug|Any CPU.Build.0 = Debug|Any CPU
		{10BA6845-821A-43D7-9353-E3F48694A942}.Debug|x64.ActiveCfg = Debug|Any CPU
		{10BA6845-821A-43D7-9353-E3F48694A942}.Debug|x64.Build.0 = Debug|Any CPU
		{10BA6845-821A-43D7-9353-E3F48694A942}.Debug|x86.ActiveCfg = Debug|Any CPU
		{10BA6845-821A-43D7-9353-E3F48694A942}.Debug|x86.Build.0 = Debug|Any CPU
		{10BA6845-821A-43D7-9353-E3F48694A942}.Release|Any CPU.ActiveCfg = Release|Any CPU
		{10BA6845-821A-43D7-9353-E3F48694A942}.Release|Any CPU.Build.0 = Release|Any CPU
		{10BA6845-821A-43D7-9353-E3F48694A942}.Release|x64.ActiveCfg = Release|Any CPU
		{10BA6845-821A-43D7-9353-E3F48694A942}.Release|x64.Build.0 = Release|Any CPU
		{10BA6845-821A-43D7-9353-E3F48694A942}.Release|x86.ActiveCfg = Release|Any CPU
		{10BA6845-821A-43D7-9353-E3F48694A942}.Release|x86.Build.0 = Release|Any CPU
		{090B1C31-A8F1-4F26-8F94-546617C53747}.Debug|Any CPU.ActiveCfg = Debug|Any CPU
		{090B1C31-A8F1-4F26-8F94-546617C53747}.Debug|Any CPU.Build.0 = Debug|Any CPU
		{090B1C31-A8F1-4F26-8F94-546617C53747}.Debug|x64.ActiveCfg = Debug|Any CPU
		{090B1C31-A8F1-4F26-8F94-546617C53747}.Debug|x64.Build.0 = Debug|Any CPU
		{090B1C31-A8F1-4F26-8F94-546617C53747}.Debug|x86.ActiveCfg = Debug|Any CPU
		{090B1C31-A8F1-4F26-8F94-546617C53747}.Debug|x86.Build.0 = Debug|Any CPU
		{090B1C31-A8F1-4F26-8F94-546617C53747}.Release|Any CPU.ActiveCfg = Release|Any CPU
		{090B1C31-A8F1-4F26-8F94-546617C53747}.Release|Any CPU.Build.0 = Release|Any CPU
		{090B1C31-A8F1-4F26-8F94-546617C53747}.Release|x64.ActiveCfg = Release|Any CPU
		{090B1C31-A8F1-4F26-8F94-546617C53747}.Release|x64.Build.0 = Release|Any CPU
		{090B1C31-A8F1-4F26-8F94-546617C53747}.Release|x86.ActiveCfg = Release|Any CPU
		{090B1C31-A8F1-4F26-8F94-546617C53747}.Release|x86.Build.0 = Release|Any CPU
		{B4F942F9-1955-4130-8AA2-D64C67683F54}.Debug|Any CPU.ActiveCfg = Debug|Any CPU
		{B4F942F9-1955-4130-8AA2-D64C67683F54}.Debug|Any CPU.Build.0 = Debug|Any CPU
		{B4F942F9-1955-4130-8AA2-D64C67683F54}.Debug|x64.ActiveCfg = Debug|Any CPU
		{B4F942F9-1955-4130-8AA2-D64C67683F54}.Debug|x64.Build.0 = Debug|Any CPU
		{B4F942F9-1955-4130-8AA2-D64C67683F54}.Debug|x86.ActiveCfg = Debug|Any CPU
		{B4F942F9-1955-4130-8AA2-D64C67683F54}.Debug|x86.Build.0 = Debug|Any CPU
		{B4F942F9-1955-4130-8AA2-D64C67683F54}.Release|Any CPU.ActiveCfg = Release|Any CPU
		{B4F942F9-1955-4130-8AA2-D64C67683F54}.Release|Any CPU.Build.0 = Release|Any CPU
		{B4F942F9-1955-4130-8AA2-D64C67683F54}.Release|x64.ActiveCfg = Release|Any CPU
		{B4F942F9-1955-4130-8AA2-D64C67683F54}.Release|x64.Build.0 = Release|Any CPU
		{B4F942F9-1955-4130-8AA2-D64C67683F54}.Release|x86.ActiveCfg = Release|Any CPU
		{B4F942F9-1955-4130-8AA2-D64C67683F54}.Release|x86.Build.0 = Release|Any CPU
		{FE4DD027-9771-4E55-BAEE-A321196F8CC9}.Debug|Any CPU.ActiveCfg = Debug|Any CPU
		{FE4DD027-9771-4E55-BAEE-A321196F8CC9}.Debug|Any CPU.Build.0 = Debug|Any CPU
		{FE4DD027-9771-4E55-BAEE-A321196F8CC9}.Debug|x64.ActiveCfg = Debug|Any CPU
		{FE4DD027-9771-4E55-BAEE-A321196F8CC9}.Debug|x64.Build.0 = Debug|Any CPU
		{FE4DD027-9771-4E55-BAEE-A321196F8CC9}.Debug|x86.ActiveCfg = Debug|Any CPU
		{FE4DD027-9771-4E55-BAEE-A321196F8CC9}.Debug|x86.Build.0 = Debug|Any CPU
		{FE4DD027-9771-4E55-BAEE-A321196F8CC9}.Release|Any CPU.ActiveCfg = Release|Any CPU
		{FE4DD027-9771-4E55-BAEE-A321196F8CC9}.Release|Any CPU.Build.0 = Release|Any CPU
		{FE4DD027-9771-4E55-BAEE-A321196F8CC9}.Release|x64.ActiveCfg = Release|Any CPU
		{FE4DD027-9771-4E55-BAEE-A321196F8CC9}.Release|x64.Build.0 = Release|Any CPU
		{FE4DD027-9771-4E55-BAEE-A321196F8CC9}.Release|x86.ActiveCfg = Release|Any CPU
		{FE4DD027-9771-4E55-BAEE-A321196F8CC9}.Release|x86.Build.0 = Release|Any CPU
		{8B30C457-3CE7-44AD-B80D-ED205014231E}.Debug|Any CPU.ActiveCfg = Debug|Any CPU
		{8B30C457-3CE7-44AD-B80D-ED205014231E}.Debug|Any CPU.Build.0 = Debug|Any CPU
		{8B30C457-3CE7-44AD-B80D-ED205014231E}.Debug|x64.ActiveCfg = Debug|Any CPU
		{8B30C457-3CE7-44AD-B80D-ED205014231E}.Debug|x64.Build.0 = Debug|Any CPU
		{8B30C457-3CE7-44AD-B80D-ED205014231E}.Debug|x86.ActiveCfg = Debug|Any CPU
		{8B30C457-3CE7-44AD-B80D-ED205014231E}.Debug|x86.Build.0 = Debug|Any CPU
		{8B30C457-3CE7-44AD-B80D-ED205014231E}.Release|Any CPU.ActiveCfg = Release|Any CPU
		{8B30C457-3CE7-44AD-B80D-ED205014231E}.Release|Any CPU.Build.0 = Release|Any CPU
		{8B30C457-3CE7-44AD-B80D-ED205014231E}.Release|x64.ActiveCfg = Release|Any CPU
		{8B30C457-3CE7-44AD-B80D-ED205014231E}.Release|x64.Build.0 = Release|Any CPU
		{8B30C457-3CE7-44AD-B80D-ED205014231E}.Release|x86.ActiveCfg = Release|Any CPU
		{8B30C457-3CE7-44AD-B80D-ED205014231E}.Release|x86.Build.0 = Release|Any CPU
		{3321D806-3A3A-4CB0-8A53-1745C6A1E4A1}.Debug|Any CPU.ActiveCfg = Debug|Any CPU
		{3321D806-3A3A-4CB0-8A53-1745C6A1E4A1}.Debug|Any CPU.Build.0 = Debug|Any CPU
		{3321D806-3A3A-4CB0-8A53-1745C6A1E4A1}.Debug|x64.ActiveCfg = Debug|Any CPU
		{3321D806-3A3A-4CB0-8A53-1745C6A1E4A1}.Debug|x64.Build.0 = Debug|Any CPU
		{3321D806-3A3A-4CB0-8A53-1745C6A1E4A1}.Debug|x86.ActiveCfg = Debug|Any CPU
		{3321D806-3A3A-4CB0-8A53-1745C6A1E4A1}.Debug|x86.Build.0 = Debug|Any CPU
		{3321D806-3A3A-4CB0-8A53-1745C6A1E4A1}.Release|Any CPU.ActiveCfg = Release|Any CPU
		{3321D806-3A3A-4CB0-8A53-1745C6A1E4A1}.Release|Any CPU.Build.0 = Release|Any CPU
		{3321D806-3A3A-4CB0-8A53-1745C6A1E4A1}.Release|x64.ActiveCfg = Release|Any CPU
		{3321D806-3A3A-4CB0-8A53-1745C6A1E4A1}.Release|x64.Build.0 = Release|Any CPU
		{3321D806-3A3A-4CB0-8A53-1745C6A1E4A1}.Release|x86.ActiveCfg = Release|Any CPU
		{3321D806-3A3A-4CB0-8A53-1745C6A1E4A1}.Release|x86.Build.0 = Release|Any CPU
		{539E5FD1-D837-45B4-BEAB-2EB9CAF7C12F}.Debug|Any CPU.ActiveCfg = Debug|Any CPU
		{539E5FD1-D837-45B4-BEAB-2EB9CAF7C12F}.Debug|Any CPU.Build.0 = Debug|Any CPU
		{539E5FD1-D837-45B4-BEAB-2EB9CAF7C12F}.Debug|x64.ActiveCfg = Debug|Any CPU
		{539E5FD1-D837-45B4-BEAB-2EB9CAF7C12F}.Debug|x64.Build.0 = Debug|Any CPU
		{539E5FD1-D837-45B4-BEAB-2EB9CAF7C12F}.Debug|x86.ActiveCfg = Debug|Any CPU
		{539E5FD1-D837-45B4-BEAB-2EB9CAF7C12F}.Debug|x86.Build.0 = Debug|Any CPU
		{539E5FD1-D837-45B4-BEAB-2EB9CAF7C12F}.Release|Any CPU.ActiveCfg = Release|Any CPU
		{539E5FD1-D837-45B4-BEAB-2EB9CAF7C12F}.Release|Any CPU.Build.0 = Release|Any CPU
		{539E5FD1-D837-45B4-BEAB-2EB9CAF7C12F}.Release|x64.ActiveCfg = Release|Any CPU
		{539E5FD1-D837-45B4-BEAB-2EB9CAF7C12F}.Release|x64.Build.0 = Release|Any CPU
		{539E5FD1-D837-45B4-BEAB-2EB9CAF7C12F}.Release|x86.ActiveCfg = Release|Any CPU
		{539E5FD1-D837-45B4-BEAB-2EB9CAF7C12F}.Release|x86.Build.0 = Release|Any CPU
		{BE0241E2-DB2F-47AB-9056-E693C80DC41B}.Debug|Any CPU.ActiveCfg = Debug|Any CPU
		{BE0241E2-DB2F-47AB-9056-E693C80DC41B}.Debug|Any CPU.Build.0 = Debug|Any CPU
		{BE0241E2-DB2F-47AB-9056-E693C80DC41B}.Debug|x64.ActiveCfg = Debug|Any CPU
		{BE0241E2-DB2F-47AB-9056-E693C80DC41B}.Debug|x64.Build.0 = Debug|Any CPU
		{BE0241E2-DB2F-47AB-9056-E693C80DC41B}.Debug|x86.ActiveCfg = Debug|Any CPU
		{BE0241E2-DB2F-47AB-9056-E693C80DC41B}.Debug|x86.Build.0 = Debug|Any CPU
		{BE0241E2-DB2F-47AB-9056-E693C80DC41B}.Release|Any CPU.ActiveCfg = Release|Any CPU
		{BE0241E2-DB2F-47AB-9056-E693C80DC41B}.Release|Any CPU.Build.0 = Release|Any CPU
		{BE0241E2-DB2F-47AB-9056-E693C80DC41B}.Release|x64.ActiveCfg = Release|Any CPU
		{BE0241E2-DB2F-47AB-9056-E693C80DC41B}.Release|x64.Build.0 = Release|Any CPU
		{BE0241E2-DB2F-47AB-9056-E693C80DC41B}.Release|x86.ActiveCfg = Release|Any CPU
		{BE0241E2-DB2F-47AB-9056-E693C80DC41B}.Release|x86.Build.0 = Release|Any CPU
		{2285ACA0-FCB2-4547-B300-EC6FE24A5E41}.Debug|Any CPU.ActiveCfg = Debug|Any CPU
		{2285ACA0-FCB2-4547-B300-EC6FE24A5E41}.Debug|Any CPU.Build.0 = Debug|Any CPU
		{2285ACA0-FCB2-4547-B300-EC6FE24A5E41}.Debug|x64.ActiveCfg = Debug|Any CPU
		{2285ACA0-FCB2-4547-B300-EC6FE24A5E41}.Debug|x64.Build.0 = Debug|Any CPU
		{2285ACA0-FCB2-4547-B300-EC6FE24A5E41}.Debug|x86.ActiveCfg = Debug|Any CPU
		{2285ACA0-FCB2-4547-B300-EC6FE24A5E41}.Debug|x86.Build.0 = Debug|Any CPU
		{2285ACA0-FCB2-4547-B300-EC6FE24A5E41}.Release|Any CPU.ActiveCfg = Release|Any CPU
		{2285ACA0-FCB2-4547-B300-EC6FE24A5E41}.Release|Any CPU.Build.0 = Release|Any CPU
		{2285ACA0-FCB2-4547-B300-EC6FE24A5E41}.Release|x64.ActiveCfg = Release|Any CPU
		{2285ACA0-FCB2-4547-B300-EC6FE24A5E41}.Release|x64.Build.0 = Release|Any CPU
		{2285ACA0-FCB2-4547-B300-EC6FE24A5E41}.Release|x86.ActiveCfg = Release|Any CPU
		{2285ACA0-FCB2-4547-B300-EC6FE24A5E41}.Release|x86.Build.0 = Release|Any CPU
		{65BED113-8941-4666-96A2-2FD99E118132}.Debug|Any CPU.ActiveCfg = Debug|Any CPU
		{65BED113-8941-4666-96A2-2FD99E118132}.Debug|Any CPU.Build.0 = Debug|Any CPU
		{65BED113-8941-4666-96A2-2FD99E118132}.Debug|x64.ActiveCfg = Debug|Any CPU
		{65BED113-8941-4666-96A2-2FD99E118132}.Debug|x64.Build.0 = Debug|Any CPU
		{65BED113-8941-4666-96A2-2FD99E118132}.Debug|x86.ActiveCfg = Debug|Any CPU
		{65BED113-8941-4666-96A2-2FD99E118132}.Debug|x86.Build.0 = Debug|Any CPU
		{65BED113-8941-4666-96A2-2FD99E118132}.Release|Any CPU.ActiveCfg = Release|Any CPU
		{65BED113-8941-4666-96A2-2FD99E118132}.Release|Any CPU.Build.0 = Release|Any CPU
		{65BED113-8941-4666-96A2-2FD99E118132}.Release|x64.ActiveCfg = Release|Any CPU
		{65BED113-8941-4666-96A2-2FD99E118132}.Release|x64.Build.0 = Release|Any CPU
		{65BED113-8941-4666-96A2-2FD99E118132}.Release|x86.ActiveCfg = Release|Any CPU
		{65BED113-8941-4666-96A2-2FD99E118132}.Release|x86.Build.0 = Release|Any CPU
	EndGlobalSection
	GlobalSection(SolutionProperties) = preSolution
		HideSolutionNode = FALSE
	EndGlobalSection
	GlobalSection(NestedProjects) = preSolution
		{BFF2DF6E-AA54-47C7-211F-79ACCBB4577C} = {827E0CD3-B72D-47B6-A68D-7590B98EB39B}
		{C396AB70-CD6F-41C1-AF19-64D6711BB06A} = {BFF2DF6E-AA54-47C7-211F-79ACCBB4577C}
		{DA45A7B1-C765-44CB-89BC-2A65B6DCA771} = {BFF2DF6E-AA54-47C7-211F-79ACCBB4577C}
		{C22F8953-BD6D-46AD-A328-445B9A4B78B6} = {BFF2DF6E-AA54-47C7-211F-79ACCBB4577C}
		{F6C9D3DE-421F-A15D-2F9E-C02C82855313} = {827E0CD3-B72D-47B6-A68D-7590B98EB39B}
		{02863860-81B7-4AAC-ACC6-A4F94B0DE0BB} = {F6C9D3DE-421F-A15D-2F9E-C02C82855313}
		{281BA0EA-98D6-48D0-BCD3-9E596D83C1CF} = {F6C9D3DE-421F-A15D-2F9E-C02C82855313}
		{107986C3-E79C-4EE1-858A-35F7782CC526} = {F6C9D3DE-421F-A15D-2F9E-C02C82855313}
		{9A9F3310-E846-1371-C5FC-C8F2C6F9543A} = {827E0CD3-B72D-47B6-A68D-7590B98EB39B}
		{92044C9A-1C88-4E01-A9BF-AF16F984424F} = {9A9F3310-E846-1371-C5FC-C8F2C6F9543A}
		{0604B812-4289-4112-A52C-EC9B38C39621} = {9A9F3310-E846-1371-C5FC-C8F2C6F9543A}
		{AC6D6337-307C-48E6-AFD2-01A560ABE676} = {9A9F3310-E846-1371-C5FC-C8F2C6F9543A}
		{07E1E497-44F4-F9C8-077D-5C36FABD0E0A} = {827E0CD3-B72D-47B6-A68D-7590B98EB39B}
		{317A52A3-F172-4477-84A0-2B3E5159ED42} = {07E1E497-44F4-F9C8-077D-5C36FABD0E0A}
		{1AF0F2EF-FBB6-4DA6-9649-DFBDA55A1F9A} = {07E1E497-44F4-F9C8-077D-5C36FABD0E0A}
		{6F138C57-37C1-4CDA-A664-CB5F23D23EC3} = {07E1E497-44F4-F9C8-077D-5C36FABD0E0A}
		{88E97CC4-26BD-F884-3AD9-30ED7584ED83} = {827E0CD3-B72D-47B6-A68D-7590B98EB39B}
		{10BA6845-821A-43D7-9353-E3F48694A942} = {88E97CC4-26BD-F884-3AD9-30ED7584ED83}
		{090B1C31-A8F1-4F26-8F94-546617C53747} = {88E97CC4-26BD-F884-3AD9-30ED7584ED83}
		{B4F942F9-1955-4130-8AA2-D64C67683F54} = {88E97CC4-26BD-F884-3AD9-30ED7584ED83}
		{D17B643C-AB2F-2F09-1D1C-71DF492FB655} = {827E0CD3-B72D-47B6-A68D-7590B98EB39B}
		{FE4DD027-9771-4E55-BAEE-A321196F8CC9} = {D17B643C-AB2F-2F09-1D1C-71DF492FB655}
		{8B30C457-3CE7-44AD-B80D-ED205014231E} = {D17B643C-AB2F-2F09-1D1C-71DF492FB655}
		{3321D806-3A3A-4CB0-8A53-1745C6A1E4A1} = {D17B643C-AB2F-2F09-1D1C-71DF492FB655}
		{C0B7816A-335E-65FE-46E6-3B88E6E74A97} = {827E0CD3-B72D-47B6-A68D-7590B98EB39B}
		{539E5FD1-D837-45B4-BEAB-2EB9CAF7C12F} = {C0B7816A-335E-65FE-46E6-3B88E6E74A97}
		{BE0241E2-DB2F-47AB-9056-E693C80DC41B} = {C0B7816A-335E-65FE-46E6-3B88E6E74A97}
		{2285ACA0-FCB2-4547-B300-EC6FE24A5E41} = {C0B7816A-335E-65FE-46E6-3B88E6E74A97}
		{03997797-E7F5-0643-168D-B8EA7178C2FE} = {827E0CD3-B72D-47B6-A68D-7590B98EB39B}
		{65BED113-8941-4666-96A2-2FD99E118132} = {03997797-E7F5-0643-168D-B8EA7178C2FE}
	EndGlobalSection
EndGlobal
