
Microsoft Visual Studio Solution File, Format Version 12.00
# Visual Studio Version 17
VisualStudioVersion = 17.0.31903.59
MinimumVisualStudioVersion = 10.0.40219.1
Project("{2150E333-8FDC-42A3-9474-1A3956D46DE8}") = "src", "src", "{A1BB89F8-1346-4663-91DA-1F9FE38A32EE}"
EndProject
Project("{FAE04EC0-301F-11D3-BF4B-00C04F79EFBC}") = "Mamey.Microservice.Abstractions", "src\Mamey.Microservice.Abstractions\Mamey.Microservice.Abstractions.csproj", "{57F0D01D-BAAC-4295-A31C-C7F1FAEA2348}"
EndProject
Global
	GlobalSection(SolutionConfigurationPlatforms) = preSolution
		Debug|Any CPU = Debug|Any CPU
		Release|Any CPU = Release|Any CPU
	EndGlobalSection
	GlobalSection(SolutionProperties) = preSolution
		HideSolutionNode = FALSE
	EndGlobalSection
	GlobalSection(ProjectConfigurationPlatforms) = postSolution
		{57F0D01D-BAAC-4295-A31C-C7F1FAEA2348}.Debug|Any CPU.ActiveCfg = Debug|Any CPU
		{57F0D01D-BAAC-4295-A31C-C7F1FAEA2348}.Debug|Any CPU.Build.0 = Debug|Any CPU
		{57F0D01D-BAAC-4295-A31C-C7F1FAEA2348}.Release|Any CPU.ActiveCfg = Release|Any CPU
		{57F0D01D-BAAC-4295-A31C-C7F1FAEA2348}.Release|Any CPU.Build.0 = Release|Any CPU
	EndGlobalSection
	GlobalSection(NestedProjects) = preSolution
		{57F0D01D-BAAC-4295-A31C-C7F1FAEA2348} = {A1BB89F8-1346-4663-91DA-1F9FE38A32EE}
	EndGlobalSection
EndGlobal
