
Microsoft Visual Studio Solution File, Format Version 12.00
# Visual Studio Version 17
VisualStudioVersion = 17.0.31903.59
MinimumVisualStudioVersion = 10.0.40219.1
Project("{2150E333-8FDC-42A3-9474-1A3956D46DE8}") = "src", "src", "{381F4448-2939-415B-96E9-356C8D4537C8}"
EndProject
Project("{FAE04EC0-301F-11D3-BF4B-00C04F79EFBC}") = "Mamey.ISO.Abstractions", "src\Mamey.ISO.Abstractions\Mamey.ISO.Abstractions.csproj", "{21D1EB58-C889-4CC7-8573-FCA730E8172B}"
EndProject
Global
	GlobalSection(SolutionConfigurationPlatforms) = preSolution
		Debug|Any CPU = Debug|Any CPU
		Release|Any CPU = Release|Any CPU
	EndGlobalSection
	GlobalSection(SolutionProperties) = preSolution
		HideSolutionNode = FALSE
	EndGlobalSection
	GlobalSection(ProjectConfigurationPlatforms) = postSolution
		{21D1EB58-C889-4CC7-8573-FCA730E8172B}.Debug|Any CPU.ActiveCfg = Debug|Any CPU
		{21D1EB58-C889-4CC7-8573-FCA730E8172B}.Debug|Any CPU.Build.0 = Debug|Any CPU
		{21D1EB58-C889-4CC7-8573-FCA730E8172B}.Release|Any CPU.ActiveCfg = Release|Any CPU
		{21D1EB58-C889-4CC7-8573-FCA730E8172B}.Release|Any CPU.Build.0 = Release|Any CPU
	EndGlobalSection
	GlobalSection(NestedProjects) = preSolution
		{21D1EB58-C889-4CC7-8573-FCA730E8172B} = {381F4448-2939-415B-96E9-356C8D4537C8}
	EndGlobalSection
EndGlobal
