
Microsoft Visual Studio Solution File, Format Version 12.00
# Visual Studio Version 17
VisualStudioVersion = 17.0.31903.59
MinimumVisualStudioVersion = 10.0.40219.1
Project("{2150E333-8FDC-42A3-9474-1A3956D46DE8}") = "src", "src", "{FFFF5DC8-22C0-4852-A710-23115AB18064}"
EndProject
Project("{FAE04EC0-301F-11D3-BF4B-00C04F79EFBC}") = "Mamey.MessageBrokers.Outbox.EntityFramework", "src\Mamey.MessageBrokers.Outbox.EntityFramework\Mamey.MessageBrokers.Outbox.EntityFramework.csproj", "{9790E4A5-6EBD-4EB1-A6C0-E036E1AE9EA8}"
EndProject
Global
	GlobalSection(SolutionConfigurationPlatforms) = preSolution
		Debug|Any CPU = Debug|Any CPU
		Release|Any CPU = Release|Any CPU
	EndGlobalSection
	GlobalSection(SolutionProperties) = preSolution
		HideSolutionNode = FALSE
	EndGlobalSection
	GlobalSection(ProjectConfigurationPlatforms) = postSolution
		{9790E4A5-6EBD-4EB1-A6C0-E036E1AE9EA8}.Debug|Any CPU.ActiveCfg = Debug|Any CPU
		{9790E4A5-6EBD-4EB1-A6C0-E036E1AE9EA8}.Debug|Any CPU.Build.0 = Debug|Any CPU
		{9790E4A5-6EBD-4EB1-A6C0-E036E1AE9EA8}.Release|Any CPU.ActiveCfg = Release|Any CPU
		{9790E4A5-6EBD-4EB1-A6C0-E036E1AE9EA8}.Release|Any CPU.Build.0 = Release|Any CPU
	EndGlobalSection
	GlobalSection(NestedProjects) = preSolution
		{9790E4A5-6EBD-4EB1-A6C0-E036E1AE9EA8} = {FFFF5DC8-22C0-4852-A710-23115AB18064}
	EndGlobalSection
EndGlobal
