
Microsoft Visual Studio Solution File, Format Version 12.00
# Visual Studio Version 17
VisualStudioVersion = 17.0.31903.59
MinimumVisualStudioVersion = 10.0.40219.1
Project("{2150E333-8FDC-42A3-9474-1A3956D46DE8}") = "src", "src", "{827E0CD3-B72D-47B6-A68D-7590B98EB39B}"
EndProject
Project("{FAE04EC0-301F-11D3-BF4B-00C04F79EFBC}") = "Mamey.FWID.Identities.Api", "src\Mamey.FWID.Identities.Api\Mamey.FWID.Identities.Api.csproj", "{FE8EDAC2-6F4F-4143-82FC-2FA229A1A1ED}"
EndProject
Project("{FAE04EC0-301F-11D3-BF4B-00C04F79EFBC}") = "Mamey.FWID.Identities.Application", "src\Mamey.FWID.Identities.Application\Mamey.FWID.Identities.Application.csproj", "{E55C303A-296D-43D2-8B59-9274017FDC2C}"
EndProject
Project("{FAE04EC0-301F-11D3-BF4B-00C04F79EFBC}") = "Mamey.FWID.Identities.Contracts", "src\Mamey.FWID.Identities.Contracts\Mamey.FWID.Identities.Contracts.csproj", "{02C31412-3393-4D23-85B0-7651FB459F07}"
EndProject
Project("{FAE04EC0-301F-11D3-BF4B-00C04F79EFBC}") = "Mamey.FWID.Identities.Domain", "src\Mamey.FWID.Identities.Domain\Mamey.FWID.Identities.Domain.csproj", "{E7B40FED-04AA-47F8-9B98-D30E29F91858}"
EndProject
Project("{FAE04EC0-301F-11D3-BF4B-00C04F79EFBC}") = "Mamey.FWID.Identities.Infrastructure", "src\Mamey.FWID.Identities.Infrastructure\Mamey.FWID.Identities.Infrastructure.csproj", "{2870D5F8-8B0F-4B89-A2FA-7E8CA5808E2F}"
EndProject
Project("{2150E333-8FDC-42A3-9474-1A3956D46DE8}") = "tests", "tests", "{0AB3BF05-4346-4AA6-1389-037BE0695223}"
EndProject
Project("{FAE04EC0-301F-11D3-BF4B-00C04F79EFBC}") = "Mamey.FWID.Identities.Tests.Unit", "tests\Mamey.FWID.Identities.Tests.Unit\Mamey.FWID.Identities.Tests.Unit.csproj", "{F899CDA0-30BB-48FC-A2BB-FA5B5A06F0C8}"
EndProject
Project("{FAE04EC0-301F-11D3-BF4B-00C04F79EFBC}") = "Mamey.FWID.Identities.Tests.Integration", "tests\Mamey.FWID.Identities.Tests.Integration\Mamey.FWID.Identities.Tests.Integration.csproj", "{ABD1DB00-9490-4508-BD74-9C691B325A27}"
EndProject
Project("{FAE04EC0-301F-11D3-BF4B-00C04F79EFBC}") = "Mamey.FWID.Identities.Tests.EndToEnd", "tests\Mamey.FWID.Identities.Tests.EndToEnd\Mamey.FWID.Identities.Tests.EndToEnd.csproj", "{42A164E2-DA9F-4D14-ADE2-73EC310F58AC}"
EndProject
Project("{FAE04EC0-301F-11D3-BF4B-00C04F79EFBC}") = "Mamey.FWID.Identities.Tests.Shared", "tests\Mamey.FWID.Identities.Tests.Shared\Mamey.FWID.Identities.Tests.Shared.csproj", "{5D850321-94B0-4C68-AD64-5950DE041280}"
EndProject
Project("{FAE04EC0-301F-11D3-BF4B-00C04F79EFBC}") = "Mamey.FWID.Identities.Tests.Performance", "tests\Mamey.FWID.Identities.Tests.Performance\Mamey.FWID.Identities.Tests.Performance.csproj", "{2596AC85-24F7-4C7B-A3B0-86F2FF08F1F3}"
EndProject
Global
	GlobalSection(SolutionConfigurationPlatforms) = preSolution
		Debug|Any CPU = Debug|Any CPU
		Debug|x64 = Debug|x64
		Debug|x86 = Debug|x86
		Release|Any CPU = Release|Any CPU
		Release|x64 = Release|x64
		Release|x86 = Release|x86
	EndGlobalSection
	GlobalSection(ProjectConfigurationPlatforms) = postSolution
		{FE8EDAC2-6F4F-4143-82FC-2FA229A1A1ED}.Debug|Any CPU.ActiveCfg = Debug|Any CPU
		{FE8EDAC2-6F4F-4143-82FC-2FA229A1A1ED}.Debug|Any CPU.Build.0 = Debug|Any CPU
		{FE8EDAC2-6F4F-4143-82FC-2FA229A1A1ED}.Debug|x64.ActiveCfg = Debug|Any CPU
		{FE8EDAC2-6F4F-4143-82FC-2FA229A1A1ED}.Debug|x64.Build.0 = Debug|Any CPU
		{FE8EDAC2-6F4F-4143-82FC-2FA229A1A1ED}.Debug|x86.ActiveCfg = Debug|Any CPU
		{FE8EDAC2-6F4F-4143-82FC-2FA229A1A1ED}.Debug|x86.Build.0 = Debug|Any CPU
		{FE8EDAC2-6F4F-4143-82FC-2FA229A1A1ED}.Release|Any CPU.ActiveCfg = Release|Any CPU
		{FE8EDAC2-6F4F-4143-82FC-2FA229A1A1ED}.Release|Any CPU.Build.0 = Release|Any CPU
		{FE8EDAC2-6F4F-4143-82FC-2FA229A1A1ED}.Release|x64.ActiveCfg = Release|Any CPU
		{FE8EDAC2-6F4F-4143-82FC-2FA229A1A1ED}.Release|x64.Build.0 = Release|Any CPU
		{FE8EDAC2-6F4F-4143-82FC-2FA229A1A1ED}.Release|x86.ActiveCfg = Release|Any CPU
		{FE8EDAC2-6F4F-4143-82FC-2FA229A1A1ED}.Release|x86.Build.0 = Release|Any CPU
		{E55C303A-296D-43D2-8B59-9274017FDC2C}.Debug|Any CPU.ActiveCfg = Debug|Any CPU
		{E55C303A-296D-43D2-8B59-9274017FDC2C}.Debug|Any CPU.Build.0 = Debug|Any CPU
		{E55C303A-296D-43D2-8B59-9274017FDC2C}.Debug|x64.ActiveCfg = Debug|Any CPU
		{E55C303A-296D-43D2-8B59-9274017FDC2C}.Debug|x64.Build.0 = Debug|Any CPU
		{E55C303A-296D-43D2-8B59-9274017FDC2C}.Debug|x86.ActiveCfg = Debug|Any CPU
		{E55C303A-296D-43D2-8B59-9274017FDC2C}.Debug|x86.Build.0 = Debug|Any CPU
		{E55C303A-296D-43D2-8B59-9274017FDC2C}.Release|Any CPU.ActiveCfg = Release|Any CPU
		{E55C303A-296D-43D2-8B59-9274017FDC2C}.Release|Any CPU.Build.0 = Release|Any CPU
		{E55C303A-296D-43D2-8B59-9274017FDC2C}.Release|x64.ActiveCfg = Release|Any CPU
		{E55C303A-296D-43D2-8B59-9274017FDC2C}.Release|x64.Build.0 = Release|Any CPU
		{E55C303A-296D-43D2-8B59-9274017FDC2C}.Release|x86.ActiveCfg = Release|Any CPU
		{E55C303A-296D-43D2-8B59-9274017FDC2C}.Release|x86.Build.0 = Release|Any CPU
		{02C31412-3393-4D23-85B0-7651FB459F07}.Debug|Any CPU.ActiveCfg = Debug|Any CPU
		{02C31412-3393-4D23-85B0-7651FB459F07}.Debug|Any CPU.Build.0 = Debug|Any CPU
		{02C31412-3393-4D23-85B0-7651FB459F07}.Debug|x64.ActiveCfg = Debug|Any CPU
		{02C31412-3393-4D23-85B0-7651FB459F07}.Debug|x64.Build.0 = Debug|Any CPU
		{02C31412-3393-4D23-85B0-7651FB459F07}.Debug|x86.ActiveCfg = Debug|Any CPU
		{02C31412-3393-4D23-85B0-7651FB459F07}.Debug|x86.Build.0 = Debug|Any CPU
		{02C31412-3393-4D23-85B0-7651FB459F07}.Release|Any CPU.ActiveCfg = Release|Any CPU
		{02C31412-3393-4D23-85B0-7651FB459F07}.Release|Any CPU.Build.0 = Release|Any CPU
		{02C31412-3393-4D23-85B0-7651FB459F07}.Release|x64.ActiveCfg = Release|Any CPU
		{02C31412-3393-4D23-85B0-7651FB459F07}.Release|x64.Build.0 = Release|Any CPU
		{02C31412-3393-4D23-85B0-7651FB459F07}.Release|x86.ActiveCfg = Release|Any CPU
		{02C31412-3393-4D23-85B0-7651FB459F07}.Release|x86.Build.0 = Release|Any CPU
		{E7B40FED-04AA-47F8-9B98-D30E29F91858}.Debug|Any CPU.ActiveCfg = Debug|Any CPU
		{E7B40FED-04AA-47F8-9B98-D30E29F91858}.Debug|Any CPU.Build.0 = Debug|Any CPU
		{E7B40FED-04AA-47F8-9B98-D30E29F91858}.Debug|x64.ActiveCfg = Debug|Any CPU
		{E7B40FED-04AA-47F8-9B98-D30E29F91858}.Debug|x64.Build.0 = Debug|Any CPU
		{E7B40FED-04AA-47F8-9B98-D30E29F91858}.Debug|x86.ActiveCfg = Debug|Any CPU
		{E7B40FED-04AA-47F8-9B98-D30E29F91858}.Debug|x86.Build.0 = Debug|Any CPU
		{E7B40FED-04AA-47F8-9B98-D30E29F91858}.Release|Any CPU.ActiveCfg = Release|Any CPU
		{E7B40FED-04AA-47F8-9B98-D30E29F91858}.Release|Any CPU.Build.0 = Release|Any CPU
		{E7B40FED-04AA-47F8-9B98-D30E29F91858}.Release|x64.ActiveCfg = Release|Any CPU
		{E7B40FED-04AA-47F8-9B98-D30E29F91858}.Release|x64.Build.0 = Release|Any CPU
		{E7B40FED-04AA-47F8-9B98-D30E29F91858}.Release|x86.ActiveCfg = Release|Any CPU
		{E7B40FED-04AA-47F8-9B98-D30E29F91858}.Release|x86.Build.0 = Release|Any CPU
		{2870D5F8-8B0F-4B89-A2FA-7E8CA5808E2F}.Debug|Any CPU.ActiveCfg = Debug|Any CPU
		{2870D5F8-8B0F-4B89-A2FA-7E8CA5808E2F}.Debug|Any CPU.Build.0 = Debug|Any CPU
		{2870D5F8-8B0F-4B89-A2FA-7E8CA5808E2F}.Debug|x64.ActiveCfg = Debug|Any CPU
		{2870D5F8-8B0F-4B89-A2FA-7E8CA5808E2F}.Debug|x64.Build.0 = Debug|Any CPU
		{2870D5F8-8B0F-4B89-A2FA-7E8CA5808E2F}.Debug|x86.ActiveCfg = Debug|Any CPU
		{2870D5F8-8B0F-4B89-A2FA-7E8CA5808E2F}.Debug|x86.Build.0 = Debug|Any CPU
		{2870D5F8-8B0F-4B89-A2FA-7E8CA5808E2F}.Release|Any CPU.ActiveCfg = Release|Any CPU
		{2870D5F8-8B0F-4B89-A2FA-7E8CA5808E2F}.Release|Any CPU.Build.0 = Release|Any CPU
		{2870D5F8-8B0F-4B89-A2FA-7E8CA5808E2F}.Release|x64.ActiveCfg = Release|Any CPU
		{2870D5F8-8B0F-4B89-A2FA-7E8CA5808E2F}.Release|x64.Build.0 = Release|Any CPU
		{2870D5F8-8B0F-4B89-A2FA-7E8CA5808E2F}.Release|x86.ActiveCfg = Release|Any CPU
		{2870D5F8-8B0F-4B89-A2FA-7E8CA5808E2F}.Release|x86.Build.0 = Release|Any CPU
		{F899CDA0-30BB-48FC-A2BB-FA5B5A06F0C8}.Debug|Any CPU.ActiveCfg = Debug|Any CPU
		{F899CDA0-30BB-48FC-A2BB-FA5B5A06F0C8}.Debug|Any CPU.Build.0 = Debug|Any CPU
		{F899CDA0-30BB-48FC-A2BB-FA5B5A06F0C8}.Debug|x64.ActiveCfg = Debug|Any CPU
		{F899CDA0-30BB-48FC-A2BB-FA5B5A06F0C8}.Debug|x64.Build.0 = Debug|Any CPU
		{F899CDA0-30BB-48FC-A2BB-FA5B5A06F0C8}.Debug|x86.ActiveCfg = Debug|Any CPU
		{F899CDA0-30BB-48FC-A2BB-FA5B5A06F0C8}.Debug|x86.Build.0 = Debug|Any CPU
		{F899CDA0-30BB-48FC-A2BB-FA5B5A06F0C8}.Release|Any CPU.ActiveCfg = Release|Any CPU
		{F899CDA0-30BB-48FC-A2BB-FA5B5A06F0C8}.Release|Any CPU.Build.0 = Release|Any CPU
		{F899CDA0-30BB-48FC-A2BB-FA5B5A06F0C8}.Release|x64.ActiveCfg = Release|Any CPU
		{F899CDA0-30BB-48FC-A2BB-FA5B5A06F0C8}.Release|x64.Build.0 = Release|Any CPU
		{F899CDA0-30BB-48FC-A2BB-FA5B5A06F0C8}.Release|x86.ActiveCfg = Release|Any CPU
		{F899CDA0-30BB-48FC-A2BB-FA5B5A06F0C8}.Release|x86.Build.0 = Release|Any CPU
		{ABD1DB00-9490-4508-BD74-9C691B325A27}.Debug|Any CPU.ActiveCfg = Debug|Any CPU
		{ABD1DB00-9490-4508-BD74-9C691B325A27}.Debug|Any CPU.Build.0 = Debug|Any CPU
		{ABD1DB00-9490-4508-BD74-9C691B325A27}.Debug|x64.ActiveCfg = Debug|Any CPU
		{ABD1DB00-9490-4508-BD74-9C691B325A27}.Debug|x64.Build.0 = Debug|Any CPU
		{ABD1DB00-9490-4508-BD74-9C691B325A27}.Debug|x86.ActiveCfg = Debug|Any CPU
		{ABD1DB00-9490-4508-BD74-9C691B325A27}.Debug|x86.Build.0 = Debug|Any CPU
		{ABD1DB00-9490-4508-BD74-9C691B325A27}.Release|Any CPU.ActiveCfg = Release|Any CPU
		{ABD1DB00-9490-4508-BD74-9C691B325A27}.Release|Any CPU.Build.0 = Release|Any CPU
		{ABD1DB00-9490-4508-BD74-9C691B325A27}.Release|x64.ActiveCfg = Release|Any CPU
		{ABD1DB00-9490-4508-BD74-9C691B325A27}.Release|x64.Build.0 = Release|Any CPU
		{ABD1DB00-9490-4508-BD74-9C691B325A27}.Release|x86.ActiveCfg = Release|Any CPU
		{ABD1DB00-9490-4508-BD74-9C691B325A27}.Release|x86.Build.0 = Release|Any CPU
		{42A164E2-DA9F-4D14-ADE2-73EC310F58AC}.Debug|Any CPU.ActiveCfg = Debug|Any CPU
		{42A164E2-DA9F-4D14-ADE2-73EC310F58AC}.Debug|Any CPU.Build.0 = Debug|Any CPU
		{42A164E2-DA9F-4D14-ADE2-73EC310F58AC}.Debug|x64.ActiveCfg = Debug|Any CPU
		{42A164E2-DA9F-4D14-ADE2-73EC310F58AC}.Debug|x64.Build.0 = Debug|Any CPU
		{42A164E2-DA9F-4D14-ADE2-73EC310F58AC}.Debug|x86.ActiveCfg = Debug|Any CPU
		{42A164E2-DA9F-4D14-ADE2-73EC310F58AC}.Debug|x86.Build.0 = Debug|Any CPU
		{42A164E2-DA9F-4D14-ADE2-73EC310F58AC}.Release|Any CPU.ActiveCfg = Release|Any CPU
		{42A164E2-DA9F-4D14-ADE2-73EC310F58AC}.Release|Any CPU.Build.0 = Release|Any CPU
		{42A164E2-DA9F-4D14-ADE2-73EC310F58AC}.Release|x64.ActiveCfg = Release|Any CPU
		{42A164E2-DA9F-4D14-ADE2-73EC310F58AC}.Release|x64.Build.0 = Release|Any CPU
		{42A164E2-DA9F-4D14-ADE2-73EC310F58AC}.Release|x86.ActiveCfg = Release|Any CPU
		{42A164E2-DA9F-4D14-ADE2-73EC310F58AC}.Release|x86.Build.0 = Release|Any CPU
		{5D850321-94B0-4C68-AD64-5950DE041280}.Debug|Any CPU.ActiveCfg = Debug|Any CPU
		{5D850321-94B0-4C68-AD64-5950DE041280}.Debug|Any CPU.Build.0 = Debug|Any CPU
		{5D850321-94B0-4C68-AD64-5950DE041280}.Debug|x64.ActiveCfg = Debug|Any CPU
		{5D850321-94B0-4C68-AD64-5950DE041280}.Debug|x64.Build.0 = Debug|Any CPU
		{5D850321-94B0-4C68-AD64-5950DE041280}.Debug|x86.ActiveCfg = Debug|Any CPU
		{5D850321-94B0-4C68-AD64-5950DE041280}.Debug|x86.Build.0 = Debug|Any CPU
		{5D850321-94B0-4C68-AD64-5950DE041280}.Release|Any CPU.ActiveCfg = Release|Any CPU
		{5D850321-94B0-4C68-AD64-5950DE041280}.Release|Any CPU.Build.0 = Release|Any CPU
		{5D850321-94B0-4C68-AD64-5950DE041280}.Release|x64.ActiveCfg = Release|Any CPU
		{5D850321-94B0-4C68-AD64-5950DE041280}.Release|x64.Build.0 = Release|Any CPU
		{5D850321-94B0-4C68-AD64-5950DE041280}.Release|x86.ActiveCfg = Release|Any CPU
		{5D850321-94B0-4C68-AD64-5950DE041280}.Release|x86.Build.0 = Release|Any CPU
		{2596AC85-24F7-4C7B-A3B0-86F2FF08F1F3}.Debug|Any CPU.ActiveCfg = Debug|Any CPU
		{2596AC85-24F7-4C7B-A3B0-86F2FF08F1F3}.Debug|Any CPU.Build.0 = Debug|Any CPU
		{2596AC85-24F7-4C7B-A3B0-86F2FF08F1F3}.Debug|x64.ActiveCfg = Debug|Any CPU
		{2596AC85-24F7-4C7B-A3B0-86F2FF08F1F3}.Debug|x64.Build.0 = Debug|Any CPU
		{2596AC85-24F7-4C7B-A3B0-86F2FF08F1F3}.Debug|x86.ActiveCfg = Debug|Any CPU
		{2596AC85-24F7-4C7B-A3B0-86F2FF08F1F3}.Debug|x86.Build.0 = Debug|Any CPU
		{2596AC85-24F7-4C7B-A3B0-86F2FF08F1F3}.Release|Any CPU.ActiveCfg = Release|Any CPU
		{2596AC85-24F7-4C7B-A3B0-86F2FF08F1F3}.Release|Any CPU.Build.0 = Release|Any CPU
		{2596AC85-24F7-4C7B-A3B0-86F2FF08F1F3}.Release|x64.ActiveCfg = Release|Any CPU
		{2596AC85-24F7-4C7B-A3B0-86F2FF08F1F3}.Release|x64.Build.0 = Release|Any CPU
		{2596AC85-24F7-4C7B-A3B0-86F2FF08F1F3}.Release|x86.ActiveCfg = Release|Any CPU
		{2596AC85-24F7-4C7B-A3B0-86F2FF08F1F3}.Release|x86.Build.0 = Release|Any CPU
	EndGlobalSection
	GlobalSection(SolutionProperties) = preSolution
		HideSolutionNode = FALSE
	EndGlobalSection
	GlobalSection(NestedProjects) = preSolution
		{FE8EDAC2-6F4F-4143-82FC-2FA229A1A1ED} = {827E0CD3-B72D-47B6-A68D-7590B98EB39B}
		{E55C303A-296D-43D2-8B59-9274017FDC2C} = {827E0CD3-B72D-47B6-A68D-7590B98EB39B}
		{02C31412-3393-4D23-85B0-7651FB459F07} = {827E0CD3-B72D-47B6-A68D-7590B98EB39B}
		{E7B40FED-04AA-47F8-9B98-D30E29F91858} = {827E0CD3-B72D-47B6-A68D-7590B98EB39B}
		{2870D5F8-8B0F-4B89-A2FA-7E8CA5808E2F} = {827E0CD3-B72D-47B6-A68D-7590B98EB39B}
		{F899CDA0-30BB-48FC-A2BB-FA5B5A06F0C8} = {0AB3BF05-4346-4AA6-1389-037BE0695223}
		{ABD1DB00-9490-4508-BD74-9C691B325A27} = {0AB3BF05-4346-4AA6-1389-037BE0695223}
		{42A164E2-DA9F-4D14-ADE2-73EC310F58AC} = {0AB3BF05-4346-4AA6-1389-037BE0695223}
		{5D850321-94B0-4C68-AD64-5950DE041280} = {0AB3BF05-4346-4AA6-1389-037BE0695223}
		{2596AC85-24F7-4C7B-A3B0-86F2FF08F1F3} = {0AB3BF05-4346-4AA6-1389-037BE0695223}
	EndGlobalSection
EndGlobal
